Microsoft Visual Studio Solution File, Format Version 12.00
# Visual Studio Version 16
VisualStudioVersion = 16.0.28803.202
MinimumVisualStudioVersion = 10.0.40219.1
Project("{2150E333-8FDC-42A3-9474-1A3956D46DE8}") = "DotNetty", "DotNetty", "{19ACAE32-96B2-4A2B-95EB-4827D71700DF}"
EndProject
Project("{9A19103F-16F7-4668-BE54-9A1E7A4F7556}") = "DotNetty.Buffers", "..\DotNetty\src\DotNetty.Buffers\DotNetty.Buffers.csproj", "{5DE3C557-48BF-4CDB-9F47-474D343DD841}"
EndProject
Project("{9A19103F-16F7-4668-BE54-9A1E7A4F7556}") = "DotNetty.Transport", "..\DotNetty\src\DotNetty.Transport\DotNetty.Transport.csproj", "{8218C9EE-0A4A-432F-A12A-B54202F97B05}"
EndProject
Project("{9A19103F-16F7-4668-BE54-9A1E7A4F7556}") = "DotNetty.Common", "..\DotNetty\src\DotNetty.Common\DotNetty.Common.csproj", "{DE58FE41-5E99-44E5-86BC-FC9ED8761DAF}"
EndProject
Project("{2150E333-8FDC-42A3-9474-1A3956D46DE8}") = "Sen.Test", "Sen.Test", "{9983ED9C-23F0-4DC0-9595-5BEDF7093DCB}"
EndProject
Project("{9A19103F-16F7-4668-BE54-9A1E7A4F7556}") = "DotNetty.Handlers", "..\DotNetty\src\DotNetty.Handlers\DotNetty.Handlers.csproj", "{09628314-F44E-445E-9F0D-CBE33B736AC3}"
EndProject
Project("{9A19103F-16F7-4668-BE54-9A1E7A4F7556}") = "DotNetty.Codecs", "..\DotNetty\src\DotNetty.Codecs\DotNetty.Codecs.csproj", "{2ABD244E-EF8F-460D-9C30-39116499E6E4}"
EndProject
Project("{9A19103F-16F7-4668-BE54-9A1E7A4F7556}") = "Sen.Proxy", "Sen.Proxy\Sen.Proxy.csproj", "{C2B73CCE-E845-42C2-A5B2-82B5EB74913F}"
EndProject
Project("{9A19103F-16F7-4668-BE54-9A1E7A4F7556}") = "Sen.Js", "Sen.Js\Sen.Js.csproj", "{1D83A6C9-7091-4769-B942-FB0F34DBF9B0}"
EndProject
Project("{2150E333-8FDC-42A3-9474-1A3956D46DE8}") = "build", "build", "{F5B1CA65-5852-41C6-9D6F-184A3889237B}"
	ProjectSection(SolutionItems) = preProject
		..\DotNetty\build.cake = ..\DotNetty\build.cake
		..\DotNetty\build.ps1 = ..\DotNetty\build.ps1
		..\DotNetty\build.sh = ..\DotNetty\build.sh
	EndProjectSection
EndProject
Project("{2150E333-8FDC-42A3-9474-1A3956D46DE8}") = "examples", "examples", "{F716F1EF-81EF-4020-914A-5422A13A9E13}"
EndProject
Project("{2150E333-8FDC-42A3-9474-1A3956D46DE8}") = "shared", "shared", "{036F5A7D-2B05-4DE5-9AD8-45162E2F0645}"
	ProjectSection(SolutionItems) = preProject
		..\DotNetty\shared\dotnetty.com.pfx = ..\DotNetty\shared\dotnetty.com.pfx
	EndProjectSection
EndProject
Project("{2150E333-8FDC-42A3-9474-1A3956D46DE8}") = "src", "src", "{126EA539-4B28-4B07-8B5D-D1D7F794D189}"
EndProject
Project("{9A19103F-16F7-4668-BE54-9A1E7A4F7556}") = "DotNetty.Transport.Libuv", "..\DotNetty\src\DotNetty.Transport.Libuv\DotNetty.Transport.Libuv.csproj", "{9FE6A783-C20D-4097-9988-4178E2C4CE75}"
EndProject
Project("{9A19103F-16F7-4668-BE54-9A1E7A4F7556}") = "Sen.Server", "Sen.Server\Sen.Server.csproj", "{A90750AA-8433-4141-98B8-DBADAE85C5B0}"
EndProject
Project("{9A19103F-16F7-4668-BE54-9A1E7A4F7556}") = "Benchmarking", "Benchmarking\Benchmarking.csproj", "{9E0CB1E9-CDD9-4590-9C42-F8392C688F7A}"
EndProject
Project("{2150E333-8FDC-42A3-9474-1A3956D46DE8}") = "Orleans.Providers.MongoDB", "Orleans.Providers.MongoDB", "{537C8755-E360-4B07-8426-CB98A5213D8E}"
EndProject
Project("{9A19103F-16F7-4668-BE54-9A1E7A4F7556}") = "Sen.Utilities", "Sen.Utilities\Sen.Utilities.csproj", "{0F904B35-547B-43D4-B03B-A91AF5EF5A71}"
EndProject
Project("{9A19103F-16F7-4668-BE54-9A1E7A4F7556}") = "Trial", "Sen.Test\Trial\Trial.csproj", "{28132017-A9F1-4CBF-BA63-D15892343B9C}"
EndProject
Project("{9A19103F-16F7-4668-BE54-9A1E7A4F7556}") = "Sen.Utilities.Test", "Sen.Test\Sen.Utilities.Test\Sen.Utilities.Test.csproj", "{2F1B8929-D474-442D-B4D7-198E0DCED845}"
EndProject
Project("{9A19103F-16F7-4668-BE54-9A1E7A4F7556}") = "Sen.Grains", "Sen.Grains\Sen.Grains.csproj", "{B7819CFF-4E5B-4BEC-9609-D94AD00D4E2B}"
EndProject
Project("{9A19103F-16F7-4668-BE54-9A1E7A4F7556}") = "Sen.Interfaces", "Sen.Interfaces\Sen.Interfaces.csproj", "{02EA437A-7062-4AC8-A376-0E48985EE890}"
EndProject
Project("{9A19103F-16F7-4668-BE54-9A1E7A4F7556}") = "JsonDataGenerator", "JsonDataGenerator\JsonDataGenerator.csproj", "{F9F132E6-EBF4-4A05-9958-EF8EF3994D48}"
EndProject
Project("{9A19103F-16F7-4668-BE54-9A1E7A4F7556}") = "Demo.Interfaces", "Sen.Test\Demo.Interfaces\Demo.Interfaces.csproj", "{50848860-3835-4DF9-8293-8AE0B01E8FC1}"
EndProject
Project("{9A19103F-16F7-4668-BE54-9A1E7A4F7556}") = "Demo.Grains", "Sen.Test\Demo.Grains\Demo.Grains.csproj", "{66435E1F-F35B-4933-8549-226AFC128BE5}"
EndProject
Project("{9A19103F-16F7-4668-BE54-9A1E7A4F7556}") = "DemoProxy", "Sen.Test\DemoProxy\DemoProxy.csproj", "{4FCBACB6-2A74-4494-861F-4A87BBBA6FE5}"
EndProject
Project("{9A19103F-16F7-4668-BE54-9A1E7A4F7556}") = "DemoSilo", "Sen.Test\DemoSilo\DemoSilo.csproj", "{6D89E14B-4F2F-42CF-90C4-3D03992A737E}"
EndProject
Project("{2150E333-8FDC-42A3-9474-1A3956D46DE8}") = "Orleans", "Orleans", "{A814EDED-12D4-4FFE-944D-BCE7DCACC3B6}"
EndProject
Project("{2150E333-8FDC-42A3-9474-1A3956D46DE8}") = "Sen.Analyzer", "Sen.Analyzer", "{83ACC505-D131-4B6C-8FFD-3064471DA4C4}"
EndProject
Project("{9A19103F-16F7-4668-BE54-9A1E7A4F7556}") = "SenAnalyzer", "Sen.Analyzer\SenAnalyzer\SenAnalyzer.csproj", "{482E5DED-44A6-420D-99E0-A0F914FF1561}"
EndProject
Global
	GlobalSection(SolutionConfigurationPlatforms) = preSolution
		Debug Mono|Any CPU = Debug Mono|Any CPU
		Debug Mono|ARM = Debug Mono|ARM
		Debug Mono|x64 = Debug Mono|x64
		Debug Mono|x86 = Debug Mono|x86
		Debug|Any CPU = Debug|Any CPU
		Debug|ARM = Debug|ARM
		Debug|x64 = Debug|x64
		Debug|x86 = Debug|x86
		Release Mono|Any CPU = Release Mono|Any CPU
		Release Mono|ARM = Release Mono|ARM
		Release Mono|x64 = Release Mono|x64
		Release Mono|x86 = Release Mono|x86
		Release|Any CPU = Release|Any CPU
		Release|ARM = Release|ARM
		Release|x64 = Release|x64
		Release|x86 = Release|x86
	EndGlobalSection
	GlobalSection(ProjectConfigurationPlatforms) = postSolution
		{5DE3C557-48BF-4CDB-9F47-474D343DD841}.Debug Mono|Any CPU.ActiveCfg = Debug|Any CPU
		{5DE3C557-48BF-4CDB-9F47-474D343DD841}.Debug Mono|Any CPU.Build.0 = Debug|Any CPU
		{5DE3C557-48BF-4CDB-9F47-474D343DD841}.Debug Mono|ARM.ActiveCfg = Debug|Any CPU
		{5DE3C557-48BF-4CDB-9F47-474D343DD841}.Debug Mono|ARM.Build.0 = Debug|Any CPU
		{5DE3C557-48BF-4CDB-9F47-474D343DD841}.Debug Mono|x64.ActiveCfg = Debug|Any CPU
		{5DE3C557-48BF-4CDB-9F47-474D343DD841}.Debug Mono|x64.Build.0 = Debug|Any CPU
		{5DE3C557-48BF-4CDB-9F47-474D343DD841}.Debug Mono|x86.ActiveCfg = Debug|Any CPU
		{5DE3C557-48BF-4CDB-9F47-474D343DD841}.Debug Mono|x86.Build.0 = Debug|Any CPU
		{5DE3C557-48BF-4CDB-9F47-474D343DD841}.Debug|Any CPU.ActiveCfg = Debug|Any CPU
		{5DE3C557-48BF-4CDB-9F47-474D343DD841}.Debug|Any CPU.Build.0 = Debug|Any CPU
		{5DE3C557-48BF-4CDB-9F47-474D343DD841}.Debug|ARM.ActiveCfg = Debug|Any CPU
		{5DE3C557-48BF-4CDB-9F47-474D343DD841}.Debug|ARM.Build.0 = Debug|Any CPU
		{5DE3C557-48BF-4CDB-9F47-474D343DD841}.Debug|x64.ActiveCfg = Debug|Any CPU
		{5DE3C557-48BF-4CDB-9F47-474D343DD841}.Debug|x64.Build.0 = Debug|Any CPU
		{5DE3C557-48BF-4CDB-9F47-474D343DD841}.Debug|x86.ActiveCfg = Debug|Any CPU
		{5DE3C557-48BF-4CDB-9F47-474D343DD841}.Debug|x86.Build.0 = Debug|Any CPU
		{5DE3C557-48BF-4CDB-9F47-474D343DD841}.Release Mono|Any CPU.ActiveCfg = Release|Any CPU
		{5DE3C557-48BF-4CDB-9F47-474D343DD841}.Release Mono|Any CPU.Build.0 = Release|Any CPU
		{5DE3C557-48BF-4CDB-9F47-474D343DD841}.Release Mono|ARM.ActiveCfg = Release|Any CPU
		{5DE3C557-48BF-4CDB-9F47-474D343DD841}.Release Mono|ARM.Build.0 = Release|Any CPU
		{5DE3C557-48BF-4CDB-9F47-474D343DD841}.Release Mono|x64.ActiveCfg = Release|Any CPU
		{5DE3C557-48BF-4CDB-9F47-474D343DD841}.Release Mono|x64.Build.0 = Release|Any CPU
		{5DE3C557-48BF-4CDB-9F47-474D343DD841}.Release Mono|x86.ActiveCfg = Release|Any CPU
		{5DE3C557-48BF-4CDB-9F47-474D343DD841}.Release Mono|x86.Build.0 = Release|Any CPU
		{5DE3C557-48BF-4CDB-9F47-474D343DD841}.Release|Any CPU.ActiveCfg = Release|Any CPU
		{5DE3C557-48BF-4CDB-9F47-474D343DD841}.Release|Any CPU.Build.0 = Release|Any CPU
		{5DE3C557-48BF-4CDB-9F47-474D343DD841}.Release|ARM.ActiveCfg = Release|Any CPU
		{5DE3C557-48BF-4CDB-9F47-474D343DD841}.Release|ARM.Build.0 = Release|Any CPU
		{5DE3C557-48BF-4CDB-9F47-474D343DD841}.Release|x64.ActiveCfg = Release|Any CPU
		{5DE3C557-48BF-4CDB-9F47-474D343DD841}.Release|x64.Build.0 = Release|Any CPU
		{5DE3C557-48BF-4CDB-9F47-474D343DD841}.Release|x86.ActiveCfg = Release|Any CPU
		{5DE3C557-48BF-4CDB-9F47-474D343DD841}.Release|x86.Build.0 = Release|Any CPU
		{8218C9EE-0A4A-432F-A12A-B54202F97B05}.Debug Mono|Any CPU.ActiveCfg = Debug|Any CPU
		{8218C9EE-0A4A-432F-A12A-B54202F97B05}.Debug Mono|Any CPU.Build.0 = Debug|Any CPU
		{8218C9EE-0A4A-432F-A12A-B54202F97B05}.Debug Mono|ARM.ActiveCfg = Debug|Any CPU
		{8218C9EE-0A4A-432F-A12A-B54202F97B05}.Debug Mono|ARM.Build.0 = Debug|Any CPU
		{8218C9EE-0A4A-432F-A12A-B54202F97B05}.Debug Mono|x64.ActiveCfg = Debug|Any CPU
		{8218C9EE-0A4A-432F-A12A-B54202F97B05}.Debug Mono|x64.Build.0 = Debug|Any CPU
		{8218C9EE-0A4A-432F-A12A-B54202F97B05}.Debug Mono|x86.ActiveCfg = Debug|Any CPU
		{8218C9EE-0A4A-432F-A12A-B54202F97B05}.Debug Mono|x86.Build.0 = Debug|Any CPU
		{8218C9EE-0A4A-432F-A12A-B54202F97B05}.Debug|Any CPU.ActiveCfg = Debug|Any CPU
		{8218C9EE-0A4A-432F-A12A-B54202F97B05}.Debug|Any CPU.Build.0 = Debug|Any CPU
		{8218C9EE-0A4A-432F-A12A-B54202F97B05}.Debug|ARM.ActiveCfg = Debug|Any CPU
		{8218C9EE-0A4A-432F-A12A-B54202F97B05}.Debug|ARM.Build.0 = Debug|Any CPU
		{8218C9EE-0A4A-432F-A12A-B54202F97B05}.Debug|x64.ActiveCfg = Debug|Any CPU
		{8218C9EE-0A4A-432F-A12A-B54202F97B05}.Debug|x64.Build.0 = Debug|Any CPU
		{8218C9EE-0A4A-432F-A12A-B54202F97B05}.Debug|x86.ActiveCfg = Debug|Any CPU
		{8218C9EE-0A4A-432F-A12A-B54202F97B05}.Debug|x86.Build.0 = Debug|Any CPU
		{8218C9EE-0A4A-432F-A12A-B54202F97B05}.Release Mono|Any CPU.ActiveCfg = Release|Any CPU
		{8218C9EE-0A4A-432F-A12A-B54202F97B05}.Release Mono|Any CPU.Build.0 = Release|Any CPU
		{8218C9EE-0A4A-432F-A12A-B54202F97B05}.Release Mono|ARM.ActiveCfg = Release|Any CPU
		{8218C9EE-0A4A-432F-A12A-B54202F97B05}.Release Mono|ARM.Build.0 = Release|Any CPU
		{8218C9EE-0A4A-432F-A12A-B54202F97B05}.Release Mono|x64.ActiveCfg = Release|Any CPU
		{8218C9EE-0A4A-432F-A12A-B54202F97B05}.Release Mono|x64.Build.0 = Release|Any CPU
		{8218C9EE-0A4A-432F-A12A-B54202F97B05}.Release Mono|x86.ActiveCfg = Release|Any CPU
		{8218C9EE-0A4A-432F-A12A-B54202F97B05}.Release Mono|x86.Build.0 = Release|Any CPU
		{8218C9EE-0A4A-432F-A12A-B54202F97B05}.Release|Any CPU.ActiveCfg = Release|Any CPU
		{8218C9EE-0A4A-432F-A12A-B54202F97B05}.Release|Any CPU.Build.0 = Release|Any CPU
		{8218C9EE-0A4A-432F-A12A-B54202F97B05}.Release|ARM.ActiveCfg = Release|Any CPU
		{8218C9EE-0A4A-432F-A12A-B54202F97B05}.Release|ARM.Build.0 = Release|Any CPU
		{8218C9EE-0A4A-432F-A12A-B54202F97B05}.Release|x64.ActiveCfg = Release|Any CPU
		{8218C9EE-0A4A-432F-A12A-B54202F97B05}.Release|x64.Build.0 = Release|Any CPU
		{8218C9EE-0A4A-432F-A12A-B54202F97B05}.Release|x86.ActiveCfg = Release|Any CPU
		{8218C9EE-0A4A-432F-A12A-B54202F97B05}.Release|x86.Build.0 = Release|Any CPU
		{DE58FE41-5E99-44E5-86BC-FC9ED8761DAF}.Debug Mono|Any CPU.ActiveCfg = Debug|Any CPU
		{DE58FE41-5E99-44E5-86BC-FC9ED8761DAF}.Debug Mono|Any CPU.Build.0 = Debug|Any CPU
		{DE58FE41-5E99-44E5-86BC-FC9ED8761DAF}.Debug Mono|ARM.ActiveCfg = Debug|Any CPU
		{DE58FE41-5E99-44E5-86BC-FC9ED8761DAF}.Debug Mono|ARM.Build.0 = Debug|Any CPU
		{DE58FE41-5E99-44E5-86BC-FC9ED8761DAF}.Debug Mono|x64.ActiveCfg = Debug|Any CPU
		{DE58FE41-5E99-44E5-86BC-FC9ED8761DAF}.Debug Mono|x64.Build.0 = Debug|Any CPU
		{DE58FE41-5E99-44E5-86BC-FC9ED8761DAF}.Debug Mono|x86.ActiveCfg = Debug|Any CPU
		{DE58FE41-5E99-44E5-86BC-FC9ED8761DAF}.Debug Mono|x86.Build.0 = Debug|Any CPU
		{DE58FE41-5E99-44E5-86BC-FC9ED8761DAF}.Debug|Any CPU.ActiveCfg = Debug|Any CPU
		{DE58FE41-5E99-44E5-86BC-FC9ED8761DAF}.Debug|Any CPU.Build.0 = Debug|Any CPU
		{DE58FE41-5E99-44E5-86BC-FC9ED8761DAF}.Debug|ARM.ActiveCfg = Debug|Any CPU
		{DE58FE41-5E99-44E5-86BC-FC9ED8761DAF}.Debug|ARM.Build.0 = Debug|Any CPU
		{DE58FE41-5E99-44E5-86BC-FC9ED8761DAF}.Debug|x64.ActiveCfg = Debug|Any CPU
		{DE58FE41-5E99-44E5-86BC-FC9ED8761DAF}.Debug|x64.Build.0 = Debug|Any CPU
		{DE58FE41-5E99-44E5-86BC-FC9ED8761DAF}.Debug|x86.ActiveCfg = Debug|Any CPU
		{DE58FE41-5E99-44E5-86BC-FC9ED8761DAF}.Debug|x86.Build.0 = Debug|Any CPU
		{DE58FE41-5E99-44E5-86BC-FC9ED8761DAF}.Release Mono|Any CPU.ActiveCfg = Release|Any CPU
		{DE58FE41-5E99-44E5-86BC-FC9ED8761DAF}.Release Mono|Any CPU.Build.0 = Release|Any CPU
		{DE58FE41-5E99-44E5-86BC-FC9ED8761DAF}.Release Mono|ARM.ActiveCfg = Release|Any CPU
		{DE58FE41-5E99-44E5-86BC-FC9ED8761DAF}.Release Mono|ARM.Build.0 = Release|Any CPU
		{DE58FE41-5E99-44E5-86BC-FC9ED8761DAF}.Release Mono|x64.ActiveCfg = Release|Any CPU
		{DE58FE41-5E99-44E5-86BC-FC9ED8761DAF}.Release Mono|x64.Build.0 = Release|Any CPU
		{DE58FE41-5E99-44E5-86BC-FC9ED8761DAF}.Release Mono|x86.ActiveCfg = Release|Any CPU
		{DE58FE41-5E99-44E5-86BC-FC9ED8761DAF}.Release Mono|x86.Build.0 = Release|Any CPU
		{DE58FE41-5E99-44E5-86BC-FC9ED8761DAF}.Release|Any CPU.ActiveCfg = Release|Any CPU
		{DE58FE41-5E99-44E5-86BC-FC9ED8761DAF}.Release|Any CPU.Build.0 = Release|Any CPU
		{DE58FE41-5E99-44E5-86BC-FC9ED8761DAF}.Release|ARM.ActiveCfg = Release|Any CPU
		{DE58FE41-5E99-44E5-86BC-FC9ED8761DAF}.Release|ARM.Build.0 = Release|Any CPU
		{DE58FE41-5E99-44E5-86BC-FC9ED8761DAF}.Release|x64.ActiveCfg = Release|Any CPU
		{DE58FE41-5E99-44E5-86BC-FC9ED8761DAF}.Release|x64.Build.0 = Release|Any CPU
		{DE58FE41-5E99-44E5-86BC-FC9ED8761DAF}.Release|x86.ActiveCfg = Release|Any CPU
		{DE58FE41-5E99-44E5-86BC-FC9ED8761DAF}.Release|x86.Build.0 = Release|Any CPU
		{09628314-F44E-445E-9F0D-CBE33B736AC3}.Debug Mono|Any CPU.ActiveCfg = Debug|Any CPU
		{09628314-F44E-445E-9F0D-CBE33B736AC3}.Debug Mono|Any CPU.Build.0 = Debug|Any CPU
		{09628314-F44E-445E-9F0D-CBE33B736AC3}.Debug Mono|ARM.ActiveCfg = Debug|Any CPU
		{09628314-F44E-445E-9F0D-CBE33B736AC3}.Debug Mono|ARM.Build.0 = Debug|Any CPU
		{09628314-F44E-445E-9F0D-CBE33B736AC3}.Debug Mono|x64.ActiveCfg = Debug|Any CPU
		{09628314-F44E-445E-9F0D-CBE33B736AC3}.Debug Mono|x64.Build.0 = Debug|Any CPU
		{09628314-F44E-445E-9F0D-CBE33B736AC3}.Debug Mono|x86.ActiveCfg = Debug|Any CPU
		{09628314-F44E-445E-9F0D-CBE33B736AC3}.Debug Mono|x86.Build.0 = Debug|Any CPU
		{09628314-F44E-445E-9F0D-CBE33B736AC3}.Debug|Any CPU.ActiveCfg = Debug|Any CPU
		{09628314-F44E-445E-9F0D-CBE33B736AC3}.Debug|Any CPU.Build.0 = Debug|Any CPU
		{09628314-F44E-445E-9F0D-CBE33B736AC3}.Debug|ARM.ActiveCfg = Debug|Any CPU
		{09628314-F44E-445E-9F0D-CBE33B736AC3}.Debug|ARM.Build.0 = Debug|Any CPU
		{09628314-F44E-445E-9F0D-CBE33B736AC3}.Debug|x64.ActiveCfg = Debug|Any CPU
		{09628314-F44E-445E-9F0D-CBE33B736AC3}.Debug|x64.Build.0 = Debug|Any CPU
		{09628314-F44E-445E-9F0D-CBE33B736AC3}.Debug|x86.ActiveCfg = Debug|Any CPU
		{09628314-F44E-445E-9F0D-CBE33B736AC3}.Debug|x86.Build.0 = Debug|Any CPU
		{09628314-F44E-445E-9F0D-CBE33B736AC3}.Release Mono|Any CPU.ActiveCfg = Release|Any CPU
		{09628314-F44E-445E-9F0D-CBE33B736AC3}.Release Mono|Any CPU.Build.0 = Release|Any CPU
		{09628314-F44E-445E-9F0D-CBE33B736AC3}.Release Mono|ARM.ActiveCfg = Release|Any CPU
		{09628314-F44E-445E-9F0D-CBE33B736AC3}.Release Mono|ARM.Build.0 = Release|Any CPU
		{09628314-F44E-445E-9F0D-CBE33B736AC3}.Release Mono|x64.ActiveCfg = Release|Any CPU
		{09628314-F44E-445E-9F0D-CBE33B736AC3}.Release Mono|x64.Build.0 = Release|Any CPU
		{09628314-F44E-445E-9F0D-CBE33B736AC3}.Release Mono|x86.ActiveCfg = Release|Any CPU
		{09628314-F44E-445E-9F0D-CBE33B736AC3}.Release Mono|x86.Build.0 = Release|Any CPU
		{09628314-F44E-445E-9F0D-CBE33B736AC3}.Release|Any CPU.ActiveCfg = Release|Any CPU
		{09628314-F44E-445E-9F0D-CBE33B736AC3}.Release|Any CPU.Build.0 = Release|Any CPU
		{09628314-F44E-445E-9F0D-CBE33B736AC3}.Release|ARM.ActiveCfg = Release|Any CPU
		{09628314-F44E-445E-9F0D-CBE33B736AC3}.Release|ARM.Build.0 = Release|Any CPU
		{09628314-F44E-445E-9F0D-CBE33B736AC3}.Release|x64.ActiveCfg = Release|Any CPU
		{09628314-F44E-445E-9F0D-CBE33B736AC3}.Release|x64.Build.0 = Release|Any CPU
		{09628314-F44E-445E-9F0D-CBE33B736AC3}.Release|x86.ActiveCfg = Release|Any CPU
		{09628314-F44E-445E-9F0D-CBE33B736AC3}.Release|x86.Build.0 = Release|Any CPU
		{2ABD244E-EF8F-460D-9C30-39116499E6E4}.Debug Mono|Any CPU.ActiveCfg = Debug|Any CPU
		{2ABD244E-EF8F-460D-9C30-39116499E6E4}.Debug Mono|Any CPU.Build.0 = Debug|Any CPU
		{2ABD244E-EF8F-460D-9C30-39116499E6E4}.Debug Mono|ARM.ActiveCfg = Debug|Any CPU
		{2ABD244E-EF8F-460D-9C30-39116499E6E4}.Debug Mono|ARM.Build.0 = Debug|Any CPU
		{2ABD244E-EF8F-460D-9C30-39116499E6E4}.Debug Mono|x64.ActiveCfg = Debug|Any CPU
		{2ABD244E-EF8F-460D-9C30-39116499E6E4}.Debug Mono|x64.Build.0 = Debug|Any CPU
		{2ABD244E-EF8F-460D-9C30-39116499E6E4}.Debug Mono|x86.ActiveCfg = Debug|Any CPU
		{2ABD244E-EF8F-460D-9C30-39116499E6E4}.Debug Mono|x86.Build.0 = Debug|Any CPU
		{2ABD244E-EF8F-460D-9C30-39116499E6E4}.Debug|Any CPU.ActiveCfg = Debug|Any CPU
		{2ABD244E-EF8F-460D-9C30-39116499E6E4}.Debug|Any CPU.Build.0 = Debug|Any CPU
		{2ABD244E-EF8F-460D-9C30-39116499E6E4}.Debug|ARM.ActiveCfg = Debug|Any CPU
		{2ABD244E-EF8F-460D-9C30-39116499E6E4}.Debug|ARM.Build.0 = Debug|Any CPU
		{2ABD244E-EF8F-460D-9C30-39116499E6E4}.Debug|x64.ActiveCfg = Debug|Any CPU
		{2ABD244E-EF8F-460D-9C30-39116499E6E4}.Debug|x64.Build.0 = Debug|Any CPU
		{2ABD244E-EF8F-460D-9C30-39116499E6E4}.Debug|x86.ActiveCfg = Debug|Any CPU
		{2ABD244E-EF8F-460D-9C30-39116499E6E4}.Debug|x86.Build.0 = Debug|Any CPU
		{2ABD244E-EF8F-460D-9C30-39116499E6E4}.Release Mono|Any CPU.ActiveCfg = Release|Any CPU
		{2ABD244E-EF8F-460D-9C30-39116499E6E4}.Release Mono|Any CPU.Build.0 = Release|Any CPU
		{2ABD244E-EF8F-460D-9C30-39116499E6E4}.Release Mono|ARM.ActiveCfg = Release|Any CPU
		{2ABD244E-EF8F-460D-9C30-39116499E6E4}.Release Mono|ARM.Build.0 = Release|Any CPU
		{2ABD244E-EF8F-460D-9C30-39116499E6E4}.Release Mono|x64.ActiveCfg = Release|Any CPU
		{2ABD244E-EF8F-460D-9C30-39116499E6E4}.Release Mono|x64.Build.0 = Release|Any CPU
		{2ABD244E-EF8F-460D-9C30-39116499E6E4}.Release Mono|x86.ActiveCfg = Release|Any CPU
		{2ABD244E-EF8F-460D-9C30-39116499E6E4}.Release Mono|x86.Build.0 = Release|Any CPU
		{2ABD244E-EF8F-460D-9C30-39116499E6E4}.Release|Any CPU.ActiveCfg = Release|Any CPU
		{2ABD244E-EF8F-460D-9C30-39116499E6E4}.Release|Any CPU.Build.0 = Release|Any CPU
		{2ABD244E-EF8F-460D-9C30-39116499E6E4}.Release|ARM.ActiveCfg = Release|Any CPU
		{2ABD244E-EF8F-460D-9C30-39116499E6E4}.Release|ARM.Build.0 = Release|Any CPU
		{2ABD244E-EF8F-460D-9C30-39116499E6E4}.Release|x64.ActiveCfg = Release|Any CPU
		{2ABD244E-EF8F-460D-9C30-39116499E6E4}.Release|x64.Build.0 = Release|Any CPU
		{2ABD244E-EF8F-460D-9C30-39116499E6E4}.Release|x86.ActiveCfg = Release|Any CPU
		{2ABD244E-EF8F-460D-9C30-39116499E6E4}.Release|x86.Build.0 = Release|Any CPU
		{C2B73CCE-E845-42C2-A5B2-82B5EB74913F}.Debug Mono|Any CPU.ActiveCfg = Debug|Any CPU
		{C2B73CCE-E845-42C2-A5B2-82B5EB74913F}.Debug Mono|Any CPU.Build.0 = Debug|Any CPU
		{C2B73CCE-E845-42C2-A5B2-82B5EB74913F}.Debug Mono|ARM.ActiveCfg = Debug|Any CPU
		{C2B73CCE-E845-42C2-A5B2-82B5EB74913F}.Debug Mono|ARM.Build.0 = Debug|Any CPU
		{C2B73CCE-E845-42C2-A5B2-82B5EB74913F}.Debug Mono|x64.ActiveCfg = Debug|Any CPU
		{C2B73CCE-E845-42C2-A5B2-82B5EB74913F}.Debug Mono|x64.Build.0 = Debug|Any CPU
		{C2B73CCE-E845-42C2-A5B2-82B5EB74913F}.Debug Mono|x86.ActiveCfg = Debug|Any CPU
		{C2B73CCE-E845-42C2-A5B2-82B5EB74913F}.Debug Mono|x86.Build.0 = Debug|Any CPU
		{C2B73CCE-E845-42C2-A5B2-82B5EB74913F}.Debug|Any CPU.ActiveCfg = Debug|Any CPU
		{C2B73CCE-E845-42C2-A5B2-82B5EB74913F}.Debug|Any CPU.Build.0 = Debug|Any CPU
		{C2B73CCE-E845-42C2-A5B2-82B5EB74913F}.Debug|ARM.ActiveCfg = Debug|Any CPU
		{C2B73CCE-E845-42C2-A5B2-82B5EB74913F}.Debug|ARM.Build.0 = Debug|Any CPU
		{C2B73CCE-E845-42C2-A5B2-82B5EB74913F}.Debug|x64.ActiveCfg = Debug|Any CPU
		{C2B73CCE-E845-42C2-A5B2-82B5EB74913F}.Debug|x64.Build.0 = Debug|Any CPU
		{C2B73CCE-E845-42C2-A5B2-82B5EB74913F}.Debug|x86.ActiveCfg = Debug|Any CPU
		{C2B73CCE-E845-42C2-A5B2-82B5EB74913F}.Debug|x86.Build.0 = Debug|Any CPU
		{C2B73CCE-E845-42C2-A5B2-82B5EB74913F}.Release Mono|Any CPU.ActiveCfg = Release|Any CPU
		{C2B73CCE-E845-42C2-A5B2-82B5EB74913F}.Release Mono|Any CPU.Build.0 = Release|Any CPU
		{C2B73CCE-E845-42C2-A5B2-82B5EB74913F}.Release Mono|ARM.ActiveCfg = Release|Any CPU
		{C2B73CCE-E845-42C2-A5B2-82B5EB74913F}.Release Mono|ARM.Build.0 = Release|Any CPU
		{C2B73CCE-E845-42C2-A5B2-82B5EB74913F}.Release Mono|x64.ActiveCfg = Release|Any CPU
		{C2B73CCE-E845-42C2-A5B2-82B5EB74913F}.Release Mono|x64.Build.0 = Release|Any CPU
		{C2B73CCE-E845-42C2-A5B2-82B5EB74913F}.Release Mono|x86.ActiveCfg = Release|Any CPU
		{C2B73CCE-E845-42C2-A5B2-82B5EB74913F}.Release Mono|x86.Build.0 = Release|Any CPU
		{C2B73CCE-E845-42C2-A5B2-82B5EB74913F}.Release|Any CPU.ActiveCfg = Release|Any CPU
		{C2B73CCE-E845-42C2-A5B2-82B5EB74913F}.Release|Any CPU.Build.0 = Release|Any CPU
		{C2B73CCE-E845-42C2-A5B2-82B5EB74913F}.Release|ARM.ActiveCfg = Release|Any CPU
		{C2B73CCE-E845-42C2-A5B2-82B5EB74913F}.Release|ARM.Build.0 = Release|Any CPU
		{C2B73CCE-E845-42C2-A5B2-82B5EB74913F}.Release|x64.ActiveCfg = Release|Any CPU
		{C2B73CCE-E845-42C2-A5B2-82B5EB74913F}.Release|x64.Build.0 = Release|Any CPU
		{C2B73CCE-E845-42C2-A5B2-82B5EB74913F}.Release|x86.ActiveCfg = Release|Any CPU
		{C2B73CCE-E845-42C2-A5B2-82B5EB74913F}.Release|x86.Build.0 = Release|Any CPU
		{1D83A6C9-7091-4769-B942-FB0F34DBF9B0}.Debug Mono|Any CPU.ActiveCfg = Debug|Any CPU
		{1D83A6C9-7091-4769-B942-FB0F34DBF9B0}.Debug Mono|Any CPU.Build.0 = Debug|Any CPU
		{1D83A6C9-7091-4769-B942-FB0F34DBF9B0}.Debug Mono|ARM.ActiveCfg = Debug|Any CPU
		{1D83A6C9-7091-4769-B942-FB0F34DBF9B0}.Debug Mono|ARM.Build.0 = Debug|Any CPU
		{1D83A6C9-7091-4769-B942-FB0F34DBF9B0}.Debug Mono|x64.ActiveCfg = Debug|Any CPU
		{1D83A6C9-7091-4769-B942-FB0F34DBF9B0}.Debug Mono|x64.Build.0 = Debug|Any CPU
		{1D83A6C9-7091-4769-B942-FB0F34DBF9B0}.Debug Mono|x86.ActiveCfg = Debug|Any CPU
		{1D83A6C9-7091-4769-B942-FB0F34DBF9B0}.Debug Mono|x86.Build.0 = Debug|Any CPU
		{1D83A6C9-7091-4769-B942-FB0F34DBF9B0}.Debug|Any CPU.ActiveCfg = Debug|Any CPU
		{1D83A6C9-7091-4769-B942-FB0F34DBF9B0}.Debug|Any CPU.Build.0 = Debug|Any CPU
		{1D83A6C9-7091-4769-B942-FB0F34DBF9B0}.Debug|ARM.ActiveCfg = Debug|Any CPU
		{1D83A6C9-7091-4769-B942-FB0F34DBF9B0}.Debug|ARM.Build.0 = Debug|Any CPU
		{1D83A6C9-7091-4769-B942-FB0F34DBF9B0}.Debug|x64.ActiveCfg = Debug|Any CPU
		{1D83A6C9-7091-4769-B942-FB0F34DBF9B0}.Debug|x64.Build.0 = Debug|Any CPU
		{1D83A6C9-7091-4769-B942-FB0F34DBF9B0}.Debug|x86.ActiveCfg = Debug|Any CPU
		{1D83A6C9-7091-4769-B942-FB0F34DBF9B0}.Debug|x86.Build.0 = Debug|Any CPU
		{1D83A6C9-7091-4769-B942-FB0F34DBF9B0}.Release Mono|Any CPU.ActiveCfg = Release|Any CPU
		{1D83A6C9-7091-4769-B942-FB0F34DBF9B0}.Release Mono|Any CPU.Build.0 = Release|Any CPU
		{1D83A6C9-7091-4769-B942-FB0F34DBF9B0}.Release Mono|ARM.ActiveCfg = Release|Any CPU
		{1D83A6C9-7091-4769-B942-FB0F34DBF9B0}.Release Mono|ARM.Build.0 = Release|Any CPU
		{1D83A6C9-7091-4769-B942-FB0F34DBF9B0}.Release Mono|x64.ActiveCfg = Release|Any CPU
		{1D83A6C9-7091-4769-B942-FB0F34DBF9B0}.Release Mono|x64.Build.0 = Release|Any CPU
		{1D83A6C9-7091-4769-B942-FB0F34DBF9B0}.Release Mono|x86.ActiveCfg = Release|Any CPU
		{1D83A6C9-7091-4769-B942-FB0F34DBF9B0}.Release Mono|x86.Build.0 = Release|Any CPU
		{1D83A6C9-7091-4769-B942-FB0F34DBF9B0}.Release|Any CPU.ActiveCfg = Release|Any CPU
		{1D83A6C9-7091-4769-B942-FB0F34DBF9B0}.Release|Any CPU.Build.0 = Release|Any CPU
		{1D83A6C9-7091-4769-B942-FB0F34DBF9B0}.Release|ARM.ActiveCfg = Release|Any CPU
		{1D83A6C9-7091-4769-B942-FB0F34DBF9B0}.Release|ARM.Build.0 = Release|Any CPU
		{1D83A6C9-7091-4769-B942-FB0F34DBF9B0}.Release|x64.ActiveCfg = Release|Any CPU
		{1D83A6C9-7091-4769-B942-FB0F34DBF9B0}.Release|x64.Build.0 = Release|Any CPU
		{1D83A6C9-7091-4769-B942-FB0F34DBF9B0}.Release|x86.ActiveCfg = Release|Any CPU
		{1D83A6C9-7091-4769-B942-FB0F34DBF9B0}.Release|x86.Build.0 = Release|Any CPU
		{9FE6A783-C20D-4097-9988-4178E2C4CE75}.Debug Mono|Any CPU.ActiveCfg = Debug|Any CPU
		{9FE6A783-C20D-4097-9988-4178E2C4CE75}.Debug Mono|Any CPU.Build.0 = Debug|Any CPU
		{9FE6A783-C20D-4097-9988-4178E2C4CE75}.Debug Mono|ARM.ActiveCfg = Debug|Any CPU
		{9FE6A783-C20D-4097-9988-4178E2C4CE75}.Debug Mono|ARM.Build.0 = Debug|Any CPU
		{9FE6A783-C20D-4097-9988-4178E2C4CE75}.Debug Mono|x64.ActiveCfg = Debug|Any CPU
		{9FE6A783-C20D-4097-9988-4178E2C4CE75}.Debug Mono|x64.Build.0 = Debug|Any CPU
		{9FE6A783-C20D-4097-9988-4178E2C4CE75}.Debug Mono|x86.ActiveCfg = Debug|Any CPU
		{9FE6A783-C20D-4097-9988-4178E2C4CE75}.Debug Mono|x86.Build.0 = Debug|Any CPU
		{9FE6A783-C20D-4097-9988-4178E2C4CE75}.Debug|Any CPU.ActiveCfg = Debug|Any CPU
		{9FE6A783-C20D-4097-9988-4178E2C4CE75}.Debug|Any CPU.Build.0 = Debug|Any CPU
		{9FE6A783-C20D-4097-9988-4178E2C4CE75}.Debug|ARM.ActiveCfg = Debug|Any CPU
		{9FE6A783-C20D-4097-9988-4178E2C4CE75}.Debug|ARM.Build.0 = Debug|Any CPU
		{9FE6A783-C20D-4097-9988-4178E2C4CE75}.Debug|x64.ActiveCfg = Debug|Any CPU
		{9FE6A783-C20D-4097-9988-4178E2C4CE75}.Debug|x64.Build.0 = Debug|Any CPU
		{9FE6A783-C20D-4097-9988-4178E2C4CE75}.Debug|x86.ActiveCfg = Debug|Any CPU
		{9FE6A783-C20D-4097-9988-4178E2C4CE75}.Debug|x86.Build.0 = Debug|Any CPU
		{9FE6A783-C20D-4097-9988-4178E2C4CE75}.Release Mono|Any CPU.ActiveCfg = Release|Any CPU
		{9FE6A783-C20D-4097-9988-4178E2C4CE75}.Release Mono|Any CPU.Build.0 = Release|Any CPU
		{9FE6A783-C20D-4097-9988-4178E2C4CE75}.Release Mono|ARM.ActiveCfg = Release|Any CPU
		{9FE6A783-C20D-4097-9988-4178E2C4CE75}.Release Mono|ARM.Build.0 = Release|Any CPU
		{9FE6A783-C20D-4097-9988-4178E2C4CE75}.Release Mono|x64.ActiveCfg = Release|Any CPU
		{9FE6A783-C20D-4097-9988-4178E2C4CE75}.Release Mono|x64.Build.0 = Release|Any CPU
		{9FE6A783-C20D-4097-9988-4178E2C4CE75}.Release Mono|x86.ActiveCfg = Release|Any CPU
		{9FE6A783-C20D-4097-9988-4178E2C4CE75}.Release Mono|x86.Build.0 = Release|Any CPU
		{9FE6A783-C20D-4097-9988-4178E2C4CE75}.Release|Any CPU.ActiveCfg = Release|Any CPU
		{9FE6A783-C20D-4097-9988-4178E2C4CE75}.Release|Any CPU.Build.0 = Release|Any CPU
		{9FE6A783-C20D-4097-9988-4178E2C4CE75}.Release|ARM.ActiveCfg = Release|Any CPU
		{9FE6A783-C20D-4097-9988-4178E2C4CE75}.Release|ARM.Build.0 = Release|Any CPU
		{9FE6A783-C20D-4097-9988-4178E2C4CE75}.Release|x64.ActiveCfg = Release|Any CPU
		{9FE6A783-C20D-4097-9988-4178E2C4CE75}.Release|x64.Build.0 = Release|Any CPU
		{9FE6A783-C20D-4097-9988-4178E2C4CE75}.Release|x86.ActiveCfg = Release|Any CPU
		{9FE6A783-C20D-4097-9988-4178E2C4CE75}.Release|x86.Build.0 = Release|Any CPU
		{A90750AA-8433-4141-98B8-DBADAE85C5B0}.Debug Mono|Any CPU.ActiveCfg = Debug|Any CPU
		{A90750AA-8433-4141-98B8-DBADAE85C5B0}.Debug Mono|Any CPU.Build.0 = Debug|Any CPU
		{A90750AA-8433-4141-98B8-DBADAE85C5B0}.Debug Mono|ARM.ActiveCfg = Debug|Any CPU
		{A90750AA-8433-4141-98B8-DBADAE85C5B0}.Debug Mono|ARM.Build.0 = Debug|Any CPU
		{A90750AA-8433-4141-98B8-DBADAE85C5B0}.Debug Mono|x64.ActiveCfg = Debug|Any CPU
		{A90750AA-8433-4141-98B8-DBADAE85C5B0}.Debug Mono|x64.Build.0 = Debug|Any CPU
		{A90750AA-8433-4141-98B8-DBADAE85C5B0}.Debug Mono|x86.ActiveCfg = Debug|Any CPU
		{A90750AA-8433-4141-98B8-DBADAE85C5B0}.Debug Mono|x86.Build.0 = Debug|Any CPU
		{A90750AA-8433-4141-98B8-DBADAE85C5B0}.Debug|Any CPU.ActiveCfg = Debug|Any CPU
		{A90750AA-8433-4141-98B8-DBADAE85C5B0}.Debug|Any CPU.Build.0 = Debug|Any CPU
		{A90750AA-8433-4141-98B8-DBADAE85C5B0}.Debug|ARM.ActiveCfg = Debug|Any CPU
		{A90750AA-8433-4141-98B8-DBADAE85C5B0}.Debug|ARM.Build.0 = Debug|Any CPU
		{A90750AA-8433-4141-98B8-DBADAE85C5B0}.Debug|x64.ActiveCfg = Debug|Any CPU
		{A90750AA-8433-4141-98B8-DBADAE85C5B0}.Debug|x64.Build.0 = Debug|Any CPU
		{A90750AA-8433-4141-98B8-DBADAE85C5B0}.Debug|x86.ActiveCfg = Debug|Any CPU
		{A90750AA-8433-4141-98B8-DBADAE85C5B0}.Debug|x86.Build.0 = Debug|Any CPU
		{A90750AA-8433-4141-98B8-DBADAE85C5B0}.Release Mono|Any CPU.ActiveCfg = Release|Any CPU
		{A90750AA-8433-4141-98B8-DBADAE85C5B0}.Release Mono|Any CPU.Build.0 = Release|Any CPU
		{A90750AA-8433-4141-98B8-DBADAE85C5B0}.Release Mono|ARM.ActiveCfg = Release|Any CPU
		{A90750AA-8433-4141-98B8-DBADAE85C5B0}.Release Mono|ARM.Build.0 = Release|Any CPU
		{A90750AA-8433-4141-98B8-DBADAE85C5B0}.Release Mono|x64.ActiveCfg = Release|Any CPU
		{A90750AA-8433-4141-98B8-DBADAE85C5B0}.Release Mono|x64.Build.0 = Release|Any CPU
		{A90750AA-8433-4141-98B8-DBADAE85C5B0}.Release Mono|x86.ActiveCfg = Release|Any CPU
		{A90750AA-8433-4141-98B8-DBADAE85C5B0}.Release Mono|x86.Build.0 = Release|Any CPU
		{A90750AA-8433-4141-98B8-DBADAE85C5B0}.Release|Any CPU.ActiveCfg = Release|Any CPU
		{A90750AA-8433-4141-98B8-DBADAE85C5B0}.Release|Any CPU.Build.0 = Release|Any CPU
		{A90750AA-8433-4141-98B8-DBADAE85C5B0}.Release|ARM.ActiveCfg = Release|Any CPU
		{A90750AA-8433-4141-98B8-DBADAE85C5B0}.Release|ARM.Build.0 = Release|Any CPU
		{A90750AA-8433-4141-98B8-DBADAE85C5B0}.Release|x64.ActiveCfg = Release|Any CPU
		{A90750AA-8433-4141-98B8-DBADAE85C5B0}.Release|x64.Build.0 = Release|Any CPU
		{A90750AA-8433-4141-98B8-DBADAE85C5B0}.Release|x86.ActiveCfg = Release|Any CPU
		{A90750AA-8433-4141-98B8-DBADAE85C5B0}.Release|x86.Build.0 = Release|Any CPU
		{9E0CB1E9-CDD9-4590-9C42-F8392C688F7A}.Debug Mono|Any CPU.ActiveCfg = Debug|Any CPU
		{9E0CB1E9-CDD9-4590-9C42-F8392C688F7A}.Debug Mono|Any CPU.Build.0 = Debug|Any CPU
		{9E0CB1E9-CDD9-4590-9C42-F8392C688F7A}.Debug Mono|ARM.ActiveCfg = Debug|Any CPU
		{9E0CB1E9-CDD9-4590-9C42-F8392C688F7A}.Debug Mono|ARM.Build.0 = Debug|Any CPU
		{9E0CB1E9-CDD9-4590-9C42-F8392C688F7A}.Debug Mono|x64.ActiveCfg = Debug|Any CPU
		{9E0CB1E9-CDD9-4590-9C42-F8392C688F7A}.Debug Mono|x64.Build.0 = Debug|Any CPU
		{9E0CB1E9-CDD9-4590-9C42-F8392C688F7A}.Debug Mono|x86.ActiveCfg = Debug|Any CPU
		{9E0CB1E9-CDD9-4590-9C42-F8392C688F7A}.Debug Mono|x86.Build.0 = Debug|Any CPU
		{9E0CB1E9-CDD9-4590-9C42-F8392C688F7A}.Debug|Any CPU.ActiveCfg = Debug|Any CPU
		{9E0CB1E9-CDD9-4590-9C42-F8392C688F7A}.Debug|Any CPU.Build.0 = Debug|Any CPU
		{9E0CB1E9-CDD9-4590-9C42-F8392C688F7A}.Debug|ARM.ActiveCfg = Debug|Any CPU
		{9E0CB1E9-CDD9-4590-9C42-F8392C688F7A}.Debug|ARM.Build.0 = Debug|Any CPU
		{9E0CB1E9-CDD9-4590-9C42-F8392C688F7A}.Debug|x64.ActiveCfg = Debug|Any CPU
		{9E0CB1E9-CDD9-4590-9C42-F8392C688F7A}.Debug|x64.Build.0 = Debug|Any CPU
		{9E0CB1E9-CDD9-4590-9C42-F8392C688F7A}.Debug|x86.ActiveCfg = Debug|Any CPU
		{9E0CB1E9-CDD9-4590-9C42-F8392C688F7A}.Debug|x86.Build.0 = Debug|Any CPU
		{9E0CB1E9-CDD9-4590-9C42-F8392C688F7A}.Release Mono|Any CPU.ActiveCfg = Release|Any CPU
		{9E0CB1E9-CDD9-4590-9C42-F8392C688F7A}.Release Mono|Any CPU.Build.0 = Release|Any CPU
		{9E0CB1E9-CDD9-4590-9C42-F8392C688F7A}.Release Mono|ARM.ActiveCfg = Release|Any CPU
		{9E0CB1E9-CDD9-4590-9C42-F8392C688F7A}.Release Mono|ARM.Build.0 = Release|Any CPU
		{9E0CB1E9-CDD9-4590-9C42-F8392C688F7A}.Release Mono|x64.ActiveCfg = Release|Any CPU
		{9E0CB1E9-CDD9-4590-9C42-F8392C688F7A}.Release Mono|x64.Build.0 = Release|Any CPU
		{9E0CB1E9-CDD9-4590-9C42-F8392C688F7A}.Release Mono|x86.ActiveCfg = Release|Any CPU
		{9E0CB1E9-CDD9-4590-9C42-F8392C688F7A}.Release Mono|x86.Build.0 = Release|Any CPU
		{9E0CB1E9-CDD9-4590-9C42-F8392C688F7A}.Release|Any CPU.ActiveCfg = Release|Any CPU
		{9E0CB1E9-CDD9-4590-9C42-F8392C688F7A}.Release|Any CPU.Build.0 = Release|Any CPU
		{9E0CB1E9-CDD9-4590-9C42-F8392C688F7A}.Release|ARM.ActiveCfg = Release|Any CPU
		{9E0CB1E9-CDD9-4590-9C42-F8392C688F7A}.Release|ARM.Build.0 = Release|Any CPU
		{9E0CB1E9-CDD9-4590-9C42-F8392C688F7A}.Release|x64.ActiveCfg = Release|Any CPU
		{9E0CB1E9-CDD9-4590-9C42-F8392C688F7A}.Release|x64.Build.0 = Release|Any CPU
		{9E0CB1E9-CDD9-4590-9C42-F8392C688F7A}.Release|x86.ActiveCfg = Release|Any CPU
		{9E0CB1E9-CDD9-4590-9C42-F8392C688F7A}.Release|x86.Build.0 = Release|Any CPU
		{0F904B35-547B-43D4-B03B-A91AF5EF5A71}.Debug Mono|Any CPU.ActiveCfg = Debug|Any CPU
		{0F904B35-547B-43D4-B03B-A91AF5EF5A71}.Debug Mono|Any CPU.Build.0 = Debug|Any CPU
		{0F904B35-547B-43D4-B03B-A91AF5EF5A71}.Debug Mono|ARM.ActiveCfg = Debug|Any CPU
		{0F904B35-547B-43D4-B03B-A91AF5EF5A71}.Debug Mono|ARM.Build.0 = Debug|Any CPU
		{0F904B35-547B-43D4-B03B-A91AF5EF5A71}.Debug Mono|x64.ActiveCfg = Debug|Any CPU
		{0F904B35-547B-43D4-B03B-A91AF5EF5A71}.Debug Mono|x64.Build.0 = Debug|Any CPU
		{0F904B35-547B-43D4-B03B-A91AF5EF5A71}.Debug Mono|x86.ActiveCfg = Debug|Any CPU
		{0F904B35-547B-43D4-B03B-A91AF5EF5A71}.Debug Mono|x86.Build.0 = Debug|Any CPU
		{0F904B35-547B-43D4-B03B-A91AF5EF5A71}.Debug|Any CPU.ActiveCfg = Debug|Any CPU
		{0F904B35-547B-43D4-B03B-A91AF5EF5A71}.Debug|Any CPU.Build.0 = Debug|Any CPU
		{0F904B35-547B-43D4-B03B-A91AF5EF5A71}.Debug|ARM.ActiveCfg = Debug|Any CPU
		{0F904B35-547B-43D4-B03B-A91AF5EF5A71}.Debug|ARM.Build.0 = Debug|Any CPU
		{0F904B35-547B-43D4-B03B-A91AF5EF5A71}.Debug|x64.ActiveCfg = Debug|Any CPU
		{0F904B35-547B-43D4-B03B-A91AF5EF5A71}.Debug|x64.Build.0 = Debug|Any CPU
		{0F904B35-547B-43D4-B03B-A91AF5EF5A71}.Debug|x86.ActiveCfg = Debug|Any CPU
		{0F904B35-547B-43D4-B03B-A91AF5EF5A71}.Debug|x86.Build.0 = Debug|Any CPU
		{0F904B35-547B-43D4-B03B-A91AF5EF5A71}.Release Mono|Any CPU.ActiveCfg = Release|Any CPU
		{0F904B35-547B-43D4-B03B-A91AF5EF5A71}.Release Mono|Any CPU.Build.0 = Release|Any CPU
		{0F904B35-547B-43D4-B03B-A91AF5EF5A71}.Release Mono|ARM.ActiveCfg = Release|Any CPU
		{0F904B35-547B-43D4-B03B-A91AF5EF5A71}.Release Mono|ARM.Build.0 = Release|Any CPU
		{0F904B35-547B-43D4-B03B-A91AF5EF5A71}.Release Mono|x64.ActiveCfg = Release|Any CPU
		{0F904B35-547B-43D4-B03B-A91AF5EF5A71}.Release Mono|x64.Build.0 = Release|Any CPU
		{0F904B35-547B-43D4-B03B-A91AF5EF5A71}.Release Mono|x86.ActiveCfg = Release|Any CPU
		{0F904B35-547B-43D4-B03B-A91AF5EF5A71}.Release Mono|x86.Build.0 = Release|Any CPU
		{0F904B35-547B-43D4-B03B-A91AF5EF5A71}.Release|Any CPU.ActiveCfg = Release|Any CPU
		{0F904B35-547B-43D4-B03B-A91AF5EF5A71}.Release|Any CPU.Build.0 = Release|Any CPU
		{0F904B35-547B-43D4-B03B-A91AF5EF5A71}.Release|ARM.ActiveCfg = Release|Any CPU
		{0F904B35-547B-43D4-B03B-A91AF5EF5A71}.Release|ARM.Build.0 = Release|Any CPU
		{0F904B35-547B-43D4-B03B-A91AF5EF5A71}.Release|x64.ActiveCfg = Release|Any CPU
		{0F904B35-547B-43D4-B03B-A91AF5EF5A71}.Release|x64.Build.0 = Release|Any CPU
		{0F904B35-547B-43D4-B03B-A91AF5EF5A71}.Release|x86.ActiveCfg = Release|Any CPU
		{0F904B35-547B-43D4-B03B-A91AF5EF5A71}.Release|x86.Build.0 = Release|Any CPU
		{28132017-A9F1-4CBF-BA63-D15892343B9C}.Debug Mono|Any CPU.ActiveCfg = Debug|Any CPU
		{28132017-A9F1-4CBF-BA63-D15892343B9C}.Debug Mono|Any CPU.Build.0 = Debug|Any CPU
		{28132017-A9F1-4CBF-BA63-D15892343B9C}.Debug Mono|ARM.ActiveCfg = Debug|Any CPU
		{28132017-A9F1-4CBF-BA63-D15892343B9C}.Debug Mono|ARM.Build.0 = Debug|Any CPU
		{28132017-A9F1-4CBF-BA63-D15892343B9C}.Debug Mono|x64.ActiveCfg = Debug|Any CPU
		{28132017-A9F1-4CBF-BA63-D15892343B9C}.Debug Mono|x64.Build.0 = Debug|Any CPU
		{28132017-A9F1-4CBF-BA63-D15892343B9C}.Debug Mono|x86.ActiveCfg = Debug|Any CPU
		{28132017-A9F1-4CBF-BA63-D15892343B9C}.Debug Mono|x86.Build.0 = Debug|Any CPU
		{28132017-A9F1-4CBF-BA63-D15892343B9C}.Debug|Any CPU.ActiveCfg = Debug|Any CPU
		{28132017-A9F1-4CBF-BA63-D15892343B9C}.Debug|Any CPU.Build.0 = Debug|Any CPU
		{28132017-A9F1-4CBF-BA63-D15892343B9C}.Debug|ARM.ActiveCfg = Debug|Any CPU
		{28132017-A9F1-4CBF-BA63-D15892343B9C}.Debug|ARM.Build.0 = Debug|Any CPU
		{28132017-A9F1-4CBF-BA63-D15892343B9C}.Debug|x64.ActiveCfg = Debug|Any CPU
		{28132017-A9F1-4CBF-BA63-D15892343B9C}.Debug|x64.Build.0 = Debug|Any CPU
		{28132017-A9F1-4CBF-BA63-D15892343B9C}.Debug|x86.ActiveCfg = Debug|Any CPU
		{28132017-A9F1-4CBF-BA63-D15892343B9C}.Debug|x86.Build.0 = Debug|Any CPU
		{28132017-A9F1-4CBF-BA63-D15892343B9C}.Release Mono|Any CPU.ActiveCfg = Release|Any CPU
		{28132017-A9F1-4CBF-BA63-D15892343B9C}.Release Mono|Any CPU.Build.0 = Release|Any CPU
		{28132017-A9F1-4CBF-BA63-D15892343B9C}.Release Mono|ARM.ActiveCfg = Release|Any CPU
		{28132017-A9F1-4CBF-BA63-D15892343B9C}.Release Mono|ARM.Build.0 = Release|Any CPU
		{28132017-A9F1-4CBF-BA63-D15892343B9C}.Release Mono|x64.ActiveCfg = Release|Any CPU
		{28132017-A9F1-4CBF-BA63-D15892343B9C}.Release Mono|x64.Build.0 = Release|Any CPU
		{28132017-A9F1-4CBF-BA63-D15892343B9C}.Release Mono|x86.ActiveCfg = Release|Any CPU
		{28132017-A9F1-4CBF-BA63-D15892343B9C}.Release Mono|x86.Build.0 = Release|Any CPU
		{28132017-A9F1-4CBF-BA63-D15892343B9C}.Release|Any CPU.ActiveCfg = Release|Any CPU
		{28132017-A9F1-4CBF-BA63-D15892343B9C}.Release|Any CPU.Build.0 = Release|Any CPU
		{28132017-A9F1-4CBF-BA63-D15892343B9C}.Release|ARM.ActiveCfg = Release|Any CPU
		{28132017-A9F1-4CBF-BA63-D15892343B9C}.Release|ARM.Build.0 = Release|Any CPU
		{28132017-A9F1-4CBF-BA63-D15892343B9C}.Release|x64.ActiveCfg = Release|Any CPU
		{28132017-A9F1-4CBF-BA63-D15892343B9C}.Release|x64.Build.0 = Release|Any CPU
		{28132017-A9F1-4CBF-BA63-D15892343B9C}.Release|x86.ActiveCfg = Release|Any CPU
		{28132017-A9F1-4CBF-BA63-D15892343B9C}.Release|x86.Build.0 = Release|Any CPU
		{2F1B8929-D474-442D-B4D7-198E0DCED845}.Debug Mono|Any CPU.ActiveCfg = Debug|Any CPU
		{2F1B8929-D474-442D-B4D7-198E0DCED845}.Debug Mono|Any CPU.Build.0 = Debug|Any CPU
		{2F1B8929-D474-442D-B4D7-198E0DCED845}.Debug Mono|ARM.ActiveCfg = Debug|Any CPU
		{2F1B8929-D474-442D-B4D7-198E0DCED845}.Debug Mono|ARM.Build.0 = Debug|Any CPU
		{2F1B8929-D474-442D-B4D7-198E0DCED845}.Debug Mono|x64.ActiveCfg = Debug|Any CPU
		{2F1B8929-D474-442D-B4D7-198E0DCED845}.Debug Mono|x64.Build.0 = Debug|Any CPU
		{2F1B8929-D474-442D-B4D7-198E0DCED845}.Debug Mono|x86.ActiveCfg = Debug|Any CPU
		{2F1B8929-D474-442D-B4D7-198E0DCED845}.Debug Mono|x86.Build.0 = Debug|Any CPU
		{2F1B8929-D474-442D-B4D7-198E0DCED845}.Debug|Any CPU.ActiveCfg = Debug|Any CPU
		{2F1B8929-D474-442D-B4D7-198E0DCED845}.Debug|Any CPU.Build.0 = Debug|Any CPU
		{2F1B8929-D474-442D-B4D7-198E0DCED845}.Debug|ARM.ActiveCfg = Debug|Any CPU
		{2F1B8929-D474-442D-B4D7-198E0DCED845}.Debug|ARM.Build.0 = Debug|Any CPU
		{2F1B8929-D474-442D-B4D7-198E0DCED845}.Debug|x64.ActiveCfg = Debug|Any CPU
		{2F1B8929-D474-442D-B4D7-198E0DCED845}.Debug|x64.Build.0 = Debug|Any CPU
		{2F1B8929-D474-442D-B4D7-198E0DCED845}.Debug|x86.ActiveCfg = Debug|Any CPU
		{2F1B8929-D474-442D-B4D7-198E0DCED845}.Debug|x86.Build.0 = Debug|Any CPU
		{2F1B8929-D474-442D-B4D7-198E0DCED845}.Release Mono|Any CPU.ActiveCfg = Release|Any CPU
		{2F1B8929-D474-442D-B4D7-198E0DCED845}.Release Mono|Any CPU.Build.0 = Release|Any CPU
		{2F1B8929-D474-442D-B4D7-198E0DCED845}.Release Mono|ARM.ActiveCfg = Release|Any CPU
		{2F1B8929-D474-442D-B4D7-198E0DCED845}.Release Mono|ARM.Build.0 = Release|Any CPU
		{2F1B8929-D474-442D-B4D7-198E0DCED845}.Release Mono|x64.ActiveCfg = Release|Any CPU
		{2F1B8929-D474-442D-B4D7-198E0DCED845}.Release Mono|x64.Build.0 = Release|Any CPU
		{2F1B8929-D474-442D-B4D7-198E0DCED845}.Release Mono|x86.ActiveCfg = Release|Any CPU
		{2F1B8929-D474-442D-B4D7-198E0DCED845}.Release Mono|x86.Build.0 = Release|Any CPU
		{2F1B8929-D474-442D-B4D7-198E0DCED845}.Release|Any CPU.ActiveCfg = Release|Any CPU
		{2F1B8929-D474-442D-B4D7-198E0DCED845}.Release|Any CPU.Build.0 = Release|Any CPU
		{2F1B8929-D474-442D-B4D7-198E0DCED845}.Release|ARM.ActiveCfg = Release|Any CPU
		{2F1B8929-D474-442D-B4D7-198E0DCED845}.Release|ARM.Build.0 = Release|Any CPU
		{2F1B8929-D474-442D-B4D7-198E0DCED845}.Release|x64.ActiveCfg = Release|Any CPU
		{2F1B8929-D474-442D-B4D7-198E0DCED845}.Release|x64.Build.0 = Release|Any CPU
		{2F1B8929-D474-442D-B4D7-198E0DCED845}.Release|x86.ActiveCfg = Release|Any CPU
		{2F1B8929-D474-442D-B4D7-198E0DCED845}.Release|x86.Build.0 = Release|Any CPU
		{B7819CFF-4E5B-4BEC-9609-D94AD00D4E2B}.Debug Mono|Any CPU.ActiveCfg = Debug|Any CPU
		{B7819CFF-4E5B-4BEC-9609-D94AD00D4E2B}.Debug Mono|Any CPU.Build.0 = Debug|Any CPU
		{B7819CFF-4E5B-4BEC-9609-D94AD00D4E2B}.Debug Mono|ARM.ActiveCfg = Debug|Any CPU
		{B7819CFF-4E5B-4BEC-9609-D94AD00D4E2B}.Debug Mono|ARM.Build.0 = Debug|Any CPU
		{B7819CFF-4E5B-4BEC-9609-D94AD00D4E2B}.Debug Mono|x64.ActiveCfg = Debug|Any CPU
		{B7819CFF-4E5B-4BEC-9609-D94AD00D4E2B}.Debug Mono|x64.Build.0 = Debug|Any CPU
		{B7819CFF-4E5B-4BEC-9609-D94AD00D4E2B}.Debug Mono|x86.ActiveCfg = Debug|Any CPU
		{B7819CFF-4E5B-4BEC-9609-D94AD00D4E2B}.Debug Mono|x86.Build.0 = Debug|Any CPU
		{B7819CFF-4E5B-4BEC-9609-D94AD00D4E2B}.Debug|Any CPU.ActiveCfg = Debug|Any CPU
		{B7819CFF-4E5B-4BEC-9609-D94AD00D4E2B}.Debug|Any CPU.Build.0 = Debug|Any CPU
		{B7819CFF-4E5B-4BEC-9609-D94AD00D4E2B}.Debug|ARM.ActiveCfg = Debug|Any CPU
		{B7819CFF-4E5B-4BEC-9609-D94AD00D4E2B}.Debug|ARM.Build.0 = Debug|Any CPU
		{B7819CFF-4E5B-4BEC-9609-D94AD00D4E2B}.Debug|x64.ActiveCfg = Debug|Any CPU
		{B7819CFF-4E5B-4BEC-9609-D94AD00D4E2B}.Debug|x64.Build.0 = Debug|Any CPU
		{B7819CFF-4E5B-4BEC-9609-D94AD00D4E2B}.Debug|x86.ActiveCfg = Debug|Any CPU
		{B7819CFF-4E5B-4BEC-9609-D94AD00D4E2B}.Debug|x86.Build.0 = Debug|Any CPU
		{B7819CFF-4E5B-4BEC-9609-D94AD00D4E2B}.Release Mono|Any CPU.ActiveCfg = Release|Any CPU
		{B7819CFF-4E5B-4BEC-9609-D94AD00D4E2B}.Release Mono|Any CPU.Build.0 = Release|Any CPU
		{B7819CFF-4E5B-4BEC-9609-D94AD00D4E2B}.Release Mono|ARM.ActiveCfg = Release|Any CPU
		{B7819CFF-4E5B-4BEC-9609-D94AD00D4E2B}.Release Mono|ARM.Build.0 = Release|Any CPU
		{B7819CFF-4E5B-4BEC-9609-D94AD00D4E2B}.Release Mono|x64.ActiveCfg = Release|Any CPU
		{B7819CFF-4E5B-4BEC-9609-D94AD00D4E2B}.Release Mono|x64.Build.0 = Release|Any CPU
		{B7819CFF-4E5B-4BEC-9609-D94AD00D4E2B}.Release Mono|x86.ActiveCfg = Release|Any CPU
		{B7819CFF-4E5B-4BEC-9609-D94AD00D4E2B}.Release Mono|x86.Build.0 = Release|Any CPU
		{B7819CFF-4E5B-4BEC-9609-D94AD00D4E2B}.Release|Any CPU.ActiveCfg = Release|Any CPU
		{B7819CFF-4E5B-4BEC-9609-D94AD00D4E2B}.Release|Any CPU.Build.0 = Release|Any CPU
		{B7819CFF-4E5B-4BEC-9609-D94AD00D4E2B}.Release|ARM.ActiveCfg = Release|Any CPU
		{B7819CFF-4E5B-4BEC-9609-D94AD00D4E2B}.Release|ARM.Build.0 = Release|Any CPU
		{B7819CFF-4E5B-4BEC-9609-D94AD00D4E2B}.Release|x64.ActiveCfg = Release|Any CPU
		{B7819CFF-4E5B-4BEC-9609-D94AD00D4E2B}.Release|x64.Build.0 = Release|Any CPU
		{B7819CFF-4E5B-4BEC-9609-D94AD00D4E2B}.Release|x86.ActiveCfg = Release|Any CPU
		{B7819CFF-4E5B-4BEC-9609-D94AD00D4E2B}.Release|x86.Build.0 = Release|Any CPU
		{02EA437A-7062-4AC8-A376-0E48985EE890}.Debug Mono|Any CPU.ActiveCfg = Debug|Any CPU
		{02EA437A-7062-4AC8-A376-0E48985EE890}.Debug Mono|Any CPU.Build.0 = Debug|Any CPU
		{02EA437A-7062-4AC8-A376-0E48985EE890}.Debug Mono|ARM.ActiveCfg = Debug|Any CPU
		{02EA437A-7062-4AC8-A376-0E48985EE890}.Debug Mono|ARM.Build.0 = Debug|Any CPU
		{02EA437A-7062-4AC8-A376-0E48985EE890}.Debug Mono|x64.ActiveCfg = Debug|Any CPU
		{02EA437A-7062-4AC8-A376-0E48985EE890}.Debug Mono|x64.Build.0 = Debug|Any CPU
		{02EA437A-7062-4AC8-A376-0E48985EE890}.Debug Mono|x86.ActiveCfg = Debug|Any CPU
		{02EA437A-7062-4AC8-A376-0E48985EE890}.Debug Mono|x86.Build.0 = Debug|Any CPU
		{02EA437A-7062-4AC8-A376-0E48985EE890}.Debug|Any CPU.ActiveCfg = Debug|Any CPU
		{02EA437A-7062-4AC8-A376-0E48985EE890}.Debug|Any CPU.Build.0 = Debug|Any CPU
		{02EA437A-7062-4AC8-A376-0E48985EE890}.Debug|ARM.ActiveCfg = Debug|Any CPU
		{02EA437A-7062-4AC8-A376-0E48985EE890}.Debug|ARM.Build.0 = Debug|Any CPU
		{02EA437A-7062-4AC8-A376-0E48985EE890}.Debug|x64.ActiveCfg = Debug|Any CPU
		{02EA437A-7062-4AC8-A376-0E48985EE890}.Debug|x64.Build.0 = Debug|Any CPU
		{02EA437A-7062-4AC8-A376-0E48985EE890}.Debug|x86.ActiveCfg = Debug|Any CPU
		{02EA437A-7062-4AC8-A376-0E48985EE890}.Debug|x86.Build.0 = Debug|Any CPU
		{02EA437A-7062-4AC8-A376-0E48985EE890}.Release Mono|Any CPU.ActiveCfg = Release|Any CPU
		{02EA437A-7062-4AC8-A376-0E48985EE890}.Release Mono|Any CPU.Build.0 = Release|Any CPU
		{02EA437A-7062-4AC8-A376-0E48985EE890}.Release Mono|ARM.ActiveCfg = Release|Any CPU
		{02EA437A-7062-4AC8-A376-0E48985EE890}.Release Mono|ARM.Build.0 = Release|Any CPU
		{02EA437A-7062-4AC8-A376-0E48985EE890}.Release Mono|x64.ActiveCfg = Release|Any CPU
		{02EA437A-7062-4AC8-A376-0E48985EE890}.Release Mono|x64.Build.0 = Release|Any CPU
		{02EA437A-7062-4AC8-A376-0E48985EE890}.Release Mono|x86.ActiveCfg = Release|Any CPU
		{02EA437A-7062-4AC8-A376-0E48985EE890}.Release Mono|x86.Build.0 = Release|Any CPU
		{02EA437A-7062-4AC8-A376-0E48985EE890}.Release|Any CPU.ActiveCfg = Release|Any CPU
		{02EA437A-7062-4AC8-A376-0E48985EE890}.Release|Any CPU.Build.0 = Release|Any CPU
		{02EA437A-7062-4AC8-A376-0E48985EE890}.Release|ARM.ActiveCfg = Release|Any CPU
		{02EA437A-7062-4AC8-A376-0E48985EE890}.Release|ARM.Build.0 = Release|Any CPU
		{02EA437A-7062-4AC8-A376-0E48985EE890}.Release|x64.ActiveCfg = Release|Any CPU
		{02EA437A-7062-4AC8-A376-0E48985EE890}.Release|x64.Build.0 = Release|Any CPU
		{02EA437A-7062-4AC8-A376-0E48985EE890}.Release|x86.ActiveCfg = Release|Any CPU
		{02EA437A-7062-4AC8-A376-0E48985EE890}.Release|x86.Build.0 = Release|Any CPU
		{F9F132E6-EBF4-4A05-9958-EF8EF3994D48}.Debug Mono|Any CPU.ActiveCfg = Debug|Any CPU
		{F9F132E6-EBF4-4A05-9958-EF8EF3994D48}.Debug Mono|Any CPU.Build.0 = Debug|Any CPU
		{F9F132E6-EBF4-4A05-9958-EF8EF3994D48}.Debug Mono|ARM.ActiveCfg = Debug|Any CPU
		{F9F132E6-EBF4-4A05-9958-EF8EF3994D48}.Debug Mono|ARM.Build.0 = Debug|Any CPU
		{F9F132E6-EBF4-4A05-9958-EF8EF3994D48}.Debug Mono|x64.ActiveCfg = Debug|Any CPU
		{F9F132E6-EBF4-4A05-9958-EF8EF3994D48}.Debug Mono|x64.Build.0 = Debug|Any CPU
		{F9F132E6-EBF4-4A05-9958-EF8EF3994D48}.Debug Mono|x86.ActiveCfg = Debug|Any CPU
		{F9F132E6-EBF4-4A05-9958-EF8EF3994D48}.Debug Mono|x86.Build.0 = Debug|Any CPU
		{F9F132E6-EBF4-4A05-9958-EF8EF3994D48}.Debug|Any CPU.ActiveCfg = Debug|Any CPU
		{F9F132E6-EBF4-4A05-9958-EF8EF3994D48}.Debug|Any CPU.Build.0 = Debug|Any CPU
		{F9F132E6-EBF4-4A05-9958-EF8EF3994D48}.Debug|ARM.ActiveCfg = Debug|Any CPU
		{F9F132E6-EBF4-4A05-9958-EF8EF3994D48}.Debug|ARM.Build.0 = Debug|Any CPU
		{F9F132E6-EBF4-4A05-9958-EF8EF3994D48}.Debug|x64.ActiveCfg = Debug|Any CPU
		{F9F132E6-EBF4-4A05-9958-EF8EF3994D48}.Debug|x64.Build.0 = Debug|Any CPU
		{F9F132E6-EBF4-4A05-9958-EF8EF3994D48}.Debug|x86.ActiveCfg = Debug|Any CPU
		{F9F132E6-EBF4-4A05-9958-EF8EF3994D48}.Debug|x86.Build.0 = Debug|Any CPU
		{F9F132E6-EBF4-4A05-9958-EF8EF3994D48}.Release Mono|Any CPU.ActiveCfg = Release|Any CPU
		{F9F132E6-EBF4-4A05-9958-EF8EF3994D48}.Release Mono|Any CPU.Build.0 = Release|Any CPU
		{F9F132E6-EBF4-4A05-9958-EF8EF3994D48}.Release Mono|ARM.ActiveCfg = Release|Any CPU
		{F9F132E6-EBF4-4A05-9958-EF8EF3994D48}.Release Mono|ARM.Build.0 = Release|Any CPU
		{F9F132E6-EBF4-4A05-9958-EF8EF3994D48}.Release Mono|x64.ActiveCfg = Release|Any CPU
		{F9F132E6-EBF4-4A05-9958-EF8EF3994D48}.Release Mono|x64.Build.0 = Release|Any CPU
		{F9F132E6-EBF4-4A05-9958-EF8EF3994D48}.Release Mono|x86.ActiveCfg = Release|Any CPU
		{F9F132E6-EBF4-4A05-9958-EF8EF3994D48}.Release Mono|x86.Build.0 = Release|Any CPU
		{F9F132E6-EBF4-4A05-9958-EF8EF3994D48}.Release|Any CPU.ActiveCfg = Release|Any CPU
		{F9F132E6-EBF4-4A05-9958-EF8EF3994D48}.Release|Any CPU.Build.0 = Release|Any CPU
		{F9F132E6-EBF4-4A05-9958-EF8EF3994D48}.Release|ARM.ActiveCfg = Release|Any CPU
		{F9F132E6-EBF4-4A05-9958-EF8EF3994D48}.Release|ARM.Build.0 = Release|Any CPU
		{F9F132E6-EBF4-4A05-9958-EF8EF3994D48}.Release|x64.ActiveCfg = Release|Any CPU
		{F9F132E6-EBF4-4A05-9958-EF8EF3994D48}.Release|x64.Build.0 = Release|Any CPU
		{F9F132E6-EBF4-4A05-9958-EF8EF3994D48}.Release|x86.ActiveCfg = Release|Any CPU
		{F9F132E6-EBF4-4A05-9958-EF8EF3994D48}.Release|x86.Build.0 = Release|Any CPU
		{50848860-3835-4DF9-8293-8AE0B01E8FC1}.Debug Mono|Any CPU.ActiveCfg = Debug|Any CPU
		{50848860-3835-4DF9-8293-8AE0B01E8FC1}.Debug Mono|Any CPU.Build.0 = Debug|Any CPU
		{50848860-3835-4DF9-8293-8AE0B01E8FC1}.Debug Mono|ARM.ActiveCfg = Debug|Any CPU
		{50848860-3835-4DF9-8293-8AE0B01E8FC1}.Debug Mono|ARM.Build.0 = Debug|Any CPU
		{50848860-3835-4DF9-8293-8AE0B01E8FC1}.Debug Mono|x64.ActiveCfg = Debug|Any CPU
		{50848860-3835-4DF9-8293-8AE0B01E8FC1}.Debug Mono|x64.Build.0 = Debug|Any CPU
		{50848860-3835-4DF9-8293-8AE0B01E8FC1}.Debug Mono|x86.ActiveCfg = Debug|Any CPU
		{50848860-3835-4DF9-8293-8AE0B01E8FC1}.Debug Mono|x86.Build.0 = Debug|Any CPU
		{50848860-3835-4DF9-8293-8AE0B01E8FC1}.Debug|Any CPU.ActiveCfg = Debug|Any CPU
		{50848860-3835-4DF9-8293-8AE0B01E8FC1}.Debug|Any CPU.Build.0 = Debug|Any CPU
		{50848860-3835-4DF9-8293-8AE0B01E8FC1}.Debug|ARM.ActiveCfg = Debug|Any CPU
		{50848860-3835-4DF9-8293-8AE0B01E8FC1}.Debug|ARM.Build.0 = Debug|Any CPU
		{50848860-3835-4DF9-8293-8AE0B01E8FC1}.Debug|x64.ActiveCfg = Debug|Any CPU
		{50848860-3835-4DF9-8293-8AE0B01E8FC1}.Debug|x64.Build.0 = Debug|Any CPU
		{50848860-3835-4DF9-8293-8AE0B01E8FC1}.Debug|x86.ActiveCfg = Debug|Any CPU
		{50848860-3835-4DF9-8293-8AE0B01E8FC1}.Debug|x86.Build.0 = Debug|Any CPU
		{50848860-3835-4DF9-8293-8AE0B01E8FC1}.Release Mono|Any CPU.ActiveCfg = Release|Any CPU
		{50848860-3835-4DF9-8293-8AE0B01E8FC1}.Release Mono|Any CPU.Build.0 = Release|Any CPU
		{50848860-3835-4DF9-8293-8AE0B01E8FC1}.Release Mono|ARM.ActiveCfg = Release|Any CPU
		{50848860-3835-4DF9-8293-8AE0B01E8FC1}.Release Mono|ARM.Build.0 = Release|Any CPU
		{50848860-3835-4DF9-8293-8AE0B01E8FC1}.Release Mono|x64.ActiveCfg = Release|Any CPU
		{50848860-3835-4DF9-8293-8AE0B01E8FC1}.Release Mono|x64.Build.0 = Release|Any CPU
		{50848860-3835-4DF9-8293-8AE0B01E8FC1}.Release Mono|x86.ActiveCfg = Release|Any CPU
		{50848860-3835-4DF9-8293-8AE0B01E8FC1}.Release Mono|x86.Build.0 = Release|Any CPU
		{50848860-3835-4DF9-8293-8AE0B01E8FC1}.Release|Any CPU.ActiveCfg = Release|Any CPU
		{50848860-3835-4DF9-8293-8AE0B01E8FC1}.Release|Any CPU.Build.0 = Release|Any CPU
		{50848860-3835-4DF9-8293-8AE0B01E8FC1}.Release|ARM.ActiveCfg = Release|Any CPU
		{50848860-3835-4DF9-8293-8AE0B01E8FC1}.Release|ARM.Build.0 = Release|Any CPU
		{50848860-3835-4DF9-8293-8AE0B01E8FC1}.Release|x64.ActiveCfg = Release|Any CPU
		{50848860-3835-4DF9-8293-8AE0B01E8FC1}.Release|x64.Build.0 = Release|Any CPU
		{50848860-3835-4DF9-8293-8AE0B01E8FC1}.Release|x86.ActiveCfg = Release|Any CPU
		{50848860-3835-4DF9-8293-8AE0B01E8FC1}.Release|x86.Build.0 = Release|Any CPU
		{66435E1F-F35B-4933-8549-226AFC128BE5}.Debug Mono|Any CPU.ActiveCfg = Debug|Any CPU
		{66435E1F-F35B-4933-8549-226AFC128BE5}.Debug Mono|Any CPU.Build.0 = Debug|Any CPU
		{66435E1F-F35B-4933-8549-226AFC128BE5}.Debug Mono|ARM.ActiveCfg = Debug|Any CPU
		{66435E1F-F35B-4933-8549-226AFC128BE5}.Debug Mono|ARM.Build.0 = Debug|Any CPU
		{66435E1F-F35B-4933-8549-226AFC128BE5}.Debug Mono|x64.ActiveCfg = Debug|Any CPU
		{66435E1F-F35B-4933-8549-226AFC128BE5}.Debug Mono|x64.Build.0 = Debug|Any CPU
		{66435E1F-F35B-4933-8549-226AFC128BE5}.Debug Mono|x86.ActiveCfg = Debug|Any CPU
		{66435E1F-F35B-4933-8549-226AFC128BE5}.Debug Mono|x86.Build.0 = Debug|Any CPU
		{66435E1F-F35B-4933-8549-226AFC128BE5}.Debug|Any CPU.ActiveCfg = Debug|Any CPU
		{66435E1F-F35B-4933-8549-226AFC128BE5}.Debug|Any CPU.Build.0 = Debug|Any CPU
		{66435E1F-F35B-4933-8549-226AFC128BE5}.Debug|ARM.ActiveCfg = Debug|Any CPU
		{66435E1F-F35B-4933-8549-226AFC128BE5}.Debug|ARM.Build.0 = Debug|Any CPU
		{66435E1F-F35B-4933-8549-226AFC128BE5}.Debug|x64.ActiveCfg = Debug|Any CPU
		{66435E1F-F35B-4933-8549-226AFC128BE5}.Debug|x64.Build.0 = Debug|Any CPU
		{66435E1F-F35B-4933-8549-226AFC128BE5}.Debug|x86.ActiveCfg = Debug|Any CPU
		{66435E1F-F35B-4933-8549-226AFC128BE5}.Debug|x86.Build.0 = Debug|Any CPU
		{66435E1F-F35B-4933-8549-226AFC128BE5}.Release Mono|Any CPU.ActiveCfg = Release|Any CPU
		{66435E1F-F35B-4933-8549-226AFC128BE5}.Release Mono|Any CPU.Build.0 = Release|Any CPU
		{66435E1F-F35B-4933-8549-226AFC128BE5}.Release Mono|ARM.ActiveCfg = Release|Any CPU
		{66435E1F-F35B-4933-8549-226AFC128BE5}.Release Mono|ARM.Build.0 = Release|Any CPU
		{66435E1F-F35B-4933-8549-226AFC128BE5}.Release Mono|x64.ActiveCfg = Release|Any CPU
		{66435E1F-F35B-4933-8549-226AFC128BE5}.Release Mono|x64.Build.0 = Release|Any CPU
		{66435E1F-F35B-4933-8549-226AFC128BE5}.Release Mono|x86.ActiveCfg = Release|Any CPU
		{66435E1F-F35B-4933-8549-226AFC128BE5}.Release Mono|x86.Build.0 = Release|Any CPU
		{66435E1F-F35B-4933-8549-226AFC128BE5}.Release|Any CPU.ActiveCfg = Release|Any CPU
		{66435E1F-F35B-4933-8549-226AFC128BE5}.Release|Any CPU.Build.0 = Release|Any CPU
		{66435E1F-F35B-4933-8549-226AFC128BE5}.Release|ARM.ActiveCfg = Release|Any CPU
		{66435E1F-F35B-4933-8549-226AFC128BE5}.Release|ARM.Build.0 = Release|Any CPU
		{66435E1F-F35B-4933-8549-226AFC128BE5}.Release|x64.ActiveCfg = Release|Any CPU
		{66435E1F-F35B-4933-8549-226AFC128BE5}.Release|x64.Build.0 = Release|Any CPU
		{66435E1F-F35B-4933-8549-226AFC128BE5}.Release|x86.ActiveCfg = Release|Any CPU
		{66435E1F-F35B-4933-8549-226AFC128BE5}.Release|x86.Build.0 = Release|Any CPU
		{4FCBACB6-2A74-4494-861F-4A87BBBA6FE5}.Debug Mono|Any CPU.ActiveCfg = Debug|Any CPU
		{4FCBACB6-2A74-4494-861F-4A87BBBA6FE5}.Debug Mono|Any CPU.Build.0 = Debug|Any CPU
		{4FCBACB6-2A74-4494-861F-4A87BBBA6FE5}.Debug Mono|ARM.ActiveCfg = Debug|Any CPU
		{4FCBACB6-2A74-4494-861F-4A87BBBA6FE5}.Debug Mono|ARM.Build.0 = Debug|Any CPU
		{4FCBACB6-2A74-4494-861F-4A87BBBA6FE5}.Debug Mono|x64.ActiveCfg = Debug|Any CPU
		{4FCBACB6-2A74-4494-861F-4A87BBBA6FE5}.Debug Mono|x64.Build.0 = Debug|Any CPU
		{4FCBACB6-2A74-4494-861F-4A87BBBA6FE5}.Debug Mono|x86.ActiveCfg = Debug|Any CPU
		{4FCBACB6-2A74-4494-861F-4A87BBBA6FE5}.Debug Mono|x86.Build.0 = Debug|Any CPU
		{4FCBACB6-2A74-4494-861F-4A87BBBA6FE5}.Debug|Any CPU.ActiveCfg = Debug|Any CPU
		{4FCBACB6-2A74-4494-861F-4A87BBBA6FE5}.Debug|Any CPU.Build.0 = Debug|Any CPU
		{4FCBACB6-2A74-4494-861F-4A87BBBA6FE5}.Debug|ARM.ActiveCfg = Debug|Any CPU
		{4FCBACB6-2A74-4494-861F-4A87BBBA6FE5}.Debug|ARM.Build.0 = Debug|Any CPU
		{4FCBACB6-2A74-4494-861F-4A87BBBA6FE5}.Debug|x64.ActiveCfg = Debug|Any CPU
		{4FCBACB6-2A74-4494-861F-4A87BBBA6FE5}.Debug|x64.Build.0 = Debug|Any CPU
		{4FCBACB6-2A74-4494-861F-4A87BBBA6FE5}.Debug|x86.ActiveCfg = Debug|Any CPU
		{4FCBACB6-2A74-4494-861F-4A87BBBA6FE5}.Debug|x86.Build.0 = Debug|Any CPU
		{4FCBACB6-2A74-4494-861F-4A87BBBA6FE5}.Release Mono|Any CPU.ActiveCfg = Release|Any CPU
		{4FCBACB6-2A74-4494-861F-4A87BBBA6FE5}.Release Mono|Any CPU.Build.0 = Release|Any CPU
		{4FCBACB6-2A74-4494-861F-4A87BBBA6FE5}.Release Mono|ARM.ActiveCfg = Release|Any CPU
		{4FCBACB6-2A74-4494-861F-4A87BBBA6FE5}.Release Mono|ARM.Build.0 = Release|Any CPU
		{4FCBACB6-2A74-4494-861F-4A87BBBA6FE5}.Release Mono|x64.ActiveCfg = Release|Any CPU
		{4FCBACB6-2A74-4494-861F-4A87BBBA6FE5}.Release Mono|x64.Build.0 = Release|Any CPU
		{4FCBACB6-2A74-4494-861F-4A87BBBA6FE5}.Release Mono|x86.ActiveCfg = Release|Any CPU
		{4FCBACB6-2A74-4494-861F-4A87BBBA6FE5}.Release Mono|x86.Build.0 = Release|Any CPU
		{4FCBACB6-2A74-4494-861F-4A87BBBA6FE5}.Release|Any CPU.ActiveCfg = Release|Any CPU
		{4FCBACB6-2A74-4494-861F-4A87BBBA6FE5}.Release|Any CPU.Build.0 = Release|Any CPU
		{4FCBACB6-2A74-4494-861F-4A87BBBA6FE5}.Release|ARM.ActiveCfg = Release|Any CPU
		{4FCBACB6-2A74-4494-861F-4A87BBBA6FE5}.Release|ARM.Build.0 = Release|Any CPU
		{4FCBACB6-2A74-4494-861F-4A87BBBA6FE5}.Release|x64.ActiveCfg = Release|Any CPU
		{4FCBACB6-2A74-4494-861F-4A87BBBA6FE5}.Release|x64.Build.0 = Release|Any CPU
		{4FCBACB6-2A74-4494-861F-4A87BBBA6FE5}.Release|x86.ActiveCfg = Release|Any CPU
		{4FCBACB6-2A74-4494-861F-4A87BBBA6FE5}.Release|x86.Build.0 = Release|Any CPU
		{6D89E14B-4F2F-42CF-90C4-3D03992A737E}.Debug Mono|Any CPU.ActiveCfg = Debug|Any CPU
		{6D89E14B-4F2F-42CF-90C4-3D03992A737E}.Debug Mono|Any CPU.Build.0 = Debug|Any CPU
		{6D89E14B-4F2F-42CF-90C4-3D03992A737E}.Debug Mono|ARM.ActiveCfg = Debug|Any CPU
		{6D89E14B-4F2F-42CF-90C4-3D03992A737E}.Debug Mono|ARM.Build.0 = Debug|Any CPU
		{6D89E14B-4F2F-42CF-90C4-3D03992A737E}.Debug Mono|x64.ActiveCfg = Debug|Any CPU
		{6D89E14B-4F2F-42CF-90C4-3D03992A737E}.Debug Mono|x64.Build.0 = Debug|Any CPU
		{6D89E14B-4F2F-42CF-90C4-3D03992A737E}.Debug Mono|x86.ActiveCfg = Debug|Any CPU
		{6D89E14B-4F2F-42CF-90C4-3D03992A737E}.Debug Mono|x86.Build.0 = Debug|Any CPU
		{6D89E14B-4F2F-42CF-90C4-3D03992A737E}.Debug|Any CPU.ActiveCfg = Debug|Any CPU
		{6D89E14B-4F2F-42CF-90C4-3D03992A737E}.Debug|Any CPU.Build.0 = Debug|Any CPU
		{6D89E14B-4F2F-42CF-90C4-3D03992A737E}.Debug|ARM.ActiveCfg = Debug|Any CPU
		{6D89E14B-4F2F-42CF-90C4-3D03992A737E}.Debug|ARM.Build.0 = Debug|Any CPU
		{6D89E14B-4F2F-42CF-90C4-3D03992A737E}.Debug|x64.ActiveCfg = Debug|Any CPU
		{6D89E14B-4F2F-42CF-90C4-3D03992A737E}.Debug|x64.Build.0 = Debug|Any CPU
		{6D89E14B-4F2F-42CF-90C4-3D03992A737E}.Debug|x86.ActiveCfg = Debug|Any CPU
		{6D89E14B-4F2F-42CF-90C4-3D03992A737E}.Debug|x86.Build.0 = Debug|Any CPU
		{6D89E14B-4F2F-42CF-90C4-3D03992A737E}.Release Mono|Any CPU.ActiveCfg = Release|Any CPU
		{6D89E14B-4F2F-42CF-90C4-3D03992A737E}.Release Mono|Any CPU.Build.0 = Release|Any CPU
		{6D89E14B-4F2F-42CF-90C4-3D03992A737E}.Release Mono|ARM.ActiveCfg = Release|Any CPU
		{6D89E14B-4F2F-42CF-90C4-3D03992A737E}.Release Mono|ARM.Build.0 = Release|Any CPU
		{6D89E14B-4F2F-42CF-90C4-3D03992A737E}.Release Mono|x64.ActiveCfg = Release|Any CPU
		{6D89E14B-4F2F-42CF-90C4-3D03992A737E}.Release Mono|x64.Build.0 = Release|Any CPU
		{6D89E14B-4F2F-42CF-90C4-3D03992A737E}.Release Mono|x86.ActiveCfg = Release|Any CPU
		{6D89E14B-4F2F-42CF-90C4-3D03992A737E}.Release Mono|x86.Build.0 = Release|Any CPU
		{6D89E14B-4F2F-42CF-90C4-3D03992A737E}.Release|Any CPU.ActiveCfg = Release|Any CPU
		{6D89E14B-4F2F-42CF-90C4-3D03992A737E}.Release|Any CPU.Build.0 = Release|Any CPU
		{6D89E14B-4F2F-42CF-90C4-3D03992A737E}.Release|ARM.ActiveCfg = Release|Any CPU
		{6D89E14B-4F2F-42CF-90C4-3D03992A737E}.Release|ARM.Build.0 = Release|Any CPU
		{6D89E14B-4F2F-42CF-90C4-3D03992A737E}.Release|x64.ActiveCfg = Release|Any CPU
		{6D89E14B-4F2F-42CF-90C4-3D03992A737E}.Release|x64.Build.0 = Release|Any CPU
		{6D89E14B-4F2F-42CF-90C4-3D03992A737E}.Release|x86.ActiveCfg = Release|Any CPU
		{6D89E14B-4F2F-42CF-90C4-3D03992A737E}.Release|x86.Build.0 = Release|Any CPU
		{482E5DED-44A6-420D-99E0-A0F914FF1561}.Debug Mono|Any CPU.ActiveCfg = Debug|Any CPU
		{482E5DED-44A6-420D-99E0-A0F914FF1561}.Debug Mono|Any CPU.Build.0 = Debug|Any CPU
		{482E5DED-44A6-420D-99E0-A0F914FF1561}.Debug Mono|ARM.ActiveCfg = Debug|Any CPU
		{482E5DED-44A6-420D-99E0-A0F914FF1561}.Debug Mono|ARM.Build.0 = Debug|Any CPU
		{482E5DED-44A6-420D-99E0-A0F914FF1561}.Debug Mono|x64.ActiveCfg = Debug|Any CPU
		{482E5DED-44A6-420D-99E0-A0F914FF1561}.Debug Mono|x64.Build.0 = Debug|Any CPU
		{482E5DED-44A6-420D-99E0-A0F914FF1561}.Debug Mono|x86.ActiveCfg = Debug|Any CPU
		{482E5DED-44A6-420D-99E0-A0F914FF1561}.Debug Mono|x86.Build.0 = Debug|Any CPU
		{482E5DED-44A6-420D-99E0-A0F914FF1561}.Debug|Any CPU.ActiveCfg = Debug|Any CPU
		{482E5DED-44A6-420D-99E0-A0F914FF1561}.Debug|Any CPU.Build.0 = Debug|Any CPU
		{482E5DED-44A6-420D-99E0-A0F914FF1561}.Debug|ARM.ActiveCfg = Debug|Any CPU
		{482E5DED-44A6-420D-99E0-A0F914FF1561}.Debug|ARM.Build.0 = Debug|Any CPU
		{482E5DED-44A6-420D-99E0-A0F914FF1561}.Debug|x64.ActiveCfg = Debug|Any CPU
		{482E5DED-44A6-420D-99E0-A0F914FF1561}.Debug|x64.Build.0 = Debug|Any CPU
		{482E5DED-44A6-420D-99E0-A0F914FF1561}.Debug|x86.ActiveCfg = Debug|Any CPU
		{482E5DED-44A6-420D-99E0-A0F914FF1561}.Debug|x86.Build.0 = Debug|Any CPU
		{482E5DED-44A6-420D-99E0-A0F914FF1561}.Release Mono|Any CPU.ActiveCfg = Release|Any CPU
		{482E5DED-44A6-420D-99E0-A0F914FF1561}.Release Mono|Any CPU.Build.0 = Release|Any CPU
		{482E5DED-44A6-420D-99E0-A0F914FF1561}.Release Mono|ARM.ActiveCfg = Release|Any CPU
		{482E5DED-44A6-420D-99E0-A0F914FF1561}.Release Mono|ARM.Build.0 = Release|Any CPU
		{482E5DED-44A6-420D-99E0-A0F914FF1561}.Release Mono|x64.ActiveCfg = Release|Any CPU
		{482E5DED-44A6-420D-99E0-A0F914FF1561}.Release Mono|x64.Build.0 = Release|Any CPU
		{482E5DED-44A6-420D-99E0-A0F914FF1561}.Release Mono|x86.ActiveCfg = Release|Any CPU
		{482E5DED-44A6-420D-99E0-A0F914FF1561}.Release Mono|x86.Build.0 = Release|Any CPU
		{482E5DED-44A6-420D-99E0-A0F914FF1561}.Release|Any CPU.ActiveCfg = Release|Any CPU
		{482E5DED-44A6-420D-99E0-A0F914FF1561}.Release|Any CPU.Build.0 = Release|Any CPU
		{482E5DED-44A6-420D-99E0-A0F914FF1561}.Release|ARM.ActiveCfg = Release|Any CPU
		{482E5DED-44A6-420D-99E0-A0F914FF1561}.Release|ARM.Build.0 = Release|Any CPU
		{482E5DED-44A6-420D-99E0-A0F914FF1561}.Release|x64.ActiveCfg = Release|Any CPU
		{482E5DED-44A6-420D-99E0-A0F914FF1561}.Release|x64.Build.0 = Release|Any CPU
		{482E5DED-44A6-420D-99E0-A0F914FF1561}.Release|x86.ActiveCfg = Release|Any CPU
		{482E5DED-44A6-420D-99E0-A0F914FF1561}.Release|x86.Build.0 = Release|Any CPU
	EndGlobalSection
	GlobalSection(SolutionProperties) = preSolution
		HideSolutionNode = FALSE
	EndGlobalSection
	GlobalSection(NestedProjects) = preSolution
		{5DE3C557-48BF-4CDB-9F47-474D343DD841} = {19ACAE32-96B2-4A2B-95EB-4827D71700DF}
		{8218C9EE-0A4A-432F-A12A-B54202F97B05} = {19ACAE32-96B2-4A2B-95EB-4827D71700DF}
		{DE58FE41-5E99-44E5-86BC-FC9ED8761DAF} = {19ACAE32-96B2-4A2B-95EB-4827D71700DF}
		{09628314-F44E-445E-9F0D-CBE33B736AC3} = {19ACAE32-96B2-4A2B-95EB-4827D71700DF}
		{2ABD244E-EF8F-460D-9C30-39116499E6E4} = {19ACAE32-96B2-4A2B-95EB-4827D71700DF}
		{F5B1CA65-5852-41C6-9D6F-184A3889237B} = {19ACAE32-96B2-4A2B-95EB-4827D71700DF}
		{F716F1EF-81EF-4020-914A-5422A13A9E13} = {19ACAE32-96B2-4A2B-95EB-4827D71700DF}
		{036F5A7D-2B05-4DE5-9AD8-45162E2F0645} = {19ACAE32-96B2-4A2B-95EB-4827D71700DF}
		{126EA539-4B28-4B07-8B5D-D1D7F794D189} = {19ACAE32-96B2-4A2B-95EB-4827D71700DF}
		{9FE6A783-C20D-4097-9988-4178E2C4CE75} = {19ACAE32-96B2-4A2B-95EB-4827D71700DF}
		{28132017-A9F1-4CBF-BA63-D15892343B9C} = {9983ED9C-23F0-4DC0-9595-5BEDF7093DCB}
		{2F1B8929-D474-442D-B4D7-198E0DCED845} = {9983ED9C-23F0-4DC0-9595-5BEDF7093DCB}
		{50848860-3835-4DF9-8293-8AE0B01E8FC1} = {9983ED9C-23F0-4DC0-9595-5BEDF7093DCB}
		{66435E1F-F35B-4933-8549-226AFC128BE5} = {9983ED9C-23F0-4DC0-9595-5BEDF7093DCB}
		{4FCBACB6-2A74-4494-861F-4A87BBBA6FE5} = {9983ED9C-23F0-4DC0-9595-5BEDF7093DCB}
		{6D89E14B-4F2F-42CF-90C4-3D03992A737E} = {9983ED9C-23F0-4DC0-9595-5BEDF7093DCB}
		{482E5DED-44A6-420D-99E0-A0F914FF1561} = {83ACC505-D131-4B6C-8FFD-3064471DA4C4}
	EndGlobalSection
	GlobalSection(ExtensibilityGlobals) = postSolution
		SolutionGuid = {7BFB3429-B5BB-4DB1-95B4-67D77A864952}
	EndGlobalSection
EndGlobal
