Microsoft Visual Studio Solution File, Format Version 12.00
# Visual Studio Version 17
VisualStudioVersion = 17.1.32210.238
MinimumVisualStudioVersion = 10.0.40219.1
Project("{2150E333-8FDC-42A3-9474-1A3956D46DE8}") = "Sen.Test", "Sen.Test", "{9983ED9C-23F0-4DC0-9595-5BEDF7093DCB}"
EndProject
Project("{9A19103F-16F7-4668-BE54-9A1E7A4F7556}") = "Sen.Proxy", "Sen.Proxy\Sen.Proxy.csproj", "{C2B73CCE-E845-42C2-A5B2-82B5EB74913F}"
EndProject
Project("{9A19103F-16F7-4668-BE54-9A1E7A4F7556}") = "Sen.Js", "Sen.Js\Sen.Js.csproj", "{1D83A6C9-7091-4769-B942-FB0F34DBF9B0}"
EndProject
Project("{9A19103F-16F7-4668-BE54-9A1E7A4F7556}") = "Sen.Server", "Sen.Server\Sen.Server.csproj", "{A90750AA-8433-4141-98B8-DBADAE85C5B0}"
EndProject
Project("{9A19103F-16F7-4668-BE54-9A1E7A4F7556}") = "Benchmarking", "Benchmarking\Benchmarking.csproj", "{9E0CB1E9-CDD9-4590-9C42-F8392C688F7A}"
EndProject
Project("{9A19103F-16F7-4668-BE54-9A1E7A4F7556}") = "Sen.Utilities", "Sen.Utilities\Sen.Utilities.csproj", "{0F904B35-547B-43D4-B03B-A91AF5EF5A71}"
EndProject
Project("{9A19103F-16F7-4668-BE54-9A1E7A4F7556}") = "Trial", "Sen.Test\Trial\Trial.csproj", "{28132017-A9F1-4CBF-BA63-D15892343B9C}"
EndProject
Project("{9A19103F-16F7-4668-BE54-9A1E7A4F7556}") = "Sen.Utilities.Test", "Sen.Test\Sen.Utilities.Test\Sen.Utilities.Test.csproj", "{2F1B8929-D474-442D-B4D7-198E0DCED845}"
EndProject
Project("{9A19103F-16F7-4668-BE54-9A1E7A4F7556}") = "Sen.Grains", "Sen.Grains\Sen.Grains.csproj", "{B7819CFF-4E5B-4BEC-9609-D94AD00D4E2B}"
EndProject
Project("{9A19103F-16F7-4668-BE54-9A1E7A4F7556}") = "Sen.Interfaces", "Sen.Interfaces\Sen.Interfaces.csproj", "{02EA437A-7062-4AC8-A376-0E48985EE890}"
EndProject
Project("{9A19103F-16F7-4668-BE54-9A1E7A4F7556}") = "JsonDataGenerator", "JsonDataGenerator\JsonDataGenerator.csproj", "{F9F132E6-EBF4-4A05-9958-EF8EF3994D48}"
EndProject
Project("{9A19103F-16F7-4668-BE54-9A1E7A4F7556}") = "Demo.Interfaces", "Sen.Test\Demo.Interfaces\Demo.Interfaces.csproj", "{50848860-3835-4DF9-8293-8AE0B01E8FC1}"
EndProject
Project("{9A19103F-16F7-4668-BE54-9A1E7A4F7556}") = "Demo.Grains", "Sen.Test\Demo.Grains\Demo.Grains.csproj", "{66435E1F-F35B-4933-8549-226AFC128BE5}"
EndProject
Project("{9A19103F-16F7-4668-BE54-9A1E7A4F7556}") = "DemoProxy", "Sen.Test\DemoProxy\DemoProxy.csproj", "{4FCBACB6-2A74-4494-861F-4A87BBBA6FE5}"
EndProject
Project("{9A19103F-16F7-4668-BE54-9A1E7A4F7556}") = "DemoSilo", "Sen.Test\DemoSilo\DemoSilo.csproj", "{6D89E14B-4F2F-42CF-90C4-3D03992A737E}"
EndProject
Project("{2150E333-8FDC-42A3-9474-1A3956D46DE8}") = "Sen.Analyzer", "Sen.Analyzer", "{83ACC505-D131-4B6C-8FFD-3064471DA4C4}"
EndProject
Project("{9A19103F-16F7-4668-BE54-9A1E7A4F7556}") = "SenAnalyzer", "Sen.Analyzer\SenAnalyzer\SenAnalyzer.csproj", "{482E5DED-44A6-420D-99E0-A0F914FF1561}"
EndProject
Project("{2150E333-8FDC-42A3-9474-1A3956D46DE8}") = "ObjectPool", "ObjectPool", "{66839275-0891-4CD3-B898-65C522EB8D75}"
EndProject
Project("{9A19103F-16F7-4668-BE54-9A1E7A4F7556}") = "Microsoft.Extensions.ObjectPool", "ObjectPool\src\Microsoft.Extensions.ObjectPool.csproj", "{B3F7A926-C62B-40DE-BF4D-094BCADC5AE6}"
EndProject
Project("{9A19103F-16F7-4668-BE54-9A1E7A4F7556}") = "Microsoft.Extensions.ObjectPool.Tests", "ObjectPool\test\Microsoft.Extensions.ObjectPool.Tests.csproj", "{B5959B17-E013-4F1C-9D54-9BA22F03C1D8}"
EndProject
Project("{9A19103F-16F7-4668-BE54-9A1E7A4F7556}") = "SenAnalyzer.Package", "Sen.Analyzer\SenAnalyzer.Package\SenAnalyzer.Package.csproj", "{AD718898-C7B4-4B5D-AE8B-90AA5B423E91}"
EndProject
Project("{9A19103F-16F7-4668-BE54-9A1E7A4F7556}") = "SenAnalyzer.Test", "Sen.Analyzer\SenAnalyzer.Test\SenAnalyzer.Test.csproj", "{5B40BB85-3756-4FF1-86EB-A43FA0F56C2A}"
EndProject
Project("{9A19103F-16F7-4668-BE54-9A1E7A4F7556}") = "SenAnalyzer.Vsix", "Sen.Analyzer\SenAnalyzer.Vsix\SenAnalyzer.Vsix.csproj", "{9BE247E3-7BC0-4E6A-B896-DD70BEE19FCD}"
EndProject
Project("{9A19103F-16F7-4668-BE54-9A1E7A4F7556}") = "Sen.Client.Unity", "Sen.Client.Unity\Sen.Client.Unity.csproj", "{CBBA227B-5408-4A80-A97D-06D52BA2E608}"
EndProject
Project("{FAE04EC0-301F-11D3-BF4B-00C04F79EFBC}") = "Demo.Client.Unity", "Sen.Test\Demo.Client.Unity\Demo.Client.Unity.csproj", "{8D0C11B7-3827-493F-9A5B-EE7C30BF2A31}"
EndProject
Global
	GlobalSection(SolutionConfigurationPlatforms) = preSolution
		Debug Mono|Any CPU = Debug Mono|Any CPU
		Debug Mono|ARM = Debug Mono|ARM
		Debug Mono|x64 = Debug Mono|x64
		Debug Mono|x86 = Debug Mono|x86
		Debug|Any CPU = Debug|Any CPU
		Debug|ARM = Debug|ARM
		Debug|x64 = Debug|x64
		Debug|x86 = Debug|x86
		Release Mono|Any CPU = Release Mono|Any CPU
		Release Mono|ARM = Release Mono|ARM
		Release Mono|x64 = Release Mono|x64
		Release Mono|x86 = Release Mono|x86
		Release|Any CPU = Release|Any CPU
		Release|ARM = Release|ARM
		Release|x64 = Release|x64
		Release|x86 = Release|x86
	EndGlobalSection
	GlobalSection(ProjectConfigurationPlatforms) = postSolution
		{C2B73CCE-E845-42C2-A5B2-82B5EB74913F}.Debug Mono|Any CPU.ActiveCfg = Debug|Any CPU
		{C2B73CCE-E845-42C2-A5B2-82B5EB74913F}.Debug Mono|Any CPU.Build.0 = Debug|Any CPU
		{C2B73CCE-E845-42C2-A5B2-82B5EB74913F}.Debug Mono|ARM.ActiveCfg = Debug|Any CPU
		{C2B73CCE-E845-42C2-A5B2-82B5EB74913F}.Debug Mono|ARM.Build.0 = Debug|Any CPU
		{C2B73CCE-E845-42C2-A5B2-82B5EB74913F}.Debug Mono|x64.ActiveCfg = Debug|Any CPU
		{C2B73CCE-E845-42C2-A5B2-82B5EB74913F}.Debug Mono|x64.Build.0 = Debug|Any CPU
		{C2B73CCE-E845-42C2-A5B2-82B5EB74913F}.Debug Mono|x86.ActiveCfg = Debug|Any CPU
		{C2B73CCE-E845-42C2-A5B2-82B5EB74913F}.Debug Mono|x86.Build.0 = Debug|Any CPU
		{C2B73CCE-E845-42C2-A5B2-82B5EB74913F}.Debug|Any CPU.ActiveCfg = Debug|Any CPU
		{C2B73CCE-E845-42C2-A5B2-82B5EB74913F}.Debug|Any CPU.Build.0 = Debug|Any CPU
		{C2B73CCE-E845-42C2-A5B2-82B5EB74913F}.Debug|ARM.ActiveCfg = Debug|Any CPU
		{C2B73CCE-E845-42C2-A5B2-82B5EB74913F}.Debug|ARM.Build.0 = Debug|Any CPU
		{C2B73CCE-E845-42C2-A5B2-82B5EB74913F}.Debug|x64.ActiveCfg = Debug|Any CPU
		{C2B73CCE-E845-42C2-A5B2-82B5EB74913F}.Debug|x64.Build.0 = Debug|Any CPU
		{C2B73CCE-E845-42C2-A5B2-82B5EB74913F}.Debug|x86.ActiveCfg = Debug|Any CPU
		{C2B73CCE-E845-42C2-A5B2-82B5EB74913F}.Debug|x86.Build.0 = Debug|Any CPU
		{C2B73CCE-E845-42C2-A5B2-82B5EB74913F}.Release Mono|Any CPU.ActiveCfg = Release|Any CPU
		{C2B73CCE-E845-42C2-A5B2-82B5EB74913F}.Release Mono|Any CPU.Build.0 = Release|Any CPU
		{C2B73CCE-E845-42C2-A5B2-82B5EB74913F}.Release Mono|ARM.ActiveCfg = Release|Any CPU
		{C2B73CCE-E845-42C2-A5B2-82B5EB74913F}.Release Mono|ARM.Build.0 = Release|Any CPU
		{C2B73CCE-E845-42C2-A5B2-82B5EB74913F}.Release Mono|x64.ActiveCfg = Release|Any CPU
		{C2B73CCE-E845-42C2-A5B2-82B5EB74913F}.Release Mono|x64.Build.0 = Release|Any CPU
		{C2B73CCE-E845-42C2-A5B2-82B5EB74913F}.Release Mono|x86.ActiveCfg = Release|Any CPU
		{C2B73CCE-E845-42C2-A5B2-82B5EB74913F}.Release Mono|x86.Build.0 = Release|Any CPU
		{C2B73CCE-E845-42C2-A5B2-82B5EB74913F}.Release|Any CPU.ActiveCfg = Release|Any CPU
		{C2B73CCE-E845-42C2-A5B2-82B5EB74913F}.Release|Any CPU.Build.0 = Release|Any CPU
		{C2B73CCE-E845-42C2-A5B2-82B5EB74913F}.Release|ARM.ActiveCfg = Release|Any CPU
		{C2B73CCE-E845-42C2-A5B2-82B5EB74913F}.Release|ARM.Build.0 = Release|Any CPU
		{C2B73CCE-E845-42C2-A5B2-82B5EB74913F}.Release|x64.ActiveCfg = Release|Any CPU
		{C2B73CCE-E845-42C2-A5B2-82B5EB74913F}.Release|x64.Build.0 = Release|Any CPU
		{C2B73CCE-E845-42C2-A5B2-82B5EB74913F}.Release|x86.ActiveCfg = Release|Any CPU
		{C2B73CCE-E845-42C2-A5B2-82B5EB74913F}.Release|x86.Build.0 = Release|Any CPU
		{1D83A6C9-7091-4769-B942-FB0F34DBF9B0}.Debug Mono|Any CPU.ActiveCfg = Debug|Any CPU
		{1D83A6C9-7091-4769-B942-FB0F34DBF9B0}.Debug Mono|Any CPU.Build.0 = Debug|Any CPU
		{1D83A6C9-7091-4769-B942-FB0F34DBF9B0}.Debug Mono|ARM.ActiveCfg = Debug|Any CPU
		{1D83A6C9-7091-4769-B942-FB0F34DBF9B0}.Debug Mono|ARM.Build.0 = Debug|Any CPU
		{1D83A6C9-7091-4769-B942-FB0F34DBF9B0}.Debug Mono|x64.ActiveCfg = Debug|Any CPU
		{1D83A6C9-7091-4769-B942-FB0F34DBF9B0}.Debug Mono|x64.Build.0 = Debug|Any CPU
		{1D83A6C9-7091-4769-B942-FB0F34DBF9B0}.Debug Mono|x86.ActiveCfg = Debug|Any CPU
		{1D83A6C9-7091-4769-B942-FB0F34DBF9B0}.Debug Mono|x86.Build.0 = Debug|Any CPU
		{1D83A6C9-7091-4769-B942-FB0F34DBF9B0}.Debug|Any CPU.ActiveCfg = Debug|Any CPU
		{1D83A6C9-7091-4769-B942-FB0F34DBF9B0}.Debug|Any CPU.Build.0 = Debug|Any CPU
		{1D83A6C9-7091-4769-B942-FB0F34DBF9B0}.Debug|ARM.ActiveCfg = Debug|Any CPU
		{1D83A6C9-7091-4769-B942-FB0F34DBF9B0}.Debug|ARM.Build.0 = Debug|Any CPU
		{1D83A6C9-7091-4769-B942-FB0F34DBF9B0}.Debug|x64.ActiveCfg = Debug|Any CPU
		{1D83A6C9-7091-4769-B942-FB0F34DBF9B0}.Debug|x64.Build.0 = Debug|Any CPU
		{1D83A6C9-7091-4769-B942-FB0F34DBF9B0}.Debug|x86.ActiveCfg = Debug|Any CPU
		{1D83A6C9-7091-4769-B942-FB0F34DBF9B0}.Debug|x86.Build.0 = Debug|Any CPU
		{1D83A6C9-7091-4769-B942-FB0F34DBF9B0}.Release Mono|Any CPU.ActiveCfg = Release|Any CPU
		{1D83A6C9-7091-4769-B942-FB0F34DBF9B0}.Release Mono|Any CPU.Build.0 = Release|Any CPU
		{1D83A6C9-7091-4769-B942-FB0F34DBF9B0}.Release Mono|ARM.ActiveCfg = Release|Any CPU
		{1D83A6C9-7091-4769-B942-FB0F34DBF9B0}.Release Mono|ARM.Build.0 = Release|Any CPU
		{1D83A6C9-7091-4769-B942-FB0F34DBF9B0}.Release Mono|x64.ActiveCfg = Release|Any CPU
		{1D83A6C9-7091-4769-B942-FB0F34DBF9B0}.Release Mono|x64.Build.0 = Release|Any CPU
		{1D83A6C9-7091-4769-B942-FB0F34DBF9B0}.Release Mono|x86.ActiveCfg = Release|Any CPU
		{1D83A6C9-7091-4769-B942-FB0F34DBF9B0}.Release Mono|x86.Build.0 = Release|Any CPU
		{1D83A6C9-7091-4769-B942-FB0F34DBF9B0}.Release|Any CPU.ActiveCfg = Release|Any CPU
		{1D83A6C9-7091-4769-B942-FB0F34DBF9B0}.Release|Any CPU.Build.0 = Release|Any CPU
		{1D83A6C9-7091-4769-B942-FB0F34DBF9B0}.Release|ARM.ActiveCfg = Release|Any CPU
		{1D83A6C9-7091-4769-B942-FB0F34DBF9B0}.Release|ARM.Build.0 = Release|Any CPU
		{1D83A6C9-7091-4769-B942-FB0F34DBF9B0}.Release|x64.ActiveCfg = Release|Any CPU
		{1D83A6C9-7091-4769-B942-FB0F34DBF9B0}.Release|x64.Build.0 = Release|Any CPU
		{1D83A6C9-7091-4769-B942-FB0F34DBF9B0}.Release|x86.ActiveCfg = Release|Any CPU
		{1D83A6C9-7091-4769-B942-FB0F34DBF9B0}.Release|x86.Build.0 = Release|Any CPU
		{A90750AA-8433-4141-98B8-DBADAE85C5B0}.Debug Mono|Any CPU.ActiveCfg = Debug|Any CPU
		{A90750AA-8433-4141-98B8-DBADAE85C5B0}.Debug Mono|Any CPU.Build.0 = Debug|Any CPU
		{A90750AA-8433-4141-98B8-DBADAE85C5B0}.Debug Mono|ARM.ActiveCfg = Debug|Any CPU
		{A90750AA-8433-4141-98B8-DBADAE85C5B0}.Debug Mono|ARM.Build.0 = Debug|Any CPU
		{A90750AA-8433-4141-98B8-DBADAE85C5B0}.Debug Mono|x64.ActiveCfg = Debug|Any CPU
		{A90750AA-8433-4141-98B8-DBADAE85C5B0}.Debug Mono|x64.Build.0 = Debug|Any CPU
		{A90750AA-8433-4141-98B8-DBADAE85C5B0}.Debug Mono|x86.ActiveCfg = Debug|Any CPU
		{A90750AA-8433-4141-98B8-DBADAE85C5B0}.Debug Mono|x86.Build.0 = Debug|Any CPU
		{A90750AA-8433-4141-98B8-DBADAE85C5B0}.Debug|Any CPU.ActiveCfg = Debug|Any CPU
		{A90750AA-8433-4141-98B8-DBADAE85C5B0}.Debug|Any CPU.Build.0 = Debug|Any CPU
		{A90750AA-8433-4141-98B8-DBADAE85C5B0}.Debug|ARM.ActiveCfg = Debug|Any CPU
		{A90750AA-8433-4141-98B8-DBADAE85C5B0}.Debug|ARM.Build.0 = Debug|Any CPU
		{A90750AA-8433-4141-98B8-DBADAE85C5B0}.Debug|x64.ActiveCfg = Debug|Any CPU
		{A90750AA-8433-4141-98B8-DBADAE85C5B0}.Debug|x64.Build.0 = Debug|Any CPU
		{A90750AA-8433-4141-98B8-DBADAE85C5B0}.Debug|x86.ActiveCfg = Debug|Any CPU
		{A90750AA-8433-4141-98B8-DBADAE85C5B0}.Debug|x86.Build.0 = Debug|Any CPU
		{A90750AA-8433-4141-98B8-DBADAE85C5B0}.Release Mono|Any CPU.ActiveCfg = Release|Any CPU
		{A90750AA-8433-4141-98B8-DBADAE85C5B0}.Release Mono|Any CPU.Build.0 = Release|Any CPU
		{A90750AA-8433-4141-98B8-DBADAE85C5B0}.Release Mono|ARM.ActiveCfg = Release|Any CPU
		{A90750AA-8433-4141-98B8-DBADAE85C5B0}.Release Mono|ARM.Build.0 = Release|Any CPU
		{A90750AA-8433-4141-98B8-DBADAE85C5B0}.Release Mono|x64.ActiveCfg = Release|Any CPU
		{A90750AA-8433-4141-98B8-DBADAE85C5B0}.Release Mono|x64.Build.0 = Release|Any CPU
		{A90750AA-8433-4141-98B8-DBADAE85C5B0}.Release Mono|x86.ActiveCfg = Release|Any CPU
		{A90750AA-8433-4141-98B8-DBADAE85C5B0}.Release Mono|x86.Build.0 = Release|Any CPU
		{A90750AA-8433-4141-98B8-DBADAE85C5B0}.Release|Any CPU.ActiveCfg = Release|Any CPU
		{A90750AA-8433-4141-98B8-DBADAE85C5B0}.Release|Any CPU.Build.0 = Release|Any CPU
		{A90750AA-8433-4141-98B8-DBADAE85C5B0}.Release|ARM.ActiveCfg = Release|Any CPU
		{A90750AA-8433-4141-98B8-DBADAE85C5B0}.Release|ARM.Build.0 = Release|Any CPU
		{A90750AA-8433-4141-98B8-DBADAE85C5B0}.Release|x64.ActiveCfg = Release|Any CPU
		{A90750AA-8433-4141-98B8-DBADAE85C5B0}.Release|x64.Build.0 = Release|Any CPU
		{A90750AA-8433-4141-98B8-DBADAE85C5B0}.Release|x86.ActiveCfg = Release|Any CPU
		{A90750AA-8433-4141-98B8-DBADAE85C5B0}.Release|x86.Build.0 = Release|Any CPU
		{9E0CB1E9-CDD9-4590-9C42-F8392C688F7A}.Debug Mono|Any CPU.ActiveCfg = Debug|Any CPU
		{9E0CB1E9-CDD9-4590-9C42-F8392C688F7A}.Debug Mono|Any CPU.Build.0 = Debug|Any CPU
		{9E0CB1E9-CDD9-4590-9C42-F8392C688F7A}.Debug Mono|ARM.ActiveCfg = Debug|Any CPU
		{9E0CB1E9-CDD9-4590-9C42-F8392C688F7A}.Debug Mono|ARM.Build.0 = Debug|Any CPU
		{9E0CB1E9-CDD9-4590-9C42-F8392C688F7A}.Debug Mono|x64.ActiveCfg = Debug|Any CPU
		{9E0CB1E9-CDD9-4590-9C42-F8392C688F7A}.Debug Mono|x64.Build.0 = Debug|Any CPU
		{9E0CB1E9-CDD9-4590-9C42-F8392C688F7A}.Debug Mono|x86.ActiveCfg = Debug|Any CPU
		{9E0CB1E9-CDD9-4590-9C42-F8392C688F7A}.Debug Mono|x86.Build.0 = Debug|Any CPU
		{9E0CB1E9-CDD9-4590-9C42-F8392C688F7A}.Debug|Any CPU.ActiveCfg = Debug|Any CPU
		{9E0CB1E9-CDD9-4590-9C42-F8392C688F7A}.Debug|Any CPU.Build.0 = Debug|Any CPU
		{9E0CB1E9-CDD9-4590-9C42-F8392C688F7A}.Debug|ARM.ActiveCfg = Debug|Any CPU
		{9E0CB1E9-CDD9-4590-9C42-F8392C688F7A}.Debug|ARM.Build.0 = Debug|Any CPU
		{9E0CB1E9-CDD9-4590-9C42-F8392C688F7A}.Debug|x64.ActiveCfg = Debug|Any CPU
		{9E0CB1E9-CDD9-4590-9C42-F8392C688F7A}.Debug|x64.Build.0 = Debug|Any CPU
		{9E0CB1E9-CDD9-4590-9C42-F8392C688F7A}.Debug|x86.ActiveCfg = Debug|Any CPU
		{9E0CB1E9-CDD9-4590-9C42-F8392C688F7A}.Debug|x86.Build.0 = Debug|Any CPU
		{9E0CB1E9-CDD9-4590-9C42-F8392C688F7A}.Release Mono|Any CPU.ActiveCfg = Release|Any CPU
		{9E0CB1E9-CDD9-4590-9C42-F8392C688F7A}.Release Mono|Any CPU.Build.0 = Release|Any CPU
		{9E0CB1E9-CDD9-4590-9C42-F8392C688F7A}.Release Mono|ARM.ActiveCfg = Release|Any CPU
		{9E0CB1E9-CDD9-4590-9C42-F8392C688F7A}.Release Mono|ARM.Build.0 = Release|Any CPU
		{9E0CB1E9-CDD9-4590-9C42-F8392C688F7A}.Release Mono|x64.ActiveCfg = Release|Any CPU
		{9E0CB1E9-CDD9-4590-9C42-F8392C688F7A}.Release Mono|x64.Build.0 = Release|Any CPU
		{9E0CB1E9-CDD9-4590-9C42-F8392C688F7A}.Release Mono|x86.ActiveCfg = Release|Any CPU
		{9E0CB1E9-CDD9-4590-9C42-F8392C688F7A}.Release Mono|x86.Build.0 = Release|Any CPU
		{9E0CB1E9-CDD9-4590-9C42-F8392C688F7A}.Release|Any CPU.ActiveCfg = Release|Any CPU
		{9E0CB1E9-CDD9-4590-9C42-F8392C688F7A}.Release|Any CPU.Build.0 = Release|Any CPU
		{9E0CB1E9-CDD9-4590-9C42-F8392C688F7A}.Release|ARM.ActiveCfg = Release|Any CPU
		{9E0CB1E9-CDD9-4590-9C42-F8392C688F7A}.Release|ARM.Build.0 = Release|Any CPU
		{9E0CB1E9-CDD9-4590-9C42-F8392C688F7A}.Release|x64.ActiveCfg = Release|Any CPU
		{9E0CB1E9-CDD9-4590-9C42-F8392C688F7A}.Release|x64.Build.0 = Release|Any CPU
		{9E0CB1E9-CDD9-4590-9C42-F8392C688F7A}.Release|x86.ActiveCfg = Release|Any CPU
		{9E0CB1E9-CDD9-4590-9C42-F8392C688F7A}.Release|x86.Build.0 = Release|Any CPU
		{0F904B35-547B-43D4-B03B-A91AF5EF5A71}.Debug Mono|Any CPU.ActiveCfg = Debug|Any CPU
		{0F904B35-547B-43D4-B03B-A91AF5EF5A71}.Debug Mono|Any CPU.Build.0 = Debug|Any CPU
		{0F904B35-547B-43D4-B03B-A91AF5EF5A71}.Debug Mono|ARM.ActiveCfg = Debug|Any CPU
		{0F904B35-547B-43D4-B03B-A91AF5EF5A71}.Debug Mono|ARM.Build.0 = Debug|Any CPU
		{0F904B35-547B-43D4-B03B-A91AF5EF5A71}.Debug Mono|x64.ActiveCfg = Debug|Any CPU
		{0F904B35-547B-43D4-B03B-A91AF5EF5A71}.Debug Mono|x64.Build.0 = Debug|Any CPU
		{0F904B35-547B-43D4-B03B-A91AF5EF5A71}.Debug Mono|x86.ActiveCfg = Debug|Any CPU
		{0F904B35-547B-43D4-B03B-A91AF5EF5A71}.Debug Mono|x86.Build.0 = Debug|Any CPU
		{0F904B35-547B-43D4-B03B-A91AF5EF5A71}.Debug|Any CPU.ActiveCfg = Debug|Any CPU
		{0F904B35-547B-43D4-B03B-A91AF5EF5A71}.Debug|Any CPU.Build.0 = Debug|Any CPU
		{0F904B35-547B-43D4-B03B-A91AF5EF5A71}.Debug|ARM.ActiveCfg = Debug|Any CPU
		{0F904B35-547B-43D4-B03B-A91AF5EF5A71}.Debug|ARM.Build.0 = Debug|Any CPU
		{0F904B35-547B-43D4-B03B-A91AF5EF5A71}.Debug|x64.ActiveCfg = Debug|Any CPU
		{0F904B35-547B-43D4-B03B-A91AF5EF5A71}.Debug|x64.Build.0 = Debug|Any CPU
		{0F904B35-547B-43D4-B03B-A91AF5EF5A71}.Debug|x86.ActiveCfg = Debug|Any CPU
		{0F904B35-547B-43D4-B03B-A91AF5EF5A71}.Debug|x86.Build.0 = Debug|Any CPU
		{0F904B35-547B-43D4-B03B-A91AF5EF5A71}.Release Mono|Any CPU.ActiveCfg = Release|Any CPU
		{0F904B35-547B-43D4-B03B-A91AF5EF5A71}.Release Mono|Any CPU.Build.0 = Release|Any CPU
		{0F904B35-547B-43D4-B03B-A91AF5EF5A71}.Release Mono|ARM.ActiveCfg = Release|Any CPU
		{0F904B35-547B-43D4-B03B-A91AF5EF5A71}.Release Mono|ARM.Build.0 = Release|Any CPU
		{0F904B35-547B-43D4-B03B-A91AF5EF5A71}.Release Mono|x64.ActiveCfg = Release|Any CPU
		{0F904B35-547B-43D4-B03B-A91AF5EF5A71}.Release Mono|x64.Build.0 = Release|Any CPU
		{0F904B35-547B-43D4-B03B-A91AF5EF5A71}.Release Mono|x86.ActiveCfg = Release|Any CPU
		{0F904B35-547B-43D4-B03B-A91AF5EF5A71}.Release Mono|x86.Build.0 = Release|Any CPU
		{0F904B35-547B-43D4-B03B-A91AF5EF5A71}.Release|Any CPU.ActiveCfg = Release|Any CPU
		{0F904B35-547B-43D4-B03B-A91AF5EF5A71}.Release|Any CPU.Build.0 = Release|Any CPU
		{0F904B35-547B-43D4-B03B-A91AF5EF5A71}.Release|ARM.ActiveCfg = Release|Any CPU
		{0F904B35-547B-43D4-B03B-A91AF5EF5A71}.Release|ARM.Build.0 = Release|Any CPU
		{0F904B35-547B-43D4-B03B-A91AF5EF5A71}.Release|x64.ActiveCfg = Release|Any CPU
		{0F904B35-547B-43D4-B03B-A91AF5EF5A71}.Release|x64.Build.0 = Release|Any CPU
		{0F904B35-547B-43D4-B03B-A91AF5EF5A71}.Release|x86.ActiveCfg = Release|Any CPU
		{0F904B35-547B-43D4-B03B-A91AF5EF5A71}.Release|x86.Build.0 = Release|Any CPU
		{28132017-A9F1-4CBF-BA63-D15892343B9C}.Debug Mono|Any CPU.ActiveCfg = Debug|Any CPU
		{28132017-A9F1-4CBF-BA63-D15892343B9C}.Debug Mono|Any CPU.Build.0 = Debug|Any CPU
		{28132017-A9F1-4CBF-BA63-D15892343B9C}.Debug Mono|ARM.ActiveCfg = Debug|Any CPU
		{28132017-A9F1-4CBF-BA63-D15892343B9C}.Debug Mono|ARM.Build.0 = Debug|Any CPU
		{28132017-A9F1-4CBF-BA63-D15892343B9C}.Debug Mono|x64.ActiveCfg = Debug|Any CPU
		{28132017-A9F1-4CBF-BA63-D15892343B9C}.Debug Mono|x64.Build.0 = Debug|Any CPU
		{28132017-A9F1-4CBF-BA63-D15892343B9C}.Debug Mono|x86.ActiveCfg = Debug|Any CPU
		{28132017-A9F1-4CBF-BA63-D15892343B9C}.Debug Mono|x86.Build.0 = Debug|Any CPU
		{28132017-A9F1-4CBF-BA63-D15892343B9C}.Debug|Any CPU.ActiveCfg = Debug|Any CPU
		{28132017-A9F1-4CBF-BA63-D15892343B9C}.Debug|Any CPU.Build.0 = Debug|Any CPU
		{28132017-A9F1-4CBF-BA63-D15892343B9C}.Debug|ARM.ActiveCfg = Debug|Any CPU
		{28132017-A9F1-4CBF-BA63-D15892343B9C}.Debug|ARM.Build.0 = Debug|Any CPU
		{28132017-A9F1-4CBF-BA63-D15892343B9C}.Debug|x64.ActiveCfg = Debug|Any CPU
		{28132017-A9F1-4CBF-BA63-D15892343B9C}.Debug|x64.Build.0 = Debug|Any CPU
		{28132017-A9F1-4CBF-BA63-D15892343B9C}.Debug|x86.ActiveCfg = Debug|Any CPU
		{28132017-A9F1-4CBF-BA63-D15892343B9C}.Debug|x86.Build.0 = Debug|Any CPU
		{28132017-A9F1-4CBF-BA63-D15892343B9C}.Release Mono|Any CPU.ActiveCfg = Release|Any CPU
		{28132017-A9F1-4CBF-BA63-D15892343B9C}.Release Mono|Any CPU.Build.0 = Release|Any CPU
		{28132017-A9F1-4CBF-BA63-D15892343B9C}.Release Mono|ARM.ActiveCfg = Release|Any CPU
		{28132017-A9F1-4CBF-BA63-D15892343B9C}.Release Mono|ARM.Build.0 = Release|Any CPU
		{28132017-A9F1-4CBF-BA63-D15892343B9C}.Release Mono|x64.ActiveCfg = Release|Any CPU
		{28132017-A9F1-4CBF-BA63-D15892343B9C}.Release Mono|x64.Build.0 = Release|Any CPU
		{28132017-A9F1-4CBF-BA63-D15892343B9C}.Release Mono|x86.ActiveCfg = Release|Any CPU
		{28132017-A9F1-4CBF-BA63-D15892343B9C}.Release Mono|x86.Build.0 = Release|Any CPU
		{28132017-A9F1-4CBF-BA63-D15892343B9C}.Release|Any CPU.ActiveCfg = Release|Any CPU
		{28132017-A9F1-4CBF-BA63-D15892343B9C}.Release|Any CPU.Build.0 = Release|Any CPU
		{28132017-A9F1-4CBF-BA63-D15892343B9C}.Release|ARM.ActiveCfg = Release|Any CPU
		{28132017-A9F1-4CBF-BA63-D15892343B9C}.Release|ARM.Build.0 = Release|Any CPU
		{28132017-A9F1-4CBF-BA63-D15892343B9C}.Release|x64.ActiveCfg = Release|Any CPU
		{28132017-A9F1-4CBF-BA63-D15892343B9C}.Release|x64.Build.0 = Release|Any CPU
		{28132017-A9F1-4CBF-BA63-D15892343B9C}.Release|x86.ActiveCfg = Release|Any CPU
		{28132017-A9F1-4CBF-BA63-D15892343B9C}.Release|x86.Build.0 = Release|Any CPU
		{2F1B8929-D474-442D-B4D7-198E0DCED845}.Debug Mono|Any CPU.ActiveCfg = Debug|Any CPU
		{2F1B8929-D474-442D-B4D7-198E0DCED845}.Debug Mono|Any CPU.Build.0 = Debug|Any CPU
		{2F1B8929-D474-442D-B4D7-198E0DCED845}.Debug Mono|ARM.ActiveCfg = Debug|Any CPU
		{2F1B8929-D474-442D-B4D7-198E0DCED845}.Debug Mono|ARM.Build.0 = Debug|Any CPU
		{2F1B8929-D474-442D-B4D7-198E0DCED845}.Debug Mono|x64.ActiveCfg = Debug|Any CPU
		{2F1B8929-D474-442D-B4D7-198E0DCED845}.Debug Mono|x64.Build.0 = Debug|Any CPU
		{2F1B8929-D474-442D-B4D7-198E0DCED845}.Debug Mono|x86.ActiveCfg = Debug|Any CPU
		{2F1B8929-D474-442D-B4D7-198E0DCED845}.Debug Mono|x86.Build.0 = Debug|Any CPU
		{2F1B8929-D474-442D-B4D7-198E0DCED845}.Debug|Any CPU.ActiveCfg = Debug|Any CPU
		{2F1B8929-D474-442D-B4D7-198E0DCED845}.Debug|Any CPU.Build.0 = Debug|Any CPU
		{2F1B8929-D474-442D-B4D7-198E0DCED845}.Debug|ARM.ActiveCfg = Debug|Any CPU
		{2F1B8929-D474-442D-B4D7-198E0DCED845}.Debug|ARM.Build.0 = Debug|Any CPU
		{2F1B8929-D474-442D-B4D7-198E0DCED845}.Debug|x64.ActiveCfg = Debug|Any CPU
		{2F1B8929-D474-442D-B4D7-198E0DCED845}.Debug|x64.Build.0 = Debug|Any CPU
		{2F1B8929-D474-442D-B4D7-198E0DCED845}.Debug|x86.ActiveCfg = Debug|Any CPU
		{2F1B8929-D474-442D-B4D7-198E0DCED845}.Debug|x86.Build.0 = Debug|Any CPU
		{2F1B8929-D474-442D-B4D7-198E0DCED845}.Release Mono|Any CPU.ActiveCfg = Release|Any CPU
		{2F1B8929-D474-442D-B4D7-198E0DCED845}.Release Mono|Any CPU.Build.0 = Release|Any CPU
		{2F1B8929-D474-442D-B4D7-198E0DCED845}.Release Mono|ARM.ActiveCfg = Release|Any CPU
		{2F1B8929-D474-442D-B4D7-198E0DCED845}.Release Mono|ARM.Build.0 = Release|Any CPU
		{2F1B8929-D474-442D-B4D7-198E0DCED845}.Release Mono|x64.ActiveCfg = Release|Any CPU
		{2F1B8929-D474-442D-B4D7-198E0DCED845}.Release Mono|x64.Build.0 = Release|Any CPU
		{2F1B8929-D474-442D-B4D7-198E0DCED845}.Release Mono|x86.ActiveCfg = Release|Any CPU
		{2F1B8929-D474-442D-B4D7-198E0DCED845}.Release Mono|x86.Build.0 = Release|Any CPU
		{2F1B8929-D474-442D-B4D7-198E0DCED845}.Release|Any CPU.ActiveCfg = Release|Any CPU
		{2F1B8929-D474-442D-B4D7-198E0DCED845}.Release|Any CPU.Build.0 = Release|Any CPU
		{2F1B8929-D474-442D-B4D7-198E0DCED845}.Release|ARM.ActiveCfg = Release|Any CPU
		{2F1B8929-D474-442D-B4D7-198E0DCED845}.Release|ARM.Build.0 = Release|Any CPU
		{2F1B8929-D474-442D-B4D7-198E0DCED845}.Release|x64.ActiveCfg = Release|Any CPU
		{2F1B8929-D474-442D-B4D7-198E0DCED845}.Release|x64.Build.0 = Release|Any CPU
		{2F1B8929-D474-442D-B4D7-198E0DCED845}.Release|x86.ActiveCfg = Release|Any CPU
		{2F1B8929-D474-442D-B4D7-198E0DCED845}.Release|x86.Build.0 = Release|Any CPU
		{B7819CFF-4E5B-4BEC-9609-D94AD00D4E2B}.Debug Mono|Any CPU.ActiveCfg = Debug|Any CPU
		{B7819CFF-4E5B-4BEC-9609-D94AD00D4E2B}.Debug Mono|Any CPU.Build.0 = Debug|Any CPU
		{B7819CFF-4E5B-4BEC-9609-D94AD00D4E2B}.Debug Mono|ARM.ActiveCfg = Debug|Any CPU
		{B7819CFF-4E5B-4BEC-9609-D94AD00D4E2B}.Debug Mono|ARM.Build.0 = Debug|Any CPU
		{B7819CFF-4E5B-4BEC-9609-D94AD00D4E2B}.Debug Mono|x64.ActiveCfg = Debug|Any CPU
		{B7819CFF-4E5B-4BEC-9609-D94AD00D4E2B}.Debug Mono|x64.Build.0 = Debug|Any CPU
		{B7819CFF-4E5B-4BEC-9609-D94AD00D4E2B}.Debug Mono|x86.ActiveCfg = Debug|Any CPU
		{B7819CFF-4E5B-4BEC-9609-D94AD00D4E2B}.Debug Mono|x86.Build.0 = Debug|Any CPU
		{B7819CFF-4E5B-4BEC-9609-D94AD00D4E2B}.Debug|Any CPU.ActiveCfg = Debug|Any CPU
		{B7819CFF-4E5B-4BEC-9609-D94AD00D4E2B}.Debug|Any CPU.Build.0 = Debug|Any CPU
		{B7819CFF-4E5B-4BEC-9609-D94AD00D4E2B}.Debug|ARM.ActiveCfg = Debug|Any CPU
		{B7819CFF-4E5B-4BEC-9609-D94AD00D4E2B}.Debug|ARM.Build.0 = Debug|Any CPU
		{B7819CFF-4E5B-4BEC-9609-D94AD00D4E2B}.Debug|x64.ActiveCfg = Debug|Any CPU
		{B7819CFF-4E5B-4BEC-9609-D94AD00D4E2B}.Debug|x64.Build.0 = Debug|Any CPU
		{B7819CFF-4E5B-4BEC-9609-D94AD00D4E2B}.Debug|x86.ActiveCfg = Debug|Any CPU
		{B7819CFF-4E5B-4BEC-9609-D94AD00D4E2B}.Debug|x86.Build.0 = Debug|Any CPU
		{B7819CFF-4E5B-4BEC-9609-D94AD00D4E2B}.Release Mono|Any CPU.ActiveCfg = Release|Any CPU
		{B7819CFF-4E5B-4BEC-9609-D94AD00D4E2B}.Release Mono|Any CPU.Build.0 = Release|Any CPU
		{B7819CFF-4E5B-4BEC-9609-D94AD00D4E2B}.Release Mono|ARM.ActiveCfg = Release|Any CPU
		{B7819CFF-4E5B-4BEC-9609-D94AD00D4E2B}.Release Mono|ARM.Build.0 = Release|Any CPU
		{B7819CFF-4E5B-4BEC-9609-D94AD00D4E2B}.Release Mono|x64.ActiveCfg = Release|Any CPU
		{B7819CFF-4E5B-4BEC-9609-D94AD00D4E2B}.Release Mono|x64.Build.0 = Release|Any CPU
		{B7819CFF-4E5B-4BEC-9609-D94AD00D4E2B}.Release Mono|x86.ActiveCfg = Release|Any CPU
		{B7819CFF-4E5B-4BEC-9609-D94AD00D4E2B}.Release Mono|x86.Build.0 = Release|Any CPU
		{B7819CFF-4E5B-4BEC-9609-D94AD00D4E2B}.Release|Any CPU.ActiveCfg = Release|Any CPU
		{B7819CFF-4E5B-4BEC-9609-D94AD00D4E2B}.Release|Any CPU.Build.0 = Release|Any CPU
		{B7819CFF-4E5B-4BEC-9609-D94AD00D4E2B}.Release|ARM.ActiveCfg = Release|Any CPU
		{B7819CFF-4E5B-4BEC-9609-D94AD00D4E2B}.Release|ARM.Build.0 = Release|Any CPU
		{B7819CFF-4E5B-4BEC-9609-D94AD00D4E2B}.Release|x64.ActiveCfg = Release|Any CPU
		{B7819CFF-4E5B-4BEC-9609-D94AD00D4E2B}.Release|x64.Build.0 = Release|Any CPU
		{B7819CFF-4E5B-4BEC-9609-D94AD00D4E2B}.Release|x86.ActiveCfg = Release|Any CPU
		{B7819CFF-4E5B-4BEC-9609-D94AD00D4E2B}.Release|x86.Build.0 = Release|Any CPU
		{02EA437A-7062-4AC8-A376-0E48985EE890}.Debug Mono|Any CPU.ActiveCfg = Debug|Any CPU
		{02EA437A-7062-4AC8-A376-0E48985EE890}.Debug Mono|Any CPU.Build.0 = Debug|Any CPU
		{02EA437A-7062-4AC8-A376-0E48985EE890}.Debug Mono|ARM.ActiveCfg = Debug|Any CPU
		{02EA437A-7062-4AC8-A376-0E48985EE890}.Debug Mono|ARM.Build.0 = Debug|Any CPU
		{02EA437A-7062-4AC8-A376-0E48985EE890}.Debug Mono|x64.ActiveCfg = Debug|Any CPU
		{02EA437A-7062-4AC8-A376-0E48985EE890}.Debug Mono|x64.Build.0 = Debug|Any CPU
		{02EA437A-7062-4AC8-A376-0E48985EE890}.Debug Mono|x86.ActiveCfg = Debug|Any CPU
		{02EA437A-7062-4AC8-A376-0E48985EE890}.Debug Mono|x86.Build.0 = Debug|Any CPU
		{02EA437A-7062-4AC8-A376-0E48985EE890}.Debug|Any CPU.ActiveCfg = Debug|Any CPU
		{02EA437A-7062-4AC8-A376-0E48985EE890}.Debug|Any CPU.Build.0 = Debug|Any CPU
		{02EA437A-7062-4AC8-A376-0E48985EE890}.Debug|ARM.ActiveCfg = Debug|Any CPU
		{02EA437A-7062-4AC8-A376-0E48985EE890}.Debug|ARM.Build.0 = Debug|Any CPU
		{02EA437A-7062-4AC8-A376-0E48985EE890}.Debug|x64.ActiveCfg = Debug|Any CPU
		{02EA437A-7062-4AC8-A376-0E48985EE890}.Debug|x64.Build.0 = Debug|Any CPU
		{02EA437A-7062-4AC8-A376-0E48985EE890}.Debug|x86.ActiveCfg = Debug|Any CPU
		{02EA437A-7062-4AC8-A376-0E48985EE890}.Debug|x86.Build.0 = Debug|Any CPU
		{02EA437A-7062-4AC8-A376-0E48985EE890}.Release Mono|Any CPU.ActiveCfg = Release|Any CPU
		{02EA437A-7062-4AC8-A376-0E48985EE890}.Release Mono|Any CPU.Build.0 = Release|Any CPU
		{02EA437A-7062-4AC8-A376-0E48985EE890}.Release Mono|ARM.ActiveCfg = Release|Any CPU
		{02EA437A-7062-4AC8-A376-0E48985EE890}.Release Mono|ARM.Build.0 = Release|Any CPU
		{02EA437A-7062-4AC8-A376-0E48985EE890}.Release Mono|x64.ActiveCfg = Release|Any CPU
		{02EA437A-7062-4AC8-A376-0E48985EE890}.Release Mono|x64.Build.0 = Release|Any CPU
		{02EA437A-7062-4AC8-A376-0E48985EE890}.Release Mono|x86.ActiveCfg = Release|Any CPU
		{02EA437A-7062-4AC8-A376-0E48985EE890}.Release Mono|x86.Build.0 = Release|Any CPU
		{02EA437A-7062-4AC8-A376-0E48985EE890}.Release|Any CPU.ActiveCfg = Release|Any CPU
		{02EA437A-7062-4AC8-A376-0E48985EE890}.Release|Any CPU.Build.0 = Release|Any CPU
		{02EA437A-7062-4AC8-A376-0E48985EE890}.Release|ARM.ActiveCfg = Release|Any CPU
		{02EA437A-7062-4AC8-A376-0E48985EE890}.Release|ARM.Build.0 = Release|Any CPU
		{02EA437A-7062-4AC8-A376-0E48985EE890}.Release|x64.ActiveCfg = Release|Any CPU
		{02EA437A-7062-4AC8-A376-0E48985EE890}.Release|x64.Build.0 = Release|Any CPU
		{02EA437A-7062-4AC8-A376-0E48985EE890}.Release|x86.ActiveCfg = Release|Any CPU
		{02EA437A-7062-4AC8-A376-0E48985EE890}.Release|x86.Build.0 = Release|Any CPU
		{F9F132E6-EBF4-4A05-9958-EF8EF3994D48}.Debug Mono|Any CPU.ActiveCfg = Debug|Any CPU
		{F9F132E6-EBF4-4A05-9958-EF8EF3994D48}.Debug Mono|Any CPU.Build.0 = Debug|Any CPU
		{F9F132E6-EBF4-4A05-9958-EF8EF3994D48}.Debug Mono|ARM.ActiveCfg = Debug|Any CPU
		{F9F132E6-EBF4-4A05-9958-EF8EF3994D48}.Debug Mono|ARM.Build.0 = Debug|Any CPU
		{F9F132E6-EBF4-4A05-9958-EF8EF3994D48}.Debug Mono|x64.ActiveCfg = Debug|Any CPU
		{F9F132E6-EBF4-4A05-9958-EF8EF3994D48}.Debug Mono|x64.Build.0 = Debug|Any CPU
		{F9F132E6-EBF4-4A05-9958-EF8EF3994D48}.Debug Mono|x86.ActiveCfg = Debug|Any CPU
		{F9F132E6-EBF4-4A05-9958-EF8EF3994D48}.Debug Mono|x86.Build.0 = Debug|Any CPU
		{F9F132E6-EBF4-4A05-9958-EF8EF3994D48}.Debug|Any CPU.ActiveCfg = Debug|Any CPU
		{F9F132E6-EBF4-4A05-9958-EF8EF3994D48}.Debug|Any CPU.Build.0 = Debug|Any CPU
		{F9F132E6-EBF4-4A05-9958-EF8EF3994D48}.Debug|ARM.ActiveCfg = Debug|Any CPU
		{F9F132E6-EBF4-4A05-9958-EF8EF3994D48}.Debug|ARM.Build.0 = Debug|Any CPU
		{F9F132E6-EBF4-4A05-9958-EF8EF3994D48}.Debug|x64.ActiveCfg = Debug|Any CPU
		{F9F132E6-EBF4-4A05-9958-EF8EF3994D48}.Debug|x64.Build.0 = Debug|Any CPU
		{F9F132E6-EBF4-4A05-9958-EF8EF3994D48}.Debug|x86.ActiveCfg = Debug|Any CPU
		{F9F132E6-EBF4-4A05-9958-EF8EF3994D48}.Debug|x86.Build.0 = Debug|Any CPU
		{F9F132E6-EBF4-4A05-9958-EF8EF3994D48}.Release Mono|Any CPU.ActiveCfg = Release|Any CPU
		{F9F132E6-EBF4-4A05-9958-EF8EF3994D48}.Release Mono|Any CPU.Build.0 = Release|Any CPU
		{F9F132E6-EBF4-4A05-9958-EF8EF3994D48}.Release Mono|ARM.ActiveCfg = Release|Any CPU
		{F9F132E6-EBF4-4A05-9958-EF8EF3994D48}.Release Mono|ARM.Build.0 = Release|Any CPU
		{F9F132E6-EBF4-4A05-9958-EF8EF3994D48}.Release Mono|x64.ActiveCfg = Release|Any CPU
		{F9F132E6-EBF4-4A05-9958-EF8EF3994D48}.Release Mono|x64.Build.0 = Release|Any CPU
		{F9F132E6-EBF4-4A05-9958-EF8EF3994D48}.Release Mono|x86.ActiveCfg = Release|Any CPU
		{F9F132E6-EBF4-4A05-9958-EF8EF3994D48}.Release Mono|x86.Build.0 = Release|Any CPU
		{F9F132E6-EBF4-4A05-9958-EF8EF3994D48}.Release|Any CPU.ActiveCfg = Release|Any CPU
		{F9F132E6-EBF4-4A05-9958-EF8EF3994D48}.Release|Any CPU.Build.0 = Release|Any CPU
		{F9F132E6-EBF4-4A05-9958-EF8EF3994D48}.Release|ARM.ActiveCfg = Release|Any CPU
		{F9F132E6-EBF4-4A05-9958-EF8EF3994D48}.Release|ARM.Build.0 = Release|Any CPU
		{F9F132E6-EBF4-4A05-9958-EF8EF3994D48}.Release|x64.ActiveCfg = Release|Any CPU
		{F9F132E6-EBF4-4A05-9958-EF8EF3994D48}.Release|x64.Build.0 = Release|Any CPU
		{F9F132E6-EBF4-4A05-9958-EF8EF3994D48}.Release|x86.ActiveCfg = Release|Any CPU
		{F9F132E6-EBF4-4A05-9958-EF8EF3994D48}.Release|x86.Build.0 = Release|Any CPU
		{50848860-3835-4DF9-8293-8AE0B01E8FC1}.Debug Mono|Any CPU.ActiveCfg = Debug|Any CPU
		{50848860-3835-4DF9-8293-8AE0B01E8FC1}.Debug Mono|Any CPU.Build.0 = Debug|Any CPU
		{50848860-3835-4DF9-8293-8AE0B01E8FC1}.Debug Mono|ARM.ActiveCfg = Debug|Any CPU
		{50848860-3835-4DF9-8293-8AE0B01E8FC1}.Debug Mono|ARM.Build.0 = Debug|Any CPU
		{50848860-3835-4DF9-8293-8AE0B01E8FC1}.Debug Mono|x64.ActiveCfg = Debug|Any CPU
		{50848860-3835-4DF9-8293-8AE0B01E8FC1}.Debug Mono|x64.Build.0 = Debug|Any CPU
		{50848860-3835-4DF9-8293-8AE0B01E8FC1}.Debug Mono|x86.ActiveCfg = Debug|Any CPU
		{50848860-3835-4DF9-8293-8AE0B01E8FC1}.Debug Mono|x86.Build.0 = Debug|Any CPU
		{50848860-3835-4DF9-8293-8AE0B01E8FC1}.Debug|Any CPU.ActiveCfg = Debug|Any CPU
		{50848860-3835-4DF9-8293-8AE0B01E8FC1}.Debug|Any CPU.Build.0 = Debug|Any CPU
		{50848860-3835-4DF9-8293-8AE0B01E8FC1}.Debug|ARM.ActiveCfg = Debug|Any CPU
		{50848860-3835-4DF9-8293-8AE0B01E8FC1}.Debug|ARM.Build.0 = Debug|Any CPU
		{50848860-3835-4DF9-8293-8AE0B01E8FC1}.Debug|x64.ActiveCfg = Debug|Any CPU
		{50848860-3835-4DF9-8293-8AE0B01E8FC1}.Debug|x64.Build.0 = Debug|Any CPU
		{50848860-3835-4DF9-8293-8AE0B01E8FC1}.Debug|x86.ActiveCfg = Debug|Any CPU
		{50848860-3835-4DF9-8293-8AE0B01E8FC1}.Debug|x86.Build.0 = Debug|Any CPU
		{50848860-3835-4DF9-8293-8AE0B01E8FC1}.Release Mono|Any CPU.ActiveCfg = Release|Any CPU
		{50848860-3835-4DF9-8293-8AE0B01E8FC1}.Release Mono|Any CPU.Build.0 = Release|Any CPU
		{50848860-3835-4DF9-8293-8AE0B01E8FC1}.Release Mono|ARM.ActiveCfg = Release|Any CPU
		{50848860-3835-4DF9-8293-8AE0B01E8FC1}.Release Mono|ARM.Build.0 = Release|Any CPU
		{50848860-3835-4DF9-8293-8AE0B01E8FC1}.Release Mono|x64.ActiveCfg = Release|Any CPU
		{50848860-3835-4DF9-8293-8AE0B01E8FC1}.Release Mono|x64.Build.0 = Release|Any CPU
		{50848860-3835-4DF9-8293-8AE0B01E8FC1}.Release Mono|x86.ActiveCfg = Release|Any CPU
		{50848860-3835-4DF9-8293-8AE0B01E8FC1}.Release Mono|x86.Build.0 = Release|Any CPU
		{50848860-3835-4DF9-8293-8AE0B01E8FC1}.Release|Any CPU.ActiveCfg = Release|Any CPU
		{50848860-3835-4DF9-8293-8AE0B01E8FC1}.Release|Any CPU.Build.0 = Release|Any CPU
		{50848860-3835-4DF9-8293-8AE0B01E8FC1}.Release|ARM.ActiveCfg = Release|Any CPU
		{50848860-3835-4DF9-8293-8AE0B01E8FC1}.Release|ARM.Build.0 = Release|Any CPU
		{50848860-3835-4DF9-8293-8AE0B01E8FC1}.Release|x64.ActiveCfg = Release|Any CPU
		{50848860-3835-4DF9-8293-8AE0B01E8FC1}.Release|x64.Build.0 = Release|Any CPU
		{50848860-3835-4DF9-8293-8AE0B01E8FC1}.Release|x86.ActiveCfg = Release|Any CPU
		{50848860-3835-4DF9-8293-8AE0B01E8FC1}.Release|x86.Build.0 = Release|Any CPU
		{66435E1F-F35B-4933-8549-226AFC128BE5}.Debug Mono|Any CPU.ActiveCfg = Debug|Any CPU
		{66435E1F-F35B-4933-8549-226AFC128BE5}.Debug Mono|Any CPU.Build.0 = Debug|Any CPU
		{66435E1F-F35B-4933-8549-226AFC128BE5}.Debug Mono|ARM.ActiveCfg = Debug|Any CPU
		{66435E1F-F35B-4933-8549-226AFC128BE5}.Debug Mono|ARM.Build.0 = Debug|Any CPU
		{66435E1F-F35B-4933-8549-226AFC128BE5}.Debug Mono|x64.ActiveCfg = Debug|Any CPU
		{66435E1F-F35B-4933-8549-226AFC128BE5}.Debug Mono|x64.Build.0 = Debug|Any CPU
		{66435E1F-F35B-4933-8549-226AFC128BE5}.Debug Mono|x86.ActiveCfg = Debug|Any CPU
		{66435E1F-F35B-4933-8549-226AFC128BE5}.Debug Mono|x86.Build.0 = Debug|Any CPU
		{66435E1F-F35B-4933-8549-226AFC128BE5}.Debug|Any CPU.ActiveCfg = Debug|Any CPU
		{66435E1F-F35B-4933-8549-226AFC128BE5}.Debug|Any CPU.Build.0 = Debug|Any CPU
		{66435E1F-F35B-4933-8549-226AFC128BE5}.Debug|ARM.ActiveCfg = Debug|Any CPU
		{66435E1F-F35B-4933-8549-226AFC128BE5}.Debug|ARM.Build.0 = Debug|Any CPU
		{66435E1F-F35B-4933-8549-226AFC128BE5}.Debug|x64.ActiveCfg = Debug|Any CPU
		{66435E1F-F35B-4933-8549-226AFC128BE5}.Debug|x64.Build.0 = Debug|Any CPU
		{66435E1F-F35B-4933-8549-226AFC128BE5}.Debug|x86.ActiveCfg = Debug|Any CPU
		{66435E1F-F35B-4933-8549-226AFC128BE5}.Debug|x86.Build.0 = Debug|Any CPU
		{66435E1F-F35B-4933-8549-226AFC128BE5}.Release Mono|Any CPU.ActiveCfg = Release|Any CPU
		{66435E1F-F35B-4933-8549-226AFC128BE5}.Release Mono|Any CPU.Build.0 = Release|Any CPU
		{66435E1F-F35B-4933-8549-226AFC128BE5}.Release Mono|ARM.ActiveCfg = Release|Any CPU
		{66435E1F-F35B-4933-8549-226AFC128BE5}.Release Mono|ARM.Build.0 = Release|Any CPU
		{66435E1F-F35B-4933-8549-226AFC128BE5}.Release Mono|x64.ActiveCfg = Release|Any CPU
		{66435E1F-F35B-4933-8549-226AFC128BE5}.Release Mono|x64.Build.0 = Release|Any CPU
		{66435E1F-F35B-4933-8549-226AFC128BE5}.Release Mono|x86.ActiveCfg = Release|Any CPU
		{66435E1F-F35B-4933-8549-226AFC128BE5}.Release Mono|x86.Build.0 = Release|Any CPU
		{66435E1F-F35B-4933-8549-226AFC128BE5}.Release|Any CPU.ActiveCfg = Release|Any CPU
		{66435E1F-F35B-4933-8549-226AFC128BE5}.Release|Any CPU.Build.0 = Release|Any CPU
		{66435E1F-F35B-4933-8549-226AFC128BE5}.Release|ARM.ActiveCfg = Release|Any CPU
		{66435E1F-F35B-4933-8549-226AFC128BE5}.Release|ARM.Build.0 = Release|Any CPU
		{66435E1F-F35B-4933-8549-226AFC128BE5}.Release|x64.ActiveCfg = Release|Any CPU
		{66435E1F-F35B-4933-8549-226AFC128BE5}.Release|x64.Build.0 = Release|Any CPU
		{66435E1F-F35B-4933-8549-226AFC128BE5}.Release|x86.ActiveCfg = Release|Any CPU
		{66435E1F-F35B-4933-8549-226AFC128BE5}.Release|x86.Build.0 = Release|Any CPU
		{4FCBACB6-2A74-4494-861F-4A87BBBA6FE5}.Debug Mono|Any CPU.ActiveCfg = Debug|Any CPU
		{4FCBACB6-2A74-4494-861F-4A87BBBA6FE5}.Debug Mono|Any CPU.Build.0 = Debug|Any CPU
		{4FCBACB6-2A74-4494-861F-4A87BBBA6FE5}.Debug Mono|ARM.ActiveCfg = Debug|Any CPU
		{4FCBACB6-2A74-4494-861F-4A87BBBA6FE5}.Debug Mono|ARM.Build.0 = Debug|Any CPU
		{4FCBACB6-2A74-4494-861F-4A87BBBA6FE5}.Debug Mono|x64.ActiveCfg = Debug|Any CPU
		{4FCBACB6-2A74-4494-861F-4A87BBBA6FE5}.Debug Mono|x64.Build.0 = Debug|Any CPU
		{4FCBACB6-2A74-4494-861F-4A87BBBA6FE5}.Debug Mono|x86.ActiveCfg = Debug|Any CPU
		{4FCBACB6-2A74-4494-861F-4A87BBBA6FE5}.Debug Mono|x86.Build.0 = Debug|Any CPU
		{4FCBACB6-2A74-4494-861F-4A87BBBA6FE5}.Debug|Any CPU.ActiveCfg = Debug|Any CPU
		{4FCBACB6-2A74-4494-861F-4A87BBBA6FE5}.Debug|Any CPU.Build.0 = Debug|Any CPU
		{4FCBACB6-2A74-4494-861F-4A87BBBA6FE5}.Debug|ARM.ActiveCfg = Debug|Any CPU
		{4FCBACB6-2A74-4494-861F-4A87BBBA6FE5}.Debug|ARM.Build.0 = Debug|Any CPU
		{4FCBACB6-2A74-4494-861F-4A87BBBA6FE5}.Debug|x64.ActiveCfg = Debug|Any CPU
		{4FCBACB6-2A74-4494-861F-4A87BBBA6FE5}.Debug|x64.Build.0 = Debug|Any CPU
		{4FCBACB6-2A74-4494-861F-4A87BBBA6FE5}.Debug|x86.ActiveCfg = Debug|Any CPU
		{4FCBACB6-2A74-4494-861F-4A87BBBA6FE5}.Debug|x86.Build.0 = Debug|Any CPU
		{4FCBACB6-2A74-4494-861F-4A87BBBA6FE5}.Release Mono|Any CPU.ActiveCfg = Release|Any CPU
		{4FCBACB6-2A74-4494-861F-4A87BBBA6FE5}.Release Mono|Any CPU.Build.0 = Release|Any CPU
		{4FCBACB6-2A74-4494-861F-4A87BBBA6FE5}.Release Mono|ARM.ActiveCfg = Release|Any CPU
		{4FCBACB6-2A74-4494-861F-4A87BBBA6FE5}.Release Mono|ARM.Build.0 = Release|Any CPU
		{4FCBACB6-2A74-4494-861F-4A87BBBA6FE5}.Release Mono|x64.ActiveCfg = Release|Any CPU
		{4FCBACB6-2A74-4494-861F-4A87BBBA6FE5}.Release Mono|x64.Build.0 = Release|Any CPU
		{4FCBACB6-2A74-4494-861F-4A87BBBA6FE5}.Release Mono|x86.ActiveCfg = Release|Any CPU
		{4FCBACB6-2A74-4494-861F-4A87BBBA6FE5}.Release Mono|x86.Build.0 = Release|Any CPU
		{4FCBACB6-2A74-4494-861F-4A87BBBA6FE5}.Release|Any CPU.ActiveCfg = Release|Any CPU
		{4FCBACB6-2A74-4494-861F-4A87BBBA6FE5}.Release|Any CPU.Build.0 = Release|Any CPU
		{4FCBACB6-2A74-4494-861F-4A87BBBA6FE5}.Release|ARM.ActiveCfg = Release|Any CPU
		{4FCBACB6-2A74-4494-861F-4A87BBBA6FE5}.Release|ARM.Build.0 = Release|Any CPU
		{4FCBACB6-2A74-4494-861F-4A87BBBA6FE5}.Release|x64.ActiveCfg = Release|Any CPU
		{4FCBACB6-2A74-4494-861F-4A87BBBA6FE5}.Release|x64.Build.0 = Release|Any CPU
		{4FCBACB6-2A74-4494-861F-4A87BBBA6FE5}.Release|x86.ActiveCfg = Release|Any CPU
		{4FCBACB6-2A74-4494-861F-4A87BBBA6FE5}.Release|x86.Build.0 = Release|Any CPU
		{6D89E14B-4F2F-42CF-90C4-3D03992A737E}.Debug Mono|Any CPU.ActiveCfg = Debug|Any CPU
		{6D89E14B-4F2F-42CF-90C4-3D03992A737E}.Debug Mono|Any CPU.Build.0 = Debug|Any CPU
		{6D89E14B-4F2F-42CF-90C4-3D03992A737E}.Debug Mono|ARM.ActiveCfg = Debug|Any CPU
		{6D89E14B-4F2F-42CF-90C4-3D03992A737E}.Debug Mono|ARM.Build.0 = Debug|Any CPU
		{6D89E14B-4F2F-42CF-90C4-3D03992A737E}.Debug Mono|x64.ActiveCfg = Debug|Any CPU
		{6D89E14B-4F2F-42CF-90C4-3D03992A737E}.Debug Mono|x64.Build.0 = Debug|Any CPU
		{6D89E14B-4F2F-42CF-90C4-3D03992A737E}.Debug Mono|x86.ActiveCfg = Debug|Any CPU
		{6D89E14B-4F2F-42CF-90C4-3D03992A737E}.Debug Mono|x86.Build.0 = Debug|Any CPU
		{6D89E14B-4F2F-42CF-90C4-3D03992A737E}.Debug|Any CPU.ActiveCfg = Debug|Any CPU
		{6D89E14B-4F2F-42CF-90C4-3D03992A737E}.Debug|Any CPU.Build.0 = Debug|Any CPU
		{6D89E14B-4F2F-42CF-90C4-3D03992A737E}.Debug|ARM.ActiveCfg = Debug|Any CPU
		{6D89E14B-4F2F-42CF-90C4-3D03992A737E}.Debug|ARM.Build.0 = Debug|Any CPU
		{6D89E14B-4F2F-42CF-90C4-3D03992A737E}.Debug|x64.ActiveCfg = Debug|Any CPU
		{6D89E14B-4F2F-42CF-90C4-3D03992A737E}.Debug|x64.Build.0 = Debug|Any CPU
		{6D89E14B-4F2F-42CF-90C4-3D03992A737E}.Debug|x86.ActiveCfg = Debug|Any CPU
		{6D89E14B-4F2F-42CF-90C4-3D03992A737E}.Debug|x86.Build.0 = Debug|Any CPU
		{6D89E14B-4F2F-42CF-90C4-3D03992A737E}.Release Mono|Any CPU.ActiveCfg = Release|Any CPU
		{6D89E14B-4F2F-42CF-90C4-3D03992A737E}.Release Mono|Any CPU.Build.0 = Release|Any CPU
		{6D89E14B-4F2F-42CF-90C4-3D03992A737E}.Release Mono|ARM.ActiveCfg = Release|Any CPU
		{6D89E14B-4F2F-42CF-90C4-3D03992A737E}.Release Mono|ARM.Build.0 = Release|Any CPU
		{6D89E14B-4F2F-42CF-90C4-3D03992A737E}.Release Mono|x64.ActiveCfg = Release|Any CPU
		{6D89E14B-4F2F-42CF-90C4-3D03992A737E}.Release Mono|x64.Build.0 = Release|Any CPU
		{6D89E14B-4F2F-42CF-90C4-3D03992A737E}.Release Mono|x86.ActiveCfg = Release|Any CPU
		{6D89E14B-4F2F-42CF-90C4-3D03992A737E}.Release Mono|x86.Build.0 = Release|Any CPU
		{6D89E14B-4F2F-42CF-90C4-3D03992A737E}.Release|Any CPU.ActiveCfg = Release|Any CPU
		{6D89E14B-4F2F-42CF-90C4-3D03992A737E}.Release|Any CPU.Build.0 = Release|Any CPU
		{6D89E14B-4F2F-42CF-90C4-3D03992A737E}.Release|ARM.ActiveCfg = Release|Any CPU
		{6D89E14B-4F2F-42CF-90C4-3D03992A737E}.Release|ARM.Build.0 = Release|Any CPU
		{6D89E14B-4F2F-42CF-90C4-3D03992A737E}.Release|x64.ActiveCfg = Release|Any CPU
		{6D89E14B-4F2F-42CF-90C4-3D03992A737E}.Release|x64.Build.0 = Release|Any CPU
		{6D89E14B-4F2F-42CF-90C4-3D03992A737E}.Release|x86.ActiveCfg = Release|Any CPU
		{6D89E14B-4F2F-42CF-90C4-3D03992A737E}.Release|x86.Build.0 = Release|Any CPU
		{482E5DED-44A6-420D-99E0-A0F914FF1561}.Debug Mono|Any CPU.ActiveCfg = Debug|Any CPU
		{482E5DED-44A6-420D-99E0-A0F914FF1561}.Debug Mono|Any CPU.Build.0 = Debug|Any CPU
		{482E5DED-44A6-420D-99E0-A0F914FF1561}.Debug Mono|ARM.ActiveCfg = Debug|Any CPU
		{482E5DED-44A6-420D-99E0-A0F914FF1561}.Debug Mono|ARM.Build.0 = Debug|Any CPU
		{482E5DED-44A6-420D-99E0-A0F914FF1561}.Debug Mono|x64.ActiveCfg = Debug|Any CPU
		{482E5DED-44A6-420D-99E0-A0F914FF1561}.Debug Mono|x64.Build.0 = Debug|Any CPU
		{482E5DED-44A6-420D-99E0-A0F914FF1561}.Debug Mono|x86.ActiveCfg = Debug|Any CPU
		{482E5DED-44A6-420D-99E0-A0F914FF1561}.Debug Mono|x86.Build.0 = Debug|Any CPU
		{482E5DED-44A6-420D-99E0-A0F914FF1561}.Debug|Any CPU.ActiveCfg = Debug|Any CPU
		{482E5DED-44A6-420D-99E0-A0F914FF1561}.Debug|Any CPU.Build.0 = Debug|Any CPU
		{482E5DED-44A6-420D-99E0-A0F914FF1561}.Debug|ARM.ActiveCfg = Debug|Any CPU
		{482E5DED-44A6-420D-99E0-A0F914FF1561}.Debug|ARM.Build.0 = Debug|Any CPU
		{482E5DED-44A6-420D-99E0-A0F914FF1561}.Debug|x64.ActiveCfg = Debug|Any CPU
		{482E5DED-44A6-420D-99E0-A0F914FF1561}.Debug|x64.Build.0 = Debug|Any CPU
		{482E5DED-44A6-420D-99E0-A0F914FF1561}.Debug|x86.ActiveCfg = Debug|Any CPU
		{482E5DED-44A6-420D-99E0-A0F914FF1561}.Debug|x86.Build.0 = Debug|Any CPU
		{482E5DED-44A6-420D-99E0-A0F914FF1561}.Release Mono|Any CPU.ActiveCfg = Release|Any CPU
		{482E5DED-44A6-420D-99E0-A0F914FF1561}.Release Mono|Any CPU.Build.0 = Release|Any CPU
		{482E5DED-44A6-420D-99E0-A0F914FF1561}.Release Mono|ARM.ActiveCfg = Release|Any CPU
		{482E5DED-44A6-420D-99E0-A0F914FF1561}.Release Mono|ARM.Build.0 = Release|Any CPU
		{482E5DED-44A6-420D-99E0-A0F914FF1561}.Release Mono|x64.ActiveCfg = Release|Any CPU
		{482E5DED-44A6-420D-99E0-A0F914FF1561}.Release Mono|x64.Build.0 = Release|Any CPU
		{482E5DED-44A6-420D-99E0-A0F914FF1561}.Release Mono|x86.ActiveCfg = Release|Any CPU
		{482E5DED-44A6-420D-99E0-A0F914FF1561}.Release Mono|x86.Build.0 = Release|Any CPU
		{482E5DED-44A6-420D-99E0-A0F914FF1561}.Release|Any CPU.ActiveCfg = Release|Any CPU
		{482E5DED-44A6-420D-99E0-A0F914FF1561}.Release|Any CPU.Build.0 = Release|Any CPU
		{482E5DED-44A6-420D-99E0-A0F914FF1561}.Release|ARM.ActiveCfg = Release|Any CPU
		{482E5DED-44A6-420D-99E0-A0F914FF1561}.Release|ARM.Build.0 = Release|Any CPU
		{482E5DED-44A6-420D-99E0-A0F914FF1561}.Release|x64.ActiveCfg = Release|Any CPU
		{482E5DED-44A6-420D-99E0-A0F914FF1561}.Release|x64.Build.0 = Release|Any CPU
		{482E5DED-44A6-420D-99E0-A0F914FF1561}.Release|x86.ActiveCfg = Release|Any CPU
		{482E5DED-44A6-420D-99E0-A0F914FF1561}.Release|x86.Build.0 = Release|Any CPU
		{B3F7A926-C62B-40DE-BF4D-094BCADC5AE6}.Debug Mono|Any CPU.ActiveCfg = Debug|Any CPU
		{B3F7A926-C62B-40DE-BF4D-094BCADC5AE6}.Debug Mono|Any CPU.Build.0 = Debug|Any CPU
		{B3F7A926-C62B-40DE-BF4D-094BCADC5AE6}.Debug Mono|ARM.ActiveCfg = Debug|Any CPU
		{B3F7A926-C62B-40DE-BF4D-094BCADC5AE6}.Debug Mono|ARM.Build.0 = Debug|Any CPU
		{B3F7A926-C62B-40DE-BF4D-094BCADC5AE6}.Debug Mono|x64.ActiveCfg = Debug|Any CPU
		{B3F7A926-C62B-40DE-BF4D-094BCADC5AE6}.Debug Mono|x64.Build.0 = Debug|Any CPU
		{B3F7A926-C62B-40DE-BF4D-094BCADC5AE6}.Debug Mono|x86.ActiveCfg = Debug|Any CPU
		{B3F7A926-C62B-40DE-BF4D-094BCADC5AE6}.Debug Mono|x86.Build.0 = Debug|Any CPU
		{B3F7A926-C62B-40DE-BF4D-094BCADC5AE6}.Debug|Any CPU.ActiveCfg = Debug|Any CPU
		{B3F7A926-C62B-40DE-BF4D-094BCADC5AE6}.Debug|Any CPU.Build.0 = Debug|Any CPU
		{B3F7A926-C62B-40DE-BF4D-094BCADC5AE6}.Debug|ARM.ActiveCfg = Debug|Any CPU
		{B3F7A926-C62B-40DE-BF4D-094BCADC5AE6}.Debug|ARM.Build.0 = Debug|Any CPU
		{B3F7A926-C62B-40DE-BF4D-094BCADC5AE6}.Debug|x64.ActiveCfg = Debug|Any CPU
		{B3F7A926-C62B-40DE-BF4D-094BCADC5AE6}.Debug|x64.Build.0 = Debug|Any CPU
		{B3F7A926-C62B-40DE-BF4D-094BCADC5AE6}.Debug|x86.ActiveCfg = Debug|Any CPU
		{B3F7A926-C62B-40DE-BF4D-094BCADC5AE6}.Debug|x86.Build.0 = Debug|Any CPU
		{B3F7A926-C62B-40DE-BF4D-094BCADC5AE6}.Release Mono|Any CPU.ActiveCfg = Release|Any CPU
		{B3F7A926-C62B-40DE-BF4D-094BCADC5AE6}.Release Mono|Any CPU.Build.0 = Release|Any CPU
		{B3F7A926-C62B-40DE-BF4D-094BCADC5AE6}.Release Mono|ARM.ActiveCfg = Release|Any CPU
		{B3F7A926-C62B-40DE-BF4D-094BCADC5AE6}.Release Mono|ARM.Build.0 = Release|Any CPU
		{B3F7A926-C62B-40DE-BF4D-094BCADC5AE6}.Release Mono|x64.ActiveCfg = Release|Any CPU
		{B3F7A926-C62B-40DE-BF4D-094BCADC5AE6}.Release Mono|x64.Build.0 = Release|Any CPU
		{B3F7A926-C62B-40DE-BF4D-094BCADC5AE6}.Release Mono|x86.ActiveCfg = Release|Any CPU
		{B3F7A926-C62B-40DE-BF4D-094BCADC5AE6}.Release Mono|x86.Build.0 = Release|Any CPU
		{B3F7A926-C62B-40DE-BF4D-094BCADC5AE6}.Release|Any CPU.ActiveCfg = Release|Any CPU
		{B3F7A926-C62B-40DE-BF4D-094BCADC5AE6}.Release|Any CPU.Build.0 = Release|Any CPU
		{B3F7A926-C62B-40DE-BF4D-094BCADC5AE6}.Release|ARM.ActiveCfg = Release|Any CPU
		{B3F7A926-C62B-40DE-BF4D-094BCADC5AE6}.Release|ARM.Build.0 = Release|Any CPU
		{B3F7A926-C62B-40DE-BF4D-094BCADC5AE6}.Release|x64.ActiveCfg = Release|Any CPU
		{B3F7A926-C62B-40DE-BF4D-094BCADC5AE6}.Release|x64.Build.0 = Release|Any CPU
		{B3F7A926-C62B-40DE-BF4D-094BCADC5AE6}.Release|x86.ActiveCfg = Release|Any CPU
		{B3F7A926-C62B-40DE-BF4D-094BCADC5AE6}.Release|x86.Build.0 = Release|Any CPU
		{B5959B17-E013-4F1C-9D54-9BA22F03C1D8}.Debug Mono|Any CPU.ActiveCfg = Debug|Any CPU
		{B5959B17-E013-4F1C-9D54-9BA22F03C1D8}.Debug Mono|Any CPU.Build.0 = Debug|Any CPU
		{B5959B17-E013-4F1C-9D54-9BA22F03C1D8}.Debug Mono|ARM.ActiveCfg = Debug|Any CPU
		{B5959B17-E013-4F1C-9D54-9BA22F03C1D8}.Debug Mono|ARM.Build.0 = Debug|Any CPU
		{B5959B17-E013-4F1C-9D54-9BA22F03C1D8}.Debug Mono|x64.ActiveCfg = Debug|Any CPU
		{B5959B17-E013-4F1C-9D54-9BA22F03C1D8}.Debug Mono|x64.Build.0 = Debug|Any CPU
		{B5959B17-E013-4F1C-9D54-9BA22F03C1D8}.Debug Mono|x86.ActiveCfg = Debug|Any CPU
		{B5959B17-E013-4F1C-9D54-9BA22F03C1D8}.Debug Mono|x86.Build.0 = Debug|Any CPU
		{B5959B17-E013-4F1C-9D54-9BA22F03C1D8}.Debug|Any CPU.ActiveCfg = Debug|Any CPU
		{B5959B17-E013-4F1C-9D54-9BA22F03C1D8}.Debug|Any CPU.Build.0 = Debug|Any CPU
		{B5959B17-E013-4F1C-9D54-9BA22F03C1D8}.Debug|ARM.ActiveCfg = Debug|Any CPU
		{B5959B17-E013-4F1C-9D54-9BA22F03C1D8}.Debug|ARM.Build.0 = Debug|Any CPU
		{B5959B17-E013-4F1C-9D54-9BA22F03C1D8}.Debug|x64.ActiveCfg = Debug|Any CPU
		{B5959B17-E013-4F1C-9D54-9BA22F03C1D8}.Debug|x64.Build.0 = Debug|Any CPU
		{B5959B17-E013-4F1C-9D54-9BA22F03C1D8}.Debug|x86.ActiveCfg = Debug|Any CPU
		{B5959B17-E013-4F1C-9D54-9BA22F03C1D8}.Debug|x86.Build.0 = Debug|Any CPU
		{B5959B17-E013-4F1C-9D54-9BA22F03C1D8}.Release Mono|Any CPU.ActiveCfg = Release|Any CPU
		{B5959B17-E013-4F1C-9D54-9BA22F03C1D8}.Release Mono|Any CPU.Build.0 = Release|Any CPU
		{B5959B17-E013-4F1C-9D54-9BA22F03C1D8}.Release Mono|ARM.ActiveCfg = Release|Any CPU
		{B5959B17-E013-4F1C-9D54-9BA22F03C1D8}.Release Mono|ARM.Build.0 = Release|Any CPU
		{B5959B17-E013-4F1C-9D54-9BA22F03C1D8}.Release Mono|x64.ActiveCfg = Release|Any CPU
		{B5959B17-E013-4F1C-9D54-9BA22F03C1D8}.Release Mono|x64.Build.0 = Release|Any CPU
		{B5959B17-E013-4F1C-9D54-9BA22F03C1D8}.Release Mono|x86.ActiveCfg = Release|Any CPU
		{B5959B17-E013-4F1C-9D54-9BA22F03C1D8}.Release Mono|x86.Build.0 = Release|Any CPU
		{B5959B17-E013-4F1C-9D54-9BA22F03C1D8}.Release|Any CPU.ActiveCfg = Release|Any CPU
		{B5959B17-E013-4F1C-9D54-9BA22F03C1D8}.Release|Any CPU.Build.0 = Release|Any CPU
		{B5959B17-E013-4F1C-9D54-9BA22F03C1D8}.Release|ARM.ActiveCfg = Release|Any CPU
		{B5959B17-E013-4F1C-9D54-9BA22F03C1D8}.Release|ARM.Build.0 = Release|Any CPU
		{B5959B17-E013-4F1C-9D54-9BA22F03C1D8}.Release|x64.ActiveCfg = Release|Any CPU
		{B5959B17-E013-4F1C-9D54-9BA22F03C1D8}.Release|x64.Build.0 = Release|Any CPU
		{B5959B17-E013-4F1C-9D54-9BA22F03C1D8}.Release|x86.ActiveCfg = Release|Any CPU
		{B5959B17-E013-4F1C-9D54-9BA22F03C1D8}.Release|x86.Build.0 = Release|Any CPU
		{AD718898-C7B4-4B5D-AE8B-90AA5B423E91}.Debug Mono|Any CPU.ActiveCfg = Debug|Any CPU
		{AD718898-C7B4-4B5D-AE8B-90AA5B423E91}.Debug Mono|Any CPU.Build.0 = Debug|Any CPU
		{AD718898-C7B4-4B5D-AE8B-90AA5B423E91}.Debug Mono|ARM.ActiveCfg = Debug|Any CPU
		{AD718898-C7B4-4B5D-AE8B-90AA5B423E91}.Debug Mono|ARM.Build.0 = Debug|Any CPU
		{AD718898-C7B4-4B5D-AE8B-90AA5B423E91}.Debug Mono|x64.ActiveCfg = Debug|Any CPU
		{AD718898-C7B4-4B5D-AE8B-90AA5B423E91}.Debug Mono|x64.Build.0 = Debug|Any CPU
		{AD718898-C7B4-4B5D-AE8B-90AA5B423E91}.Debug Mono|x86.ActiveCfg = Debug|Any CPU
		{AD718898-C7B4-4B5D-AE8B-90AA5B423E91}.Debug Mono|x86.Build.0 = Debug|Any CPU
		{AD718898-C7B4-4B5D-AE8B-90AA5B423E91}.Debug|Any CPU.ActiveCfg = Debug|Any CPU
		{AD718898-C7B4-4B5D-AE8B-90AA5B423E91}.Debug|Any CPU.Build.0 = Debug|Any CPU
		{AD718898-C7B4-4B5D-AE8B-90AA5B423E91}.Debug|ARM.ActiveCfg = Debug|Any CPU
		{AD718898-C7B4-4B5D-AE8B-90AA5B423E91}.Debug|ARM.Build.0 = Debug|Any CPU
		{AD718898-C7B4-4B5D-AE8B-90AA5B423E91}.Debug|x64.ActiveCfg = Debug|Any CPU
		{AD718898-C7B4-4B5D-AE8B-90AA5B423E91}.Debug|x64.Build.0 = Debug|Any CPU
		{AD718898-C7B4-4B5D-AE8B-90AA5B423E91}.Debug|x86.ActiveCfg = Debug|Any CPU
		{AD718898-C7B4-4B5D-AE8B-90AA5B423E91}.Debug|x86.Build.0 = Debug|Any CPU
		{AD718898-C7B4-4B5D-AE8B-90AA5B423E91}.Release Mono|Any CPU.ActiveCfg = Release|Any CPU
		{AD718898-C7B4-4B5D-AE8B-90AA5B423E91}.Release Mono|Any CPU.Build.0 = Release|Any CPU
		{AD718898-C7B4-4B5D-AE8B-90AA5B423E91}.Release Mono|ARM.ActiveCfg = Release|Any CPU
		{AD718898-C7B4-4B5D-AE8B-90AA5B423E91}.Release Mono|ARM.Build.0 = Release|Any CPU
		{AD718898-C7B4-4B5D-AE8B-90AA5B423E91}.Release Mono|x64.ActiveCfg = Release|Any CPU
		{AD718898-C7B4-4B5D-AE8B-90AA5B423E91}.Release Mono|x64.Build.0 = Release|Any CPU
		{AD718898-C7B4-4B5D-AE8B-90AA5B423E91}.Release Mono|x86.ActiveCfg = Release|Any CPU
		{AD718898-C7B4-4B5D-AE8B-90AA5B423E91}.Release Mono|x86.Build.0 = Release|Any CPU
		{AD718898-C7B4-4B5D-AE8B-90AA5B423E91}.Release|Any CPU.ActiveCfg = Release|Any CPU
		{AD718898-C7B4-4B5D-AE8B-90AA5B423E91}.Release|Any CPU.Build.0 = Release|Any CPU
		{AD718898-C7B4-4B5D-AE8B-90AA5B423E91}.Release|ARM.ActiveCfg = Release|Any CPU
		{AD718898-C7B4-4B5D-AE8B-90AA5B423E91}.Release|ARM.Build.0 = Release|Any CPU
		{AD718898-C7B4-4B5D-AE8B-90AA5B423E91}.Release|x64.ActiveCfg = Release|Any CPU
		{AD718898-C7B4-4B5D-AE8B-90AA5B423E91}.Release|x64.Build.0 = Release|Any CPU
		{AD718898-C7B4-4B5D-AE8B-90AA5B423E91}.Release|x86.ActiveCfg = Release|Any CPU
		{AD718898-C7B4-4B5D-AE8B-90AA5B423E91}.Release|x86.Build.0 = Release|Any CPU
		{5B40BB85-3756-4FF1-86EB-A43FA0F56C2A}.Debug Mono|Any CPU.ActiveCfg = Debug|Any CPU
		{5B40BB85-3756-4FF1-86EB-A43FA0F56C2A}.Debug Mono|Any CPU.Build.0 = Debug|Any CPU
		{5B40BB85-3756-4FF1-86EB-A43FA0F56C2A}.Debug Mono|ARM.ActiveCfg = Debug|Any CPU
		{5B40BB85-3756-4FF1-86EB-A43FA0F56C2A}.Debug Mono|ARM.Build.0 = Debug|Any CPU
		{5B40BB85-3756-4FF1-86EB-A43FA0F56C2A}.Debug Mono|x64.ActiveCfg = Debug|Any CPU
		{5B40BB85-3756-4FF1-86EB-A43FA0F56C2A}.Debug Mono|x64.Build.0 = Debug|Any CPU
		{5B40BB85-3756-4FF1-86EB-A43FA0F56C2A}.Debug Mono|x86.ActiveCfg = Debug|Any CPU
		{5B40BB85-3756-4FF1-86EB-A43FA0F56C2A}.Debug Mono|x86.Build.0 = Debug|Any CPU
		{5B40BB85-3756-4FF1-86EB-A43FA0F56C2A}.Debug|Any CPU.ActiveCfg = Debug|Any CPU
		{5B40BB85-3756-4FF1-86EB-A43FA0F56C2A}.Debug|Any CPU.Build.0 = Debug|Any CPU
		{5B40BB85-3756-4FF1-86EB-A43FA0F56C2A}.Debug|ARM.ActiveCfg = Debug|Any CPU
		{5B40BB85-3756-4FF1-86EB-A43FA0F56C2A}.Debug|ARM.Build.0 = Debug|Any CPU
		{5B40BB85-3756-4FF1-86EB-A43FA0F56C2A}.Debug|x64.ActiveCfg = Debug|Any CPU
		{5B40BB85-3756-4FF1-86EB-A43FA0F56C2A}.Debug|x64.Build.0 = Debug|Any CPU
		{5B40BB85-3756-4FF1-86EB-A43FA0F56C2A}.Debug|x86.ActiveCfg = Debug|Any CPU
		{5B40BB85-3756-4FF1-86EB-A43FA0F56C2A}.Debug|x86.Build.0 = Debug|Any CPU
		{5B40BB85-3756-4FF1-86EB-A43FA0F56C2A}.Release Mono|Any CPU.ActiveCfg = Release|Any CPU
		{5B40BB85-3756-4FF1-86EB-A43FA0F56C2A}.Release Mono|Any CPU.Build.0 = Release|Any CPU
		{5B40BB85-3756-4FF1-86EB-A43FA0F56C2A}.Release Mono|ARM.ActiveCfg = Release|Any CPU
		{5B40BB85-3756-4FF1-86EB-A43FA0F56C2A}.Release Mono|ARM.Build.0 = Release|Any CPU
		{5B40BB85-3756-4FF1-86EB-A43FA0F56C2A}.Release Mono|x64.ActiveCfg = Release|Any CPU
		{5B40BB85-3756-4FF1-86EB-A43FA0F56C2A}.Release Mono|x64.Build.0 = Release|Any CPU
		{5B40BB85-3756-4FF1-86EB-A43FA0F56C2A}.Release Mono|x86.ActiveCfg = Release|Any CPU
		{5B40BB85-3756-4FF1-86EB-A43FA0F56C2A}.Release Mono|x86.Build.0 = Release|Any CPU
		{5B40BB85-3756-4FF1-86EB-A43FA0F56C2A}.Release|Any CPU.ActiveCfg = Release|Any CPU
		{5B40BB85-3756-4FF1-86EB-A43FA0F56C2A}.Release|Any CPU.Build.0 = Release|Any CPU
		{5B40BB85-3756-4FF1-86EB-A43FA0F56C2A}.Release|ARM.ActiveCfg = Release|Any CPU
		{5B40BB85-3756-4FF1-86EB-A43FA0F56C2A}.Release|ARM.Build.0 = Release|Any CPU
		{5B40BB85-3756-4FF1-86EB-A43FA0F56C2A}.Release|x64.ActiveCfg = Release|Any CPU
		{5B40BB85-3756-4FF1-86EB-A43FA0F56C2A}.Release|x64.Build.0 = Release|Any CPU
		{5B40BB85-3756-4FF1-86EB-A43FA0F56C2A}.Release|x86.ActiveCfg = Release|Any CPU
		{5B40BB85-3756-4FF1-86EB-A43FA0F56C2A}.Release|x86.Build.0 = Release|Any CPU
		{9BE247E3-7BC0-4E6A-B896-DD70BEE19FCD}.Debug Mono|Any CPU.ActiveCfg = Debug|Any CPU
		{9BE247E3-7BC0-4E6A-B896-DD70BEE19FCD}.Debug Mono|Any CPU.Build.0 = Debug|Any CPU
		{9BE247E3-7BC0-4E6A-B896-DD70BEE19FCD}.Debug Mono|ARM.ActiveCfg = Debug|Any CPU
		{9BE247E3-7BC0-4E6A-B896-DD70BEE19FCD}.Debug Mono|ARM.Build.0 = Debug|Any CPU
		{9BE247E3-7BC0-4E6A-B896-DD70BEE19FCD}.Debug Mono|x64.ActiveCfg = Debug|Any CPU
		{9BE247E3-7BC0-4E6A-B896-DD70BEE19FCD}.Debug Mono|x64.Build.0 = Debug|Any CPU
		{9BE247E3-7BC0-4E6A-B896-DD70BEE19FCD}.Debug Mono|x86.ActiveCfg = Debug|Any CPU
		{9BE247E3-7BC0-4E6A-B896-DD70BEE19FCD}.Debug Mono|x86.Build.0 = Debug|Any CPU
		{9BE247E3-7BC0-4E6A-B896-DD70BEE19FCD}.Debug|Any CPU.ActiveCfg = Debug|Any CPU
		{9BE247E3-7BC0-4E6A-B896-DD70BEE19FCD}.Debug|Any CPU.Build.0 = Debug|Any CPU
		{9BE247E3-7BC0-4E6A-B896-DD70BEE19FCD}.Debug|ARM.ActiveCfg = Debug|Any CPU
		{9BE247E3-7BC0-4E6A-B896-DD70BEE19FCD}.Debug|ARM.Build.0 = Debug|Any CPU
		{9BE247E3-7BC0-4E6A-B896-DD70BEE19FCD}.Debug|x64.ActiveCfg = Debug|Any CPU
		{9BE247E3-7BC0-4E6A-B896-DD70BEE19FCD}.Debug|x64.Build.0 = Debug|Any CPU
		{9BE247E3-7BC0-4E6A-B896-DD70BEE19FCD}.Debug|x86.ActiveCfg = Debug|Any CPU
		{9BE247E3-7BC0-4E6A-B896-DD70BEE19FCD}.Debug|x86.Build.0 = Debug|Any CPU
		{9BE247E3-7BC0-4E6A-B896-DD70BEE19FCD}.Release Mono|Any CPU.ActiveCfg = Release|Any CPU
		{9BE247E3-7BC0-4E6A-B896-DD70BEE19FCD}.Release Mono|Any CPU.Build.0 = Release|Any CPU
		{9BE247E3-7BC0-4E6A-B896-DD70BEE19FCD}.Release Mono|ARM.ActiveCfg = Release|Any CPU
		{9BE247E3-7BC0-4E6A-B896-DD70BEE19FCD}.Release Mono|ARM.Build.0 = Release|Any CPU
		{9BE247E3-7BC0-4E6A-B896-DD70BEE19FCD}.Release Mono|x64.ActiveCfg = Release|Any CPU
		{9BE247E3-7BC0-4E6A-B896-DD70BEE19FCD}.Release Mono|x64.Build.0 = Release|Any CPU
		{9BE247E3-7BC0-4E6A-B896-DD70BEE19FCD}.Release Mono|x86.ActiveCfg = Release|Any CPU
		{9BE247E3-7BC0-4E6A-B896-DD70BEE19FCD}.Release Mono|x86.Build.0 = Release|Any CPU
		{9BE247E3-7BC0-4E6A-B896-DD70BEE19FCD}.Release|Any CPU.ActiveCfg = Release|Any CPU
		{9BE247E3-7BC0-4E6A-B896-DD70BEE19FCD}.Release|Any CPU.Build.0 = Release|Any CPU
		{9BE247E3-7BC0-4E6A-B896-DD70BEE19FCD}.Release|ARM.ActiveCfg = Release|Any CPU
		{9BE247E3-7BC0-4E6A-B896-DD70BEE19FCD}.Release|ARM.Build.0 = Release|Any CPU
		{9BE247E3-7BC0-4E6A-B896-DD70BEE19FCD}.Release|x64.ActiveCfg = Release|Any CPU
		{9BE247E3-7BC0-4E6A-B896-DD70BEE19FCD}.Release|x64.Build.0 = Release|Any CPU
		{9BE247E3-7BC0-4E6A-B896-DD70BEE19FCD}.Release|x86.ActiveCfg = Release|Any CPU
		{9BE247E3-7BC0-4E6A-B896-DD70BEE19FCD}.Release|x86.Build.0 = Release|Any CPU
		{CBBA227B-5408-4A80-A97D-06D52BA2E608}.Debug Mono|Any CPU.ActiveCfg = Debug|Any CPU
		{CBBA227B-5408-4A80-A97D-06D52BA2E608}.Debug Mono|Any CPU.Build.0 = Debug|Any CPU
		{CBBA227B-5408-4A80-A97D-06D52BA2E608}.Debug Mono|ARM.ActiveCfg = Debug|Any CPU
		{CBBA227B-5408-4A80-A97D-06D52BA2E608}.Debug Mono|ARM.Build.0 = Debug|Any CPU
		{CBBA227B-5408-4A80-A97D-06D52BA2E608}.Debug Mono|x64.ActiveCfg = Debug|Any CPU
		{CBBA227B-5408-4A80-A97D-06D52BA2E608}.Debug Mono|x64.Build.0 = Debug|Any CPU
		{CBBA227B-5408-4A80-A97D-06D52BA2E608}.Debug Mono|x86.ActiveCfg = Debug|Any CPU
		{CBBA227B-5408-4A80-A97D-06D52BA2E608}.Debug Mono|x86.Build.0 = Debug|Any CPU
		{CBBA227B-5408-4A80-A97D-06D52BA2E608}.Debug|Any CPU.ActiveCfg = Debug|Any CPU
		{CBBA227B-5408-4A80-A97D-06D52BA2E608}.Debug|Any CPU.Build.0 = Debug|Any CPU
		{CBBA227B-5408-4A80-A97D-06D52BA2E608}.Debug|ARM.ActiveCfg = Debug|Any CPU
		{CBBA227B-5408-4A80-A97D-06D52BA2E608}.Debug|ARM.Build.0 = Debug|Any CPU
		{CBBA227B-5408-4A80-A97D-06D52BA2E608}.Debug|x64.ActiveCfg = Debug|Any CPU
		{CBBA227B-5408-4A80-A97D-06D52BA2E608}.Debug|x64.Build.0 = Debug|Any CPU
		{CBBA227B-5408-4A80-A97D-06D52BA2E608}.Debug|x86.ActiveCfg = Debug|Any CPU
		{CBBA227B-5408-4A80-A97D-06D52BA2E608}.Debug|x86.Build.0 = Debug|Any CPU
		{CBBA227B-5408-4A80-A97D-06D52BA2E608}.Release Mono|Any CPU.ActiveCfg = Release|Any CPU
		{CBBA227B-5408-4A80-A97D-06D52BA2E608}.Release Mono|Any CPU.Build.0 = Release|Any CPU
		{CBBA227B-5408-4A80-A97D-06D52BA2E608}.Release Mono|ARM.ActiveCfg = Release|Any CPU
		{CBBA227B-5408-4A80-A97D-06D52BA2E608}.Release Mono|ARM.Build.0 = Release|Any CPU
		{CBBA227B-5408-4A80-A97D-06D52BA2E608}.Release Mono|x64.ActiveCfg = Release|Any CPU
		{CBBA227B-5408-4A80-A97D-06D52BA2E608}.Release Mono|x64.Build.0 = Release|Any CPU
		{CBBA227B-5408-4A80-A97D-06D52BA2E608}.Release Mono|x86.ActiveCfg = Release|Any CPU
		{CBBA227B-5408-4A80-A97D-06D52BA2E608}.Release Mono|x86.Build.0 = Release|Any CPU
		{CBBA227B-5408-4A80-A97D-06D52BA2E608}.Release|Any CPU.ActiveCfg = Release|Any CPU
		{CBBA227B-5408-4A80-A97D-06D52BA2E608}.Release|Any CPU.Build.0 = Release|Any CPU
		{CBBA227B-5408-4A80-A97D-06D52BA2E608}.Release|ARM.ActiveCfg = Release|Any CPU
		{CBBA227B-5408-4A80-A97D-06D52BA2E608}.Release|ARM.Build.0 = Release|Any CPU
		{CBBA227B-5408-4A80-A97D-06D52BA2E608}.Release|x64.ActiveCfg = Release|Any CPU
		{CBBA227B-5408-4A80-A97D-06D52BA2E608}.Release|x64.Build.0 = Release|Any CPU
		{CBBA227B-5408-4A80-A97D-06D52BA2E608}.Release|x86.ActiveCfg = Release|Any CPU
		{CBBA227B-5408-4A80-A97D-06D52BA2E608}.Release|x86.Build.0 = Release|Any CPU
		{8D0C11B7-3827-493F-9A5B-EE7C30BF2A31}.Debug Mono|Any CPU.ActiveCfg = Debug|Any CPU
		{8D0C11B7-3827-493F-9A5B-EE7C30BF2A31}.Debug Mono|Any CPU.Build.0 = Debug|Any CPU
		{8D0C11B7-3827-493F-9A5B-EE7C30BF2A31}.Debug Mono|ARM.ActiveCfg = Debug|Any CPU
		{8D0C11B7-3827-493F-9A5B-EE7C30BF2A31}.Debug Mono|ARM.Build.0 = Debug|Any CPU
		{8D0C11B7-3827-493F-9A5B-EE7C30BF2A31}.Debug Mono|x64.ActiveCfg = Debug|Any CPU
		{8D0C11B7-3827-493F-9A5B-EE7C30BF2A31}.Debug Mono|x64.Build.0 = Debug|Any CPU
		{8D0C11B7-3827-493F-9A5B-EE7C30BF2A31}.Debug Mono|x86.ActiveCfg = Debug|Any CPU
		{8D0C11B7-3827-493F-9A5B-EE7C30BF2A31}.Debug Mono|x86.Build.0 = Debug|Any CPU
		{8D0C11B7-3827-493F-9A5B-EE7C30BF2A31}.Debug|Any CPU.ActiveCfg = Debug|Any CPU
		{8D0C11B7-3827-493F-9A5B-EE7C30BF2A31}.Debug|Any CPU.Build.0 = Debug|Any CPU
		{8D0C11B7-3827-493F-9A5B-EE7C30BF2A31}.Debug|ARM.ActiveCfg = Debug|Any CPU
		{8D0C11B7-3827-493F-9A5B-EE7C30BF2A31}.Debug|ARM.Build.0 = Debug|Any CPU
		{8D0C11B7-3827-493F-9A5B-EE7C30BF2A31}.Debug|x64.ActiveCfg = Debug|Any CPU
		{8D0C11B7-3827-493F-9A5B-EE7C30BF2A31}.Debug|x64.Build.0 = Debug|Any CPU
		{8D0C11B7-3827-493F-9A5B-EE7C30BF2A31}.Debug|x86.ActiveCfg = Debug|Any CPU
		{8D0C11B7-3827-493F-9A5B-EE7C30BF2A31}.Debug|x86.Build.0 = Debug|Any CPU
		{8D0C11B7-3827-493F-9A5B-EE7C30BF2A31}.Release Mono|Any CPU.ActiveCfg = Release|Any CPU
		{8D0C11B7-3827-493F-9A5B-EE7C30BF2A31}.Release Mono|Any CPU.Build.0 = Release|Any CPU
		{8D0C11B7-3827-493F-9A5B-EE7C30BF2A31}.Release Mono|ARM.ActiveCfg = Release|Any CPU
		{8D0C11B7-3827-493F-9A5B-EE7C30BF2A31}.Release Mono|ARM.Build.0 = Release|Any CPU
		{8D0C11B7-3827-493F-9A5B-EE7C30BF2A31}.Release Mono|x64.ActiveCfg = Release|Any CPU
		{8D0C11B7-3827-493F-9A5B-EE7C30BF2A31}.Release Mono|x64.Build.0 = Release|Any CPU
		{8D0C11B7-3827-493F-9A5B-EE7C30BF2A31}.Release Mono|x86.ActiveCfg = Release|Any CPU
		{8D0C11B7-3827-493F-9A5B-EE7C30BF2A31}.Release Mono|x86.Build.0 = Release|Any CPU
		{8D0C11B7-3827-493F-9A5B-EE7C30BF2A31}.Release|Any CPU.ActiveCfg = Release|Any CPU
		{8D0C11B7-3827-493F-9A5B-EE7C30BF2A31}.Release|Any CPU.Build.0 = Release|Any CPU
		{8D0C11B7-3827-493F-9A5B-EE7C30BF2A31}.Release|ARM.ActiveCfg = Release|Any CPU
		{8D0C11B7-3827-493F-9A5B-EE7C30BF2A31}.Release|ARM.Build.0 = Release|Any CPU
		{8D0C11B7-3827-493F-9A5B-EE7C30BF2A31}.Release|x64.ActiveCfg = Release|Any CPU
		{8D0C11B7-3827-493F-9A5B-EE7C30BF2A31}.Release|x64.Build.0 = Release|Any CPU
		{8D0C11B7-3827-493F-9A5B-EE7C30BF2A31}.Release|x86.ActiveCfg = Release|Any CPU
		{8D0C11B7-3827-493F-9A5B-EE7C30BF2A31}.Release|x86.Build.0 = Release|Any CPU
	EndGlobalSection
	GlobalSection(SolutionProperties) = preSolution
		HideSolutionNode = FALSE
	EndGlobalSection
	GlobalSection(NestedProjects) = preSolution
		{28132017-A9F1-4CBF-BA63-D15892343B9C} = {9983ED9C-23F0-4DC0-9595-5BEDF7093DCB}
		{2F1B8929-D474-442D-B4D7-198E0DCED845} = {9983ED9C-23F0-4DC0-9595-5BEDF7093DCB}
		{50848860-3835-4DF9-8293-8AE0B01E8FC1} = {9983ED9C-23F0-4DC0-9595-5BEDF7093DCB}
		{66435E1F-F35B-4933-8549-226AFC128BE5} = {9983ED9C-23F0-4DC0-9595-5BEDF7093DCB}
		{4FCBACB6-2A74-4494-861F-4A87BBBA6FE5} = {9983ED9C-23F0-4DC0-9595-5BEDF7093DCB}
		{6D89E14B-4F2F-42CF-90C4-3D03992A737E} = {9983ED9C-23F0-4DC0-9595-5BEDF7093DCB}
		{482E5DED-44A6-420D-99E0-A0F914FF1561} = {83ACC505-D131-4B6C-8FFD-3064471DA4C4}
		{B3F7A926-C62B-40DE-BF4D-094BCADC5AE6} = {66839275-0891-4CD3-B898-65C522EB8D75}
		{B5959B17-E013-4F1C-9D54-9BA22F03C1D8} = {66839275-0891-4CD3-B898-65C522EB8D75}
		{AD718898-C7B4-4B5D-AE8B-90AA5B423E91} = {83ACC505-D131-4B6C-8FFD-3064471DA4C4}
		{5B40BB85-3756-4FF1-86EB-A43FA0F56C2A} = {83ACC505-D131-4B6C-8FFD-3064471DA4C4}
		{9BE247E3-7BC0-4E6A-B896-DD70BEE19FCD} = {83ACC505-D131-4B6C-8FFD-3064471DA4C4}
		{8D0C11B7-3827-493F-9A5B-EE7C30BF2A31} = {9983ED9C-23F0-4DC0-9595-5BEDF7093DCB}
	EndGlobalSection
	GlobalSection(ExtensibilityGlobals) = postSolution
		SolutionGuid = {7BFB3429-B5BB-4DB1-95B4-67D77A864952}
	EndGlobalSection
EndGlobal
